// !$*UTF8*$!
{
	archiveVersion = 1;
	classes = {
	};
	objectVersion = 46;
	objects = {

/* Begin PBXBuildFile section */
		9244EC75196DAF55004E8434 /* DSLCalendarDayCalloutView.m in Sources */ = {isa = PBXBuildFile; fileRef = 9244EC57196DAF55004E8434 /* DSLCalendarDayCalloutView.m */; };
		9244EC76196DAF55004E8434 /* DSLCalendarDayCalloutView.m in Sources */ = {isa = PBXBuildFile; fileRef = 9244EC57196DAF55004E8434 /* DSLCalendarDayCalloutView.m */; };
		9244EC77196DAF55004E8434 /* DSLCalendarDayCalloutView.xib in Resources */ = {isa = PBXBuildFile; fileRef = 9244EC58196DAF55004E8434 /* DSLCalendarDayCalloutView.xib */; };
		9244EC78196DAF55004E8434 /* DSLCalendarDayCalloutView.xib in Resources */ = {isa = PBXBuildFile; fileRef = 9244EC58196DAF55004E8434 /* DSLCalendarDayCalloutView.xib */; };
		9244EC79196DAF55004E8434 /* DSLCalendarDayView.m in Sources */ = {isa = PBXBuildFile; fileRef = 9244EC5A196DAF55004E8434 /* DSLCalendarDayView.m */; };
		9244EC7A196DAF55004E8434 /* DSLCalendarDayView.m in Sources */ = {isa = PBXBuildFile; fileRef = 9244EC5A196DAF55004E8434 /* DSLCalendarDayView.m */; };
		9244EC7B196DAF55004E8434 /* DSLCalendarMonthSelectorView.m in Sources */ = {isa = PBXBuildFile; fileRef = 9244EC5C196DAF55004E8434 /* DSLCalendarMonthSelectorView.m */; };
		9244EC7C196DAF55004E8434 /* DSLCalendarMonthSelectorView.m in Sources */ = {isa = PBXBuildFile; fileRef = 9244EC5C196DAF55004E8434 /* DSLCalendarMonthSelectorView.m */; };
		9244EC7D196DAF55004E8434 /* DSLCalendarMonthSelectorView.xib in Resources */ = {isa = PBXBuildFile; fileRef = 9244EC5D196DAF55004E8434 /* DSLCalendarMonthSelectorView.xib */; };
		9244EC7E196DAF55004E8434 /* DSLCalendarMonthSelectorView.xib in Resources */ = {isa = PBXBuildFile; fileRef = 9244EC5D196DAF55004E8434 /* DSLCalendarMonthSelectorView.xib */; };
		9244EC7F196DAF55004E8434 /* DSLCalendarMonthView.m in Sources */ = {isa = PBXBuildFile; fileRef = 9244EC5F196DAF55004E8434 /* DSLCalendarMonthView.m */; };
		9244EC80196DAF55004E8434 /* DSLCalendarMonthView.m in Sources */ = {isa = PBXBuildFile; fileRef = 9244EC5F196DAF55004E8434 /* DSLCalendarMonthView.m */; };
		9244EC81196DAF55004E8434 /* DSLCalendarRange.m in Sources */ = {isa = PBXBuildFile; fileRef = 9244EC61196DAF55004E8434 /* DSLCalendarRange.m */; };
		9244EC82196DAF55004E8434 /* DSLCalendarRange.m in Sources */ = {isa = PBXBuildFile; fileRef = 9244EC61196DAF55004E8434 /* DSLCalendarRange.m */; };
		9244EC83196DAF55004E8434 /* DSLCalendarView.m in Sources */ = {isa = PBXBuildFile; fileRef = 9244EC63196DAF55004E8434 /* DSLCalendarView.m */; };
		9244EC84196DAF55004E8434 /* DSLCalendarView.m in Sources */ = {isa = PBXBuildFile; fileRef = 9244EC63196DAF55004E8434 /* DSLCalendarView.m */; };
		9244EC85196DAF55004E8434 /* DSLCalendar-nextMonth.png in Resources */ = {isa = PBXBuildFile; fileRef = 9244EC65196DAF55004E8434 /* DSLCalendar-nextMonth.png */; };
		9244EC86196DAF55004E8434 /* DSLCalendar-nextMonth.png in Resources */ = {isa = PBXBuildFile; fileRef = 9244EC65196DAF55004E8434 /* DSLCalendar-nextMonth.png */; };
		9244EC87196DAF55004E8434 /* DSLCalendar-nextMonth@2x.png in Resources */ = {isa = PBXBuildFile; fileRef = 9244EC66196DAF55004E8434 /* DSLCalendar-nextMonth@2x.png */; };
		9244EC88196DAF55004E8434 /* DSLCalendar-nextMonth@2x.png in Resources */ = {isa = PBXBuildFile; fileRef = 9244EC66196DAF55004E8434 /* DSLCalendar-nextMonth@2x.png */; };
		9244EC89196DAF55004E8434 /* DSLCalendar-previousMonth.png in Resources */ = {isa = PBXBuildFile; fileRef = 9244EC67196DAF55004E8434 /* DSLCalendar-previousMonth.png */; };
		9244EC8A196DAF55004E8434 /* DSLCalendar-previousMonth.png in Resources */ = {isa = PBXBuildFile; fileRef = 9244EC67196DAF55004E8434 /* DSLCalendar-previousMonth.png */; };
		9244EC8B196DAF55004E8434 /* DSLCalendar-previousMonth@2x.png in Resources */ = {isa = PBXBuildFile; fileRef = 9244EC68196DAF55004E8434 /* DSLCalendar-previousMonth@2x.png */; };
		9244EC8C196DAF55004E8434 /* DSLCalendar-previousMonth@2x.png in Resources */ = {isa = PBXBuildFile; fileRef = 9244EC68196DAF55004E8434 /* DSLCalendar-previousMonth@2x.png */; };
		9244EC8D196DAF55004E8434 /* DSLCalendarDayCallout.png in Resources */ = {isa = PBXBuildFile; fileRef = 9244EC69196DAF55004E8434 /* DSLCalendarDayCallout.png */; };
		9244EC8E196DAF55004E8434 /* DSLCalendarDayCallout.png in Resources */ = {isa = PBXBuildFile; fileRef = 9244EC69196DAF55004E8434 /* DSLCalendarDayCallout.png */; };
		9244EC8F196DAF55004E8434 /* DSLCalendarDayCallout@2x.png in Resources */ = {isa = PBXBuildFile; fileRef = 9244EC6A196DAF55004E8434 /* DSLCalendarDayCallout@2x.png */; };
		9244EC90196DAF55004E8434 /* DSLCalendarDayCallout@2x.png in Resources */ = {isa = PBXBuildFile; fileRef = 9244EC6A196DAF55004E8434 /* DSLCalendarDayCallout@2x.png */; };
		9244EC91196DAF55004E8434 /* DSLCalendarDaySelection-left.png in Resources */ = {isa = PBXBuildFile; fileRef = 9244EC6B196DAF55004E8434 /* DSLCalendarDaySelection-left.png */; };
		9244EC92196DAF55004E8434 /* DSLCalendarDaySelection-left.png in Resources */ = {isa = PBXBuildFile; fileRef = 9244EC6B196DAF55004E8434 /* DSLCalendarDaySelection-left.png */; };
		9244EC93196DAF55004E8434 /* DSLCalendarDaySelection-left@2x.png in Resources */ = {isa = PBXBuildFile; fileRef = 9244EC6C196DAF55004E8434 /* DSLCalendarDaySelection-left@2x.png */; };
		9244EC94196DAF55004E8434 /* DSLCalendarDaySelection-left@2x.png in Resources */ = {isa = PBXBuildFile; fileRef = 9244EC6C196DAF55004E8434 /* DSLCalendarDaySelection-left@2x.png */; };
		9244EC95196DAF55004E8434 /* DSLCalendarDaySelection-middle.png in Resources */ = {isa = PBXBuildFile; fileRef = 9244EC6D196DAF55004E8434 /* DSLCalendarDaySelection-middle.png */; };
		9244EC96196DAF55004E8434 /* DSLCalendarDaySelection-middle.png in Resources */ = {isa = PBXBuildFile; fileRef = 9244EC6D196DAF55004E8434 /* DSLCalendarDaySelection-middle.png */; };
		9244EC97196DAF55004E8434 /* DSLCalendarDaySelection-middle@2x.png in Resources */ = {isa = PBXBuildFile; fileRef = 9244EC6E196DAF55004E8434 /* DSLCalendarDaySelection-middle@2x.png */; };
		9244EC98196DAF55004E8434 /* DSLCalendarDaySelection-middle@2x.png in Resources */ = {isa = PBXBuildFile; fileRef = 9244EC6E196DAF55004E8434 /* DSLCalendarDaySelection-middle@2x.png */; };
		9244EC99196DAF55004E8434 /* DSLCalendarDaySelection-right.png in Resources */ = {isa = PBXBuildFile; fileRef = 9244EC6F196DAF55004E8434 /* DSLCalendarDaySelection-right.png */; };
		9244EC9A196DAF55004E8434 /* DSLCalendarDaySelection-right.png in Resources */ = {isa = PBXBuildFile; fileRef = 9244EC6F196DAF55004E8434 /* DSLCalendarDaySelection-right.png */; };
		9244EC9B196DAF55004E8434 /* DSLCalendarDaySelection-right@2x.png in Resources */ = {isa = PBXBuildFile; fileRef = 9244EC70196DAF55004E8434 /* DSLCalendarDaySelection-right@2x.png */; };
		9244EC9C196DAF55004E8434 /* DSLCalendarDaySelection-right@2x.png in Resources */ = {isa = PBXBuildFile; fileRef = 9244EC70196DAF55004E8434 /* DSLCalendarDaySelection-right@2x.png */; };
		9244EC9D196DAF55004E8434 /* DSLCalendarDaySelection.png in Resources */ = {isa = PBXBuildFile; fileRef = 9244EC71196DAF55004E8434 /* DSLCalendarDaySelection.png */; };
		9244EC9E196DAF55004E8434 /* DSLCalendarDaySelection.png in Resources */ = {isa = PBXBuildFile; fileRef = 9244EC71196DAF55004E8434 /* DSLCalendarDaySelection.png */; };
		9244EC9F196DAF55004E8434 /* DSLCalendarDaySelection@2x.png in Resources */ = {isa = PBXBuildFile; fileRef = 9244EC72196DAF55004E8434 /* DSLCalendarDaySelection@2x.png */; };
		9244ECA0196DAF55004E8434 /* DSLCalendarDaySelection@2x.png in Resources */ = {isa = PBXBuildFile; fileRef = 9244EC72196DAF55004E8434 /* DSLCalendarDaySelection@2x.png */; };
		9244ECA1196DAF55004E8434 /* NSDate+DSLCalendarView.m in Sources */ = {isa = PBXBuildFile; fileRef = 9244EC74196DAF55004E8434 /* NSDate+DSLCalendarView.m */; };
		9244ECA2196DAF55004E8434 /* NSDate+DSLCalendarView.m in Sources */ = {isa = PBXBuildFile; fileRef = 9244EC74196DAF55004E8434 /* NSDate+DSLCalendarView.m */; };
		9244ECA8196DAFA2004E8434 /* LICENSE.markdown in Resources */ = {isa = PBXBuildFile; fileRef = 9244ECA6196DAFA2004E8434 /* LICENSE.markdown */; };
		928721091944658500C70168 /* AMPieChartView.m in Sources */ = {isa = PBXBuildFile; fileRef = 928721081944658500C70168 /* AMPieChartView.m */; };
		9287210A1944658500C70168 /* AMPieChartView.m in Sources */ = {isa = PBXBuildFile; fileRef = 928721081944658500C70168 /* AMPieChartView.m */; };
		9287210D194466A200C70168 /* AgendaFilterViewController.m in Sources */ = {isa = PBXBuildFile; fileRef = 9287210C194466A200C70168 /* AgendaFilterViewController.m */; };
		9287210E194466A200C70168 /* AgendaFilterViewController.m in Sources */ = {isa = PBXBuildFile; fileRef = 9287210C194466A200C70168 /* AgendaFilterViewController.m */; };
		929F47321955CB2B003CC61B /* CloudDateConverter.m in Sources */ = {isa = PBXBuildFile; fileRef = 929F47311955CB2B003CC61B /* CloudDateConverter.m */; };
		929F47331955CB2B003CC61B /* CloudDateConverter.m in Sources */ = {isa = PBXBuildFile; fileRef = 929F47311955CB2B003CC61B /* CloudDateConverter.m */; };
		92C2120D19471D510059B6B4 /* AgendaStudentTableViewCell.m in Sources */ = {isa = PBXBuildFile; fileRef = 92C2120C19471D510059B6B4 /* AgendaStudentTableViewCell.m */; };
		92C2120E19471D510059B6B4 /* AgendaStudentTableViewCell.m in Sources */ = {isa = PBXBuildFile; fileRef = 92C2120C19471D510059B6B4 /* AgendaStudentTableViewCell.m */; };
		92C21211194731CC0059B6B4 /* AgendaAssignment.m in Sources */ = {isa = PBXBuildFile; fileRef = 92C21210194731CC0059B6B4 /* AgendaAssignment.m */; };
		92C21212194731CC0059B6B4 /* AgendaAssignment.m in Sources */ = {isa = PBXBuildFile; fileRef = 92C21210194731CC0059B6B4 /* AgendaAssignment.m */; };
		92DB6AF3199D13DE00945122 /* AgendaStudentVC.strings in Resources */ = {isa = PBXBuildFile; fileRef = 92DB6AF6199D13DE00945122 /* AgendaStudentVC.strings */; };
		92DB6AF4199D13DE00945122 /* AgendaStudentVC.strings in Resources */ = {isa = PBXBuildFile; fileRef = 92DB6AF6199D13DE00945122 /* AgendaStudentVC.strings */; };
		92DD1E0118FC4F2F000386EE /* UIColor+CloudColor.m in Sources */ = {isa = PBXBuildFile; fileRef = 92DD1DFF18FC4F2F000386EE /* UIColor+CloudColor.m */; };
		92E2A08A1946CE1500679A24 /* AgendaStudentTaskViewController.m in Sources */ = {isa = PBXBuildFile; fileRef = 92E2A0891946CE1500679A24 /* AgendaStudentTaskViewController.m */; };
		92E2A08B1946CE1500679A24 /* AgendaStudentTaskViewController.m in Sources */ = {isa = PBXBuildFile; fileRef = 92E2A0891946CE1500679A24 /* AgendaStudentTaskViewController.m */; };
		CE5DACE308E34EB6B7960896 /* libPods-Cloudiversity.a in Frameworks */ = {isa = PBXBuildFile; fileRef = 30F8BBF926834BFC8E391F42 /* libPods-Cloudiversity.a */; };
		DF8DEFCA714840E8879CAA58 /* libPods-CloudiversityTests.a in Frameworks */ = {isa = PBXBuildFile; fileRef = 0AB0D82D06D04141B568CACB /* libPods-CloudiversityTests.a */; };
		E478BB4D18A0E8290068DEB1 /* Foundation.framework in Frameworks */ = {isa = PBXBuildFile; fileRef = E478BB4C18A0E8290068DEB1 /* Foundation.framework */; };
		E478BB4F18A0E8290068DEB1 /* CoreGraphics.framework in Frameworks */ = {isa = PBXBuildFile; fileRef = E478BB4E18A0E8290068DEB1 /* CoreGraphics.framework */; };
		E478BB5118A0E8290068DEB1 /* UIKit.framework in Frameworks */ = {isa = PBXBuildFile; fileRef = E478BB5018A0E8290068DEB1 /* UIKit.framework */; };
		E478BB5918A0E8290068DEB1 /* main.m in Sources */ = {isa = PBXBuildFile; fileRef = E478BB5818A0E8290068DEB1 /* main.m */; };
		E478BB5D18A0E8290068DEB1 /* CloudiversityAppDelegate.m in Sources */ = {isa = PBXBuildFile; fileRef = E478BB5C18A0E8290068DEB1 /* CloudiversityAppDelegate.m */; };
		E478BB6518A0E8290068DEB1 /* Images.xcassets in Resources */ = {isa = PBXBuildFile; fileRef = E478BB6418A0E8290068DEB1 /* Images.xcassets */; };
		E478BB6C18A0E8290068DEB1 /* XCTest.framework in Frameworks */ = {isa = PBXBuildFile; fileRef = E478BB6B18A0E8290068DEB1 /* XCTest.framework */; };
		E478BB6D18A0E8290068DEB1 /* Foundation.framework in Frameworks */ = {isa = PBXBuildFile; fileRef = E478BB4C18A0E8290068DEB1 /* Foundation.framework */; };
		E478BB6E18A0E8290068DEB1 /* UIKit.framework in Frameworks */ = {isa = PBXBuildFile; fileRef = E478BB5018A0E8290068DEB1 /* UIKit.framework */; };
		E478BB7818A0E8290068DEB1 /* CloudiversityTests.m in Sources */ = {isa = PBXBuildFile; fileRef = E478BB7718A0E8290068DEB1 /* CloudiversityTests.m */; };
		FD0F98751923ED72002DF049 /* Main.storyboard in Resources */ = {isa = PBXBuildFile; fileRef = FD0F98741923ED72002DF049 /* Main.storyboard */; };
		FD19FB2219059006000B4688 /* UIColor+Cloud.m in Sources */ = {isa = PBXBuildFile; fileRef = FD19FB2119059006000B4688 /* UIColor+Cloud.m */; };
		FD24147F1973C1890069618E /* AgendaTeacherViewController.m in Sources */ = {isa = PBXBuildFile; fileRef = FD24147E1973C1890069618E /* AgendaTeacherViewController.m */; };
		FD241486197412210069618E /* AbstractTableViewController.m in Sources */ = {isa = PBXBuildFile; fileRef = FD241485197412210069618E /* AbstractTableViewController.m */; };
		FD24148919741B8B0069618E /* AgendaTeacherTableViewCell.m in Sources */ = {isa = PBXBuildFile; fileRef = FD24148819741B8B0069618E /* AgendaTeacherTableViewCell.m */; };
		FD29512B197C01A800833473 /* AgendaTeacherClassTableViewCell.m in Sources */ = {isa = PBXBuildFile; fileRef = FD29512A197C01A800833473 /* AgendaTeacherClassTableViewCell.m */; };
		FD29512E197C051400833473 /* plus@2x.png in Resources */ = {isa = PBXBuildFile; fileRef = FD29512C197C051400833473 /* plus@2x.png */; };
		FD29512F197C051400833473 /* plus.png in Resources */ = {isa = PBXBuildFile; fileRef = FD29512D197C051400833473 /* plus.png */; };
		FD35BC391955F27200091678 /* filter.png in Resources */ = {isa = PBXBuildFile; fileRef = FD35BC371955F27200091678 /* filter.png */; };
		FD35BC3A1955F27200091678 /* filter@2x.png in Resources */ = {isa = PBXBuildFile; fileRef = FD35BC381955F27200091678 /* filter@2x.png */; };
		FD3FA7CC18FC2F0A0072B731 /* Logo_29x29.png in Resources */ = {isa = PBXBuildFile; fileRef = FD3FA7C818FC2F0A0072B731 /* Logo_29x29.png */; };
		FD3FA7CD18FC2F0A0072B731 /* Logo_40x40.png in Resources */ = {isa = PBXBuildFile; fileRef = FD3FA7C918FC2F0A0072B731 /* Logo_40x40.png */; };
		FD3FA7CE18FC2F0A0072B731 /* Logo_60x60.png in Resources */ = {isa = PBXBuildFile; fileRef = FD3FA7CA18FC2F0A0072B731 /* Logo_60x60.png */; };
		FD3FA7CF18FC2F0A0072B731 /* Logo_500x500.png in Resources */ = {isa = PBXBuildFile; fileRef = FD3FA7CB18FC2F0A0072B731 /* Logo_500x500.png */; };
		FD3FA7D418FC3A160072B731 /* Icon_29x29.png in Resources */ = {isa = PBXBuildFile; fileRef = FD3FA7D018FC3A160072B731 /* Icon_29x29.png */; };
		FD3FA7D518FC3A160072B731 /* Icon_40x40.png in Resources */ = {isa = PBXBuildFile; fileRef = FD3FA7D118FC3A160072B731 /* Icon_40x40.png */; };
		FD3FA7D618FC3A160072B731 /* Icon_60x60.png in Resources */ = {isa = PBXBuildFile; fileRef = FD3FA7D218FC3A160072B731 /* Icon_60x60.png */; };
		FD3FA7D718FC3A160072B731 /* Icon_500x500.png in Resources */ = {isa = PBXBuildFile; fileRef = FD3FA7D318FC3A160072B731 /* Icon_500x500.png */; };
		FD49BC6D1927C92500AAA3A6 /* SWRevealViewController.m in Sources */ = {isa = PBXBuildFile; fileRef = FD49BC6C1927C92500AAA3A6 /* SWRevealViewController.m */; };
		FD6717D01972B586001C81B3 /* EGOCache.m in Sources */ = {isa = PBXBuildFile; fileRef = FD6717CE1972B586001C81B3 /* EGOCache.m */; };
		FD6717D41972C2AE001C81B3 /* CloudTableView.m in Sources */ = {isa = PBXBuildFile; fileRef = FD6717D31972C2AE001C81B3 /* CloudTableView.m */; };
		FD854A471952DB37008F046D /* ServerViewController.m in Sources */ = {isa = PBXBuildFile; fileRef = FD854A461952DB37008F046D /* ServerViewController.m */; };
		FD854A4B1952DDC2008F046D /* AbstractLogoViewViewController.m in Sources */ = {isa = PBXBuildFile; fileRef = FD854A4A1952DDC2008F046D /* AbstractLogoViewViewController.m */; };
		FD854A4E1952E3FD008F046D /* ServerVC.strings in Resources */ = {isa = PBXBuildFile; fileRef = FD854A501952E3FD008F046D /* ServerVC.strings */; };
		FD8F82D819080AAA00EDBDBE /* Security.framework in Frameworks */ = {isa = PBXBuildFile; fileRef = FD8F82D719080AAA00EDBDBE /* Security.framework */; };
		FDAFAFCE1951CA030070F396 /* sign-out@2x.png in Resources */ = {isa = PBXBuildFile; fileRef = FDAFAFCC1951CA030070F396 /* sign-out@2x.png */; };
		FDAFAFD41951CA180070F396 /* Icon_clear_500x500.png in Resources */ = {isa = PBXBuildFile; fileRef = FDAFAFD11951CA180070F396 /* Icon_clear_500x500.png */; };
		FDAFAFDA1951D2C90070F396 /* Icon_clear_42x42.png in Resources */ = {isa = PBXBuildFile; fileRef = FDAFAFD91951D2C90070F396 /* Icon_clear_42x42.png */; };
		FDAFAFDC1951D3230070F396 /* Icon_clear_42x42@2x.png in Resources */ = {isa = PBXBuildFile; fileRef = FDAFAFDB1951D3230070F396 /* Icon_clear_42x42@2x.png */; };
		FDAFAFDF1951D4F40070F396 /* calendar.png in Resources */ = {isa = PBXBuildFile; fileRef = FDAFAFDD1951D4F40070F396 /* calendar.png */; };
		FDAFAFE01951D4F40070F396 /* calendar@2x.png in Resources */ = {isa = PBXBuildFile; fileRef = FDAFAFDE1951D4F40070F396 /* calendar@2x.png */; };
		FDBF7CF1197BF06900C43B33 /* AgendaTeacherClassViewController.m in Sources */ = {isa = PBXBuildFile; fileRef = FDBF7CF0197BF06900C43B33 /* AgendaTeacherClassViewController.m */; };
		FDC1FA60196C488300150F66 /* QuartzCore.framework in Frameworks */ = {isa = PBXBuildFile; fileRef = FDC1FA5F196C488300150F66 /* QuartzCore.framework */; };
		FDC1FA65196C5C3100150F66 /* DejalActivityView.m in Sources */ = {isa = PBXBuildFile; fileRef = FDC1FA63196C5C3100150F66 /* DejalActivityView.m */; };
		FDC907DC192A83D900646A68 /* Object.m in Sources */ = {isa = PBXBuildFile; fileRef = FDC907D9192A83D900646A68 /* Object.m */; };
		FDC907DD192A83D900646A68 /* User.m in Sources */ = {isa = PBXBuildFile; fileRef = FDC907DB192A83D900646A68 /* User.m */; };
		FDC9081C192A847000646A68 /* HTTPErrors.strings in Resources */ = {isa = PBXBuildFile; fileRef = FDC907DF192A847000646A68 /* HTTPErrors.strings */; };
		FDC9081D192A847000646A68 /* CloudKeychainManager.m in Sources */ = {isa = PBXBuildFile; fileRef = FDC907E2192A847000646A68 /* CloudKeychainManager.m */; };
		FDC9081E192A847000646A68 /* IOSRequest.m in Sources */ = {isa = PBXBuildFile; fileRef = FDC907E5192A847000646A68 /* IOSRequest.m */; };
		FDC90831192A847000646A68 /* AuthenticationViewController.m in Sources */ = {isa = PBXBuildFile; fileRef = FDC90812192A847000646A68 /* AuthenticationViewController.m */; };
		FDC90832192A847000646A68 /* AuthenticationVC.strings in Resources */ = {isa = PBXBuildFile; fileRef = FDC90813192A847000646A68 /* AuthenticationVC.strings */; };
		FDC90833192A847000646A68 /* HomeScreenVC.strings in Resources */ = {isa = PBXBuildFile; fileRef = FDC90817192A847000646A68 /* HomeScreenVC.strings */; };
		FDC90834192A847000646A68 /* HomeScreenViewController.m in Sources */ = {isa = PBXBuildFile; fileRef = FDC9081B192A847000646A68 /* HomeScreenViewController.m */; };
		FDC9083A192A851600646A68 /* AgendaStudentViewController.m in Sources */ = {isa = PBXBuildFile; fileRef = FDC90838192A851600646A68 /* AgendaStudentViewController.m */; };
		FDC90843192A863E00646A68 /* CloudButton.m in Sources */ = {isa = PBXBuildFile; fileRef = FDC9083D192A863E00646A68 /* CloudButton.m */; };
		FDC90844192A863E00646A68 /* CloudLabel.m in Sources */ = {isa = PBXBuildFile; fileRef = FDC9083F192A863E00646A68 /* CloudLabel.m */; };
		FDC90845192A863E00646A68 /* CloudTextField.m in Sources */ = {isa = PBXBuildFile; fileRef = FDC90841192A863E00646A68 /* CloudTextField.m */; };
		FDCEE15E196D8B9D002B3579 /* AbstractViewController.m in Sources */ = {isa = PBXBuildFile; fileRef = FDCEE15D196D8B9D002B3579 /* AbstractViewController.m */; };
		FDDA094F18F5BA9F000A1029 /* FiraMonoOT-Bold.otf in Resources */ = {isa = PBXBuildFile; fileRef = FDDA094518F5BA9F000A1029 /* FiraMonoOT-Bold.otf */; };
		FDDA095018F5BA9F000A1029 /* FiraMonoOT-Regular.otf in Resources */ = {isa = PBXBuildFile; fileRef = FDDA094618F5BA9F000A1029 /* FiraMonoOT-Regular.otf */; };
		FDDA095118F5BA9F000A1029 /* FiraSansOT-Bold.otf in Resources */ = {isa = PBXBuildFile; fileRef = FDDA094718F5BA9F000A1029 /* FiraSansOT-Bold.otf */; };
		FDDA095218F5BA9F000A1029 /* FiraSansOT-BoldItalic.otf in Resources */ = {isa = PBXBuildFile; fileRef = FDDA094818F5BA9F000A1029 /* FiraSansOT-BoldItalic.otf */; };
		FDDA095318F5BA9F000A1029 /* FiraSansOT-Light.otf in Resources */ = {isa = PBXBuildFile; fileRef = FDDA094918F5BA9F000A1029 /* FiraSansOT-Light.otf */; };
		FDDA095418F5BA9F000A1029 /* FiraSansOT-LightItalic.otf in Resources */ = {isa = PBXBuildFile; fileRef = FDDA094A18F5BA9F000A1029 /* FiraSansOT-LightItalic.otf */; };
		FDDA095518F5BA9F000A1029 /* FiraSansOT-Medium.otf in Resources */ = {isa = PBXBuildFile; fileRef = FDDA094B18F5BA9F000A1029 /* FiraSansOT-Medium.otf */; };
		FDDA095618F5BA9F000A1029 /* FiraSansOT-MediumItalic.otf in Resources */ = {isa = PBXBuildFile; fileRef = FDDA094C18F5BA9F000A1029 /* FiraSansOT-MediumItalic.otf */; };
		FDDA095718F5BA9F000A1029 /* FiraSansOT-Regular.otf in Resources */ = {isa = PBXBuildFile; fileRef = FDDA094D18F5BA9F000A1029 /* FiraSansOT-Regular.otf */; };
		FDDA095818F5BA9F000A1029 /* FiraSansOT-RegularItalic.otf in Resources */ = {isa = PBXBuildFile; fileRef = FDDA094E18F5BA9F000A1029 /* FiraSansOT-RegularItalic.otf */; };
		FDEA48DB19509A270026210D /* NavigationViewController.m in Sources */ = {isa = PBXBuildFile; fileRef = FDEA48DA19509A270026210D /* NavigationViewController.m */; };
		FDF8DDFB19280AFE00237054 /* menu.png in Resources */ = {isa = PBXBuildFile; fileRef = FDF8DDF919280AFE00237054 /* menu.png */; };
		FDF8DDFC19280AFE00237054 /* menu@2x.png in Resources */ = {isa = PBXBuildFile; fileRef = FDF8DDFA19280AFE00237054 /* menu@2x.png */; };
/* End PBXBuildFile section */

/* Begin PBXContainerItemProxy section */
		E478BB6F18A0E8290068DEB1 /* PBXContainerItemProxy */ = {
			isa = PBXContainerItemProxy;
			containerPortal = E478BB4118A0E8290068DEB1 /* Project object */;
			proxyType = 1;
			remoteGlobalIDString = E478BB4818A0E8290068DEB1;
			remoteInfo = Cloudiversity;
		};
/* End PBXContainerItemProxy section */

/* Begin PBXFileReference section */
		0AB0D82D06D04141B568CACB /* libPods-CloudiversityTests.a */ = {isa = PBXFileReference; explicitFileType = archive.ar; includeInIndex = 0; path = "libPods-CloudiversityTests.a"; sourceTree = BUILT_PRODUCTS_DIR; };
		30F8BBF926834BFC8E391F42 /* libPods-Cloudiversity.a */ = {isa = PBXFileReference; explicitFileType = archive.ar; includeInIndex = 0; path = "libPods-Cloudiversity.a"; sourceTree = BUILT_PRODUCTS_DIR; };
		48782694031E469197773748 /* Pods-Cloudiversity.xcconfig */ = {isa = PBXFileReference; includeInIndex = 1; lastKnownFileType = text.xcconfig; name = "Pods-Cloudiversity.xcconfig"; path = "Pods/Pods-Cloudiversity.xcconfig"; sourceTree = "<group>"; };
		9244EC56196DAF55004E8434 /* DSLCalendarDayCalloutView.h */ = {isa = PBXFileReference; fileEncoding = 4; lastKnownFileType = sourcecode.c.h; path = DSLCalendarDayCalloutView.h; sourceTree = "<group>"; };
		9244EC57196DAF55004E8434 /* DSLCalendarDayCalloutView.m */ = {isa = PBXFileReference; fileEncoding = 4; lastKnownFileType = sourcecode.c.objc; path = DSLCalendarDayCalloutView.m; sourceTree = "<group>"; };
		9244EC58196DAF55004E8434 /* DSLCalendarDayCalloutView.xib */ = {isa = PBXFileReference; fileEncoding = 4; lastKnownFileType = file.xib; path = DSLCalendarDayCalloutView.xib; sourceTree = "<group>"; };
		9244EC59196DAF55004E8434 /* DSLCalendarDayView.h */ = {isa = PBXFileReference; fileEncoding = 4; lastKnownFileType = sourcecode.c.h; path = DSLCalendarDayView.h; sourceTree = "<group>"; };
		9244EC5A196DAF55004E8434 /* DSLCalendarDayView.m */ = {isa = PBXFileReference; fileEncoding = 4; lastKnownFileType = sourcecode.c.objc; path = DSLCalendarDayView.m; sourceTree = "<group>"; };
		9244EC5B196DAF55004E8434 /* DSLCalendarMonthSelectorView.h */ = {isa = PBXFileReference; fileEncoding = 4; lastKnownFileType = sourcecode.c.h; path = DSLCalendarMonthSelectorView.h; sourceTree = "<group>"; };
		9244EC5C196DAF55004E8434 /* DSLCalendarMonthSelectorView.m */ = {isa = PBXFileReference; fileEncoding = 4; lastKnownFileType = sourcecode.c.objc; path = DSLCalendarMonthSelectorView.m; sourceTree = "<group>"; };
		9244EC5D196DAF55004E8434 /* DSLCalendarMonthSelectorView.xib */ = {isa = PBXFileReference; fileEncoding = 4; lastKnownFileType = file.xib; path = DSLCalendarMonthSelectorView.xib; sourceTree = "<group>"; };
		9244EC5E196DAF55004E8434 /* DSLCalendarMonthView.h */ = {isa = PBXFileReference; fileEncoding = 4; lastKnownFileType = sourcecode.c.h; path = DSLCalendarMonthView.h; sourceTree = "<group>"; };
		9244EC5F196DAF55004E8434 /* DSLCalendarMonthView.m */ = {isa = PBXFileReference; fileEncoding = 4; lastKnownFileType = sourcecode.c.objc; path = DSLCalendarMonthView.m; sourceTree = "<group>"; };
		9244EC60196DAF55004E8434 /* DSLCalendarRange.h */ = {isa = PBXFileReference; fileEncoding = 4; lastKnownFileType = sourcecode.c.h; path = DSLCalendarRange.h; sourceTree = "<group>"; };
		9244EC61196DAF55004E8434 /* DSLCalendarRange.m */ = {isa = PBXFileReference; fileEncoding = 4; lastKnownFileType = sourcecode.c.objc; path = DSLCalendarRange.m; sourceTree = "<group>"; };
		9244EC62196DAF55004E8434 /* DSLCalendarView.h */ = {isa = PBXFileReference; fileEncoding = 4; lastKnownFileType = sourcecode.c.h; path = DSLCalendarView.h; sourceTree = "<group>"; };
		9244EC63196DAF55004E8434 /* DSLCalendarView.m */ = {isa = PBXFileReference; fileEncoding = 4; lastKnownFileType = sourcecode.c.objc; path = DSLCalendarView.m; sourceTree = "<group>"; };
		9244EC65196DAF55004E8434 /* DSLCalendar-nextMonth.png */ = {isa = PBXFileReference; lastKnownFileType = image.png; path = "DSLCalendar-nextMonth.png"; sourceTree = "<group>"; };
		9244EC66196DAF55004E8434 /* DSLCalendar-nextMonth@2x.png */ = {isa = PBXFileReference; lastKnownFileType = image.png; path = "DSLCalendar-nextMonth@2x.png"; sourceTree = "<group>"; };
		9244EC67196DAF55004E8434 /* DSLCalendar-previousMonth.png */ = {isa = PBXFileReference; lastKnownFileType = image.png; path = "DSLCalendar-previousMonth.png"; sourceTree = "<group>"; };
		9244EC68196DAF55004E8434 /* DSLCalendar-previousMonth@2x.png */ = {isa = PBXFileReference; lastKnownFileType = image.png; path = "DSLCalendar-previousMonth@2x.png"; sourceTree = "<group>"; };
		9244EC69196DAF55004E8434 /* DSLCalendarDayCallout.png */ = {isa = PBXFileReference; lastKnownFileType = image.png; path = DSLCalendarDayCallout.png; sourceTree = "<group>"; };
		9244EC6A196DAF55004E8434 /* DSLCalendarDayCallout@2x.png */ = {isa = PBXFileReference; lastKnownFileType = image.png; path = "DSLCalendarDayCallout@2x.png"; sourceTree = "<group>"; };
		9244EC6B196DAF55004E8434 /* DSLCalendarDaySelection-left.png */ = {isa = PBXFileReference; lastKnownFileType = image.png; path = "DSLCalendarDaySelection-left.png"; sourceTree = "<group>"; };
		9244EC6C196DAF55004E8434 /* DSLCalendarDaySelection-left@2x.png */ = {isa = PBXFileReference; lastKnownFileType = image.png; path = "DSLCalendarDaySelection-left@2x.png"; sourceTree = "<group>"; };
		9244EC6D196DAF55004E8434 /* DSLCalendarDaySelection-middle.png */ = {isa = PBXFileReference; lastKnownFileType = image.png; path = "DSLCalendarDaySelection-middle.png"; sourceTree = "<group>"; };
		9244EC6E196DAF55004E8434 /* DSLCalendarDaySelection-middle@2x.png */ = {isa = PBXFileReference; lastKnownFileType = image.png; path = "DSLCalendarDaySelection-middle@2x.png"; sourceTree = "<group>"; };
		9244EC6F196DAF55004E8434 /* DSLCalendarDaySelection-right.png */ = {isa = PBXFileReference; lastKnownFileType = image.png; path = "DSLCalendarDaySelection-right.png"; sourceTree = "<group>"; };
		9244EC70196DAF55004E8434 /* DSLCalendarDaySelection-right@2x.png */ = {isa = PBXFileReference; lastKnownFileType = image.png; path = "DSLCalendarDaySelection-right@2x.png"; sourceTree = "<group>"; };
		9244EC71196DAF55004E8434 /* DSLCalendarDaySelection.png */ = {isa = PBXFileReference; lastKnownFileType = image.png; path = DSLCalendarDaySelection.png; sourceTree = "<group>"; };
		9244EC72196DAF55004E8434 /* DSLCalendarDaySelection@2x.png */ = {isa = PBXFileReference; lastKnownFileType = image.png; path = "DSLCalendarDaySelection@2x.png"; sourceTree = "<group>"; };
		9244EC73196DAF55004E8434 /* NSDate+DSLCalendarView.h */ = {isa = PBXFileReference; fileEncoding = 4; lastKnownFileType = sourcecode.c.h; path = "NSDate+DSLCalendarView.h"; sourceTree = "<group>"; };
		9244EC74196DAF55004E8434 /* NSDate+DSLCalendarView.m */ = {isa = PBXFileReference; fileEncoding = 4; lastKnownFileType = sourcecode.c.objc; path = "NSDate+DSLCalendarView.m"; sourceTree = "<group>"; };
		9244ECA6196DAFA2004E8434 /* LICENSE.markdown */ = {isa = PBXFileReference; fileEncoding = 4; lastKnownFileType = text; path = LICENSE.markdown; sourceTree = "<group>"; };
		928721071944658500C70168 /* AMPieChartView.h */ = {isa = PBXFileReference; fileEncoding = 4; lastKnownFileType = sourcecode.c.h; path = AMPieChartView.h; sourceTree = "<group>"; };
		928721081944658500C70168 /* AMPieChartView.m */ = {isa = PBXFileReference; fileEncoding = 4; lastKnownFileType = sourcecode.c.objc; path = AMPieChartView.m; sourceTree = "<group>"; };
		9287210B194466A200C70168 /* AgendaFilterViewController.h */ = {isa = PBXFileReference; fileEncoding = 4; lastKnownFileType = sourcecode.c.h; path = AgendaFilterViewController.h; sourceTree = "<group>"; };
		9287210C194466A200C70168 /* AgendaFilterViewController.m */ = {isa = PBXFileReference; fileEncoding = 4; lastKnownFileType = sourcecode.c.objc; path = AgendaFilterViewController.m; sourceTree = "<group>"; };
		929F47301955CB2B003CC61B /* CloudDateConverter.h */ = {isa = PBXFileReference; fileEncoding = 4; lastKnownFileType = sourcecode.c.h; path = CloudDateConverter.h; sourceTree = "<group>"; };
		929F47311955CB2B003CC61B /* CloudDateConverter.m */ = {isa = PBXFileReference; fileEncoding = 4; lastKnownFileType = sourcecode.c.objc; path = CloudDateConverter.m; sourceTree = "<group>"; };
		92C2120B19471D510059B6B4 /* AgendaStudentTableViewCell.h */ = {isa = PBXFileReference; fileEncoding = 4; lastKnownFileType = sourcecode.c.h; path = AgendaStudentTableViewCell.h; sourceTree = "<group>"; };
		92C2120C19471D510059B6B4 /* AgendaStudentTableViewCell.m */ = {isa = PBXFileReference; fileEncoding = 4; lastKnownFileType = sourcecode.c.objc; path = AgendaStudentTableViewCell.m; sourceTree = "<group>"; };
		92C2120F194731CC0059B6B4 /* AgendaAssignment.h */ = {isa = PBXFileReference; fileEncoding = 4; lastKnownFileType = sourcecode.c.h; path = AgendaAssignment.h; sourceTree = "<group>"; };
		92C21210194731CC0059B6B4 /* AgendaAssignment.m */ = {isa = PBXFileReference; fileEncoding = 4; lastKnownFileType = sourcecode.c.objc; path = AgendaAssignment.m; sourceTree = "<group>"; };
		92DB6AF5199D13DE00945122 /* Base */ = {isa = PBXFileReference; lastKnownFileType = text.plist.strings; name = Base; path = Base.lproj/AgendaStudentVC.strings; sourceTree = "<group>"; };
		92DB6AF7199D13E300945122 /* fr */ = {isa = PBXFileReference; lastKnownFileType = text.plist.strings; name = fr; path = fr.lproj/AgendaStudentVC.strings; sourceTree = "<group>"; };
		92DD1DFF18FC4F2F000386EE /* UIColor+CloudColor.m */ = {isa = PBXFileReference; fileEncoding = 4; lastKnownFileType = sourcecode.c.objc; path = "UIColor+CloudColor.m"; sourceTree = "<group>"; };
		92E2A0881946CE1500679A24 /* AgendaStudentTaskViewController.h */ = {isa = PBXFileReference; fileEncoding = 4; lastKnownFileType = sourcecode.c.h; path = AgendaStudentTaskViewController.h; sourceTree = "<group>"; };
		92E2A0891946CE1500679A24 /* AgendaStudentTaskViewController.m */ = {isa = PBXFileReference; fileEncoding = 4; lastKnownFileType = sourcecode.c.objc; path = AgendaStudentTaskViewController.m; sourceTree = "<group>"; };
		E478BB4C18A0E8290068DEB1 /* Foundation.framework */ = {isa = PBXFileReference; lastKnownFileType = wrapper.framework; name = Foundation.framework; path = System/Library/Frameworks/Foundation.framework; sourceTree = SDKROOT; };
		E478BB4E18A0E8290068DEB1 /* CoreGraphics.framework */ = {isa = PBXFileReference; lastKnownFileType = wrapper.framework; name = CoreGraphics.framework; path = System/Library/Frameworks/CoreGraphics.framework; sourceTree = SDKROOT; };
		E478BB5018A0E8290068DEB1 /* UIKit.framework */ = {isa = PBXFileReference; lastKnownFileType = wrapper.framework; name = UIKit.framework; path = System/Library/Frameworks/UIKit.framework; sourceTree = SDKROOT; };
		E478BB5418A0E8290068DEB1 /* Cloudiversity-Info.plist */ = {isa = PBXFileReference; lastKnownFileType = text.plist.xml; path = "Cloudiversity-Info.plist"; sourceTree = "<group>"; };
		E478BB5818A0E8290068DEB1 /* main.m */ = {isa = PBXFileReference; lastKnownFileType = sourcecode.c.objc; path = main.m; sourceTree = "<group>"; };
		E478BB5A18A0E8290068DEB1 /* Cloudiversity-Prefix.pch */ = {isa = PBXFileReference; lastKnownFileType = sourcecode.c.h; path = "Cloudiversity-Prefix.pch"; sourceTree = "<group>"; };
		E478BB5C18A0E8290068DEB1 /* CloudiversityAppDelegate.m */ = {isa = PBXFileReference; lastKnownFileType = sourcecode.c.objc; path = CloudiversityAppDelegate.m; sourceTree = "<group>"; };
		E478BB6418A0E8290068DEB1 /* Images.xcassets */ = {isa = PBXFileReference; lastKnownFileType = folder.assetcatalog; path = Images.xcassets; sourceTree = "<group>"; };
		E478BB6B18A0E8290068DEB1 /* XCTest.framework */ = {isa = PBXFileReference; lastKnownFileType = wrapper.framework; name = XCTest.framework; path = Library/Frameworks/XCTest.framework; sourceTree = DEVELOPER_DIR; };
		E478BB7318A0E8290068DEB1 /* CloudiversityTests-Info.plist */ = {isa = PBXFileReference; lastKnownFileType = text.plist.xml; path = "CloudiversityTests-Info.plist"; sourceTree = "<group>"; };
		E478BB7718A0E8290068DEB1 /* CloudiversityTests.m */ = {isa = PBXFileReference; lastKnownFileType = sourcecode.c.objc; path = CloudiversityTests.m; sourceTree = "<group>"; };
		F48E33669C634B28AB409B52 /* Pods-CloudiversityTests.xcconfig */ = {isa = PBXFileReference; includeInIndex = 1; lastKnownFileType = text.xcconfig; name = "Pods-CloudiversityTests.xcconfig"; path = "Pods/Pods-CloudiversityTests.xcconfig"; sourceTree = "<group>"; };
		FD0F98741923ED72002DF049 /* Main.storyboard */ = {isa = PBXFileReference; fileEncoding = 4; lastKnownFileType = file.storyboard; path = Main.storyboard; sourceTree = "<group>"; };
		FD19FB2019059006000B4688 /* UIColor+Cloud.h */ = {isa = PBXFileReference; fileEncoding = 4; lastKnownFileType = sourcecode.c.h; path = "UIColor+Cloud.h"; sourceTree = "<group>"; };
		FD19FB2119059006000B4688 /* UIColor+Cloud.m */ = {isa = PBXFileReference; fileEncoding = 4; lastKnownFileType = sourcecode.c.objc; path = "UIColor+Cloud.m"; sourceTree = "<group>"; };
		FD1D4F01191E79ED008B530E /* Cloudiversity.app */ = {isa = PBXFileReference; explicitFileType = wrapper.application; includeInIndex = 0; path = Cloudiversity.app; sourceTree = BUILT_PRODUCTS_DIR; };
		FD1D4F02191E79ED008B530E /* CloudiversityTests.xctest */ = {isa = PBXFileReference; explicitFileType = wrapper.cfbundle; includeInIndex = 0; path = CloudiversityTests.xctest; sourceTree = BUILT_PRODUCTS_DIR; };
		FD24147D1973C1890069618E /* AgendaTeacherViewController.h */ = {isa = PBXFileReference; fileEncoding = 4; lastKnownFileType = sourcecode.c.h; path = AgendaTeacherViewController.h; sourceTree = "<group>"; };
		FD24147E1973C1890069618E /* AgendaTeacherViewController.m */ = {isa = PBXFileReference; fileEncoding = 4; lastKnownFileType = sourcecode.c.objc; path = AgendaTeacherViewController.m; sourceTree = "<group>"; };
		FD241484197412210069618E /* AbstractTableViewController.h */ = {isa = PBXFileReference; fileEncoding = 4; lastKnownFileType = sourcecode.c.h; path = AbstractTableViewController.h; sourceTree = "<group>"; };
		FD241485197412210069618E /* AbstractTableViewController.m */ = {isa = PBXFileReference; fileEncoding = 4; lastKnownFileType = sourcecode.c.objc; path = AbstractTableViewController.m; sourceTree = "<group>"; };
		FD24148719741B8B0069618E /* AgendaTeacherTableViewCell.h */ = {isa = PBXFileReference; fileEncoding = 4; lastKnownFileType = sourcecode.c.h; path = AgendaTeacherTableViewCell.h; sourceTree = "<group>"; };
		FD24148819741B8B0069618E /* AgendaTeacherTableViewCell.m */ = {isa = PBXFileReference; fileEncoding = 4; lastKnownFileType = sourcecode.c.objc; path = AgendaTeacherTableViewCell.m; sourceTree = "<group>"; };
		FD295129197C01A800833473 /* AgendaTeacherClassTableViewCell.h */ = {isa = PBXFileReference; fileEncoding = 4; lastKnownFileType = sourcecode.c.h; path = AgendaTeacherClassTableViewCell.h; sourceTree = "<group>"; };
		FD29512A197C01A800833473 /* AgendaTeacherClassTableViewCell.m */ = {isa = PBXFileReference; fileEncoding = 4; lastKnownFileType = sourcecode.c.objc; path = AgendaTeacherClassTableViewCell.m; sourceTree = "<group>"; };
		FD29512C197C051400833473 /* plus@2x.png */ = {isa = PBXFileReference; lastKnownFileType = image.png; path = "plus@2x.png"; sourceTree = "<group>"; };
		FD29512D197C051400833473 /* plus.png */ = {isa = PBXFileReference; lastKnownFileType = image.png; path = plus.png; sourceTree = "<group>"; };
		FD35BC371955F27200091678 /* filter.png */ = {isa = PBXFileReference; lastKnownFileType = image.png; path = filter.png; sourceTree = "<group>"; };
		FD35BC381955F27200091678 /* filter@2x.png */ = {isa = PBXFileReference; lastKnownFileType = image.png; path = "filter@2x.png"; sourceTree = "<group>"; };
		FD3FA7C818FC2F0A0072B731 /* Logo_29x29.png */ = {isa = PBXFileReference; lastKnownFileType = image.png; path = Logo_29x29.png; sourceTree = "<group>"; };
		FD3FA7C918FC2F0A0072B731 /* Logo_40x40.png */ = {isa = PBXFileReference; lastKnownFileType = image.png; path = Logo_40x40.png; sourceTree = "<group>"; };
		FD3FA7CA18FC2F0A0072B731 /* Logo_60x60.png */ = {isa = PBXFileReference; lastKnownFileType = image.png; path = Logo_60x60.png; sourceTree = "<group>"; };
		FD3FA7CB18FC2F0A0072B731 /* Logo_500x500.png */ = {isa = PBXFileReference; lastKnownFileType = image.png; path = Logo_500x500.png; sourceTree = "<group>"; };
		FD3FA7D018FC3A160072B731 /* Icon_29x29.png */ = {isa = PBXFileReference; lastKnownFileType = image.png; path = Icon_29x29.png; sourceTree = "<group>"; };
		FD3FA7D118FC3A160072B731 /* Icon_40x40.png */ = {isa = PBXFileReference; lastKnownFileType = image.png; path = Icon_40x40.png; sourceTree = "<group>"; };
		FD3FA7D218FC3A160072B731 /* Icon_60x60.png */ = {isa = PBXFileReference; lastKnownFileType = image.png; path = Icon_60x60.png; sourceTree = "<group>"; };
		FD3FA7D318FC3A160072B731 /* Icon_500x500.png */ = {isa = PBXFileReference; lastKnownFileType = image.png; path = Icon_500x500.png; sourceTree = "<group>"; };
		FD49BC6B1927C92500AAA3A6 /* SWRevealViewController.h */ = {isa = PBXFileReference; fileEncoding = 4; lastKnownFileType = sourcecode.c.h; path = SWRevealViewController.h; sourceTree = "<group>"; };
		FD49BC6C1927C92500AAA3A6 /* SWRevealViewController.m */ = {isa = PBXFileReference; fileEncoding = 4; lastKnownFileType = sourcecode.c.objc; path = SWRevealViewController.m; sourceTree = "<group>"; };
		FD6717CD1972B586001C81B3 /* EGOCache.h */ = {isa = PBXFileReference; fileEncoding = 4; lastKnownFileType = sourcecode.c.h; path = EGOCache.h; sourceTree = "<group>"; };
		FD6717CE1972B586001C81B3 /* EGOCache.m */ = {isa = PBXFileReference; fileEncoding = 4; lastKnownFileType = sourcecode.c.objc; path = EGOCache.m; sourceTree = "<group>"; };
		FD6717CF1972B586001C81B3 /* LICENSEEGOCache */ = {isa = PBXFileReference; fileEncoding = 4; lastKnownFileType = text; path = LICENSEEGOCache; sourceTree = "<group>"; };
		FD6717D21972C2AE001C81B3 /* CloudTableView.h */ = {isa = PBXFileReference; fileEncoding = 4; lastKnownFileType = sourcecode.c.h; path = CloudTableView.h; sourceTree = "<group>"; };
		FD6717D31972C2AE001C81B3 /* CloudTableView.m */ = {isa = PBXFileReference; fileEncoding = 4; lastKnownFileType = sourcecode.c.objc; path = CloudTableView.m; sourceTree = "<group>"; };
		FD6717D51972C2F6001C81B3 /* CloudTableViewDelegate.h */ = {isa = PBXFileReference; lastKnownFileType = sourcecode.c.h; path = CloudTableViewDelegate.h; sourceTree = "<group>"; };
		FD854A451952DB37008F046D /* ServerViewController.h */ = {isa = PBXFileReference; fileEncoding = 4; lastKnownFileType = sourcecode.c.h; path = ServerViewController.h; sourceTree = "<group>"; };
		FD854A461952DB37008F046D /* ServerViewController.m */ = {isa = PBXFileReference; fileEncoding = 4; lastKnownFileType = sourcecode.c.objc; path = ServerViewController.m; sourceTree = "<group>"; };
		FD854A491952DDC2008F046D /* AbstractLogoViewViewController.h */ = {isa = PBXFileReference; fileEncoding = 4; lastKnownFileType = sourcecode.c.h; path = AbstractLogoViewViewController.h; sourceTree = "<group>"; };
		FD854A4A1952DDC2008F046D /* AbstractLogoViewViewController.m */ = {isa = PBXFileReference; fileEncoding = 4; lastKnownFileType = sourcecode.c.objc; path = AbstractLogoViewViewController.m; sourceTree = "<group>"; };
		FD854A4F1952E3FD008F046D /* Base */ = {isa = PBXFileReference; lastKnownFileType = text.plist.strings; name = Base; path = Base.lproj/ServerVC.strings; sourceTree = "<group>"; };
		FD854A511952E404008F046D /* fr */ = {isa = PBXFileReference; lastKnownFileType = text.plist.strings; name = fr; path = fr.lproj/ServerVC.strings; sourceTree = "<group>"; };
		FD8F82D719080AAA00EDBDBE /* Security.framework */ = {isa = PBXFileReference; lastKnownFileType = wrapper.framework; name = Security.framework; path = System/Library/Frameworks/Security.framework; sourceTree = SDKROOT; };
		FDAFAFCB1951CA030070F396 /* sign-out.png */ = {isa = PBXFileReference; lastKnownFileType = image.png; path = "sign-out.png"; sourceTree = "<group>"; };
		FDAFAFCC1951CA030070F396 /* sign-out@2x.png */ = {isa = PBXFileReference; lastKnownFileType = image.png; path = "sign-out@2x.png"; sourceTree = "<group>"; };
		FDAFAFD11951CA180070F396 /* Icon_clear_500x500.png */ = {isa = PBXFileReference; lastKnownFileType = image.png; name = Icon_clear_500x500.png; path = ../Icon_clear_500x500.png; sourceTree = "<group>"; };
		FDAFAFD91951D2C90070F396 /* Icon_clear_42x42.png */ = {isa = PBXFileReference; lastKnownFileType = image.png; path = Icon_clear_42x42.png; sourceTree = "<group>"; };
		FDAFAFDB1951D3230070F396 /* Icon_clear_42x42@2x.png */ = {isa = PBXFileReference; lastKnownFileType = image.png; path = "Icon_clear_42x42@2x.png"; sourceTree = "<group>"; };
		FDAFAFDD1951D4F40070F396 /* calendar.png */ = {isa = PBXFileReference; lastKnownFileType = image.png; path = calendar.png; sourceTree = "<group>"; };
		FDAFAFDE1951D4F40070F396 /* calendar@2x.png */ = {isa = PBXFileReference; lastKnownFileType = image.png; path = "calendar@2x.png"; sourceTree = "<group>"; };
		FDBF7CEF197BF06900C43B33 /* AgendaTeacherClassViewController.h */ = {isa = PBXFileReference; fileEncoding = 4; lastKnownFileType = sourcecode.c.h; path = AgendaTeacherClassViewController.h; sourceTree = "<group>"; };
		FDBF7CF0197BF06900C43B33 /* AgendaTeacherClassViewController.m */ = {isa = PBXFileReference; fileEncoding = 4; lastKnownFileType = sourcecode.c.objc; path = AgendaTeacherClassViewController.m; sourceTree = "<group>"; };
		FDC1FA5F196C488300150F66 /* QuartzCore.framework */ = {isa = PBXFileReference; lastKnownFileType = wrapper.framework; name = QuartzCore.framework; path = System/Library/Frameworks/QuartzCore.framework; sourceTree = SDKROOT; };
		FDC1FA62196C5C3100150F66 /* DejalActivityView.h */ = {isa = PBXFileReference; fileEncoding = 4; lastKnownFileType = sourcecode.c.h; path = DejalActivityView.h; sourceTree = "<group>"; };
		FDC1FA63196C5C3100150F66 /* DejalActivityView.m */ = {isa = PBXFileReference; fileEncoding = 4; lastKnownFileType = sourcecode.c.objc; path = DejalActivityView.m; sourceTree = "<group>"; };
		FDC1FA64196C5C3100150F66 /* License.txt */ = {isa = PBXFileReference; fileEncoding = 4; lastKnownFileType = text; path = License.txt; sourceTree = "<group>"; };
		FDC907D6192A83A700646A68 /* CloudiversityAppDelegate.h */ = {isa = PBXFileReference; fileEncoding = 4; lastKnownFileType = sourcecode.c.h; path = CloudiversityAppDelegate.h; sourceTree = "<group>"; };
		FDC907D8192A83D900646A68 /* Object.h */ = {isa = PBXFileReference; fileEncoding = 4; lastKnownFileType = sourcecode.c.h; path = Object.h; sourceTree = "<group>"; };
		FDC907D9192A83D900646A68 /* Object.m */ = {isa = PBXFileReference; fileEncoding = 4; lastKnownFileType = sourcecode.c.objc; path = Object.m; sourceTree = "<group>"; };
		FDC907DA192A83D900646A68 /* User.h */ = {isa = PBXFileReference; fileEncoding = 4; lastKnownFileType = sourcecode.c.h; path = User.h; sourceTree = "<group>"; };
		FDC907DB192A83D900646A68 /* User.m */ = {isa = PBXFileReference; fileEncoding = 4; lastKnownFileType = sourcecode.c.objc; path = User.m; sourceTree = "<group>"; };
		FDC907E0192A847000646A68 /* Base */ = {isa = PBXFileReference; lastKnownFileType = text.plist.strings; name = Base; path = Base.lproj/HTTPErrors.strings; sourceTree = "<group>"; };
		FDC907E1192A847000646A68 /* CloudKeychainManager.h */ = {isa = PBXFileReference; fileEncoding = 4; lastKnownFileType = sourcecode.c.h; path = CloudKeychainManager.h; sourceTree = "<group>"; };
		FDC907E2192A847000646A68 /* CloudKeychainManager.m */ = {isa = PBXFileReference; fileEncoding = 4; lastKnownFileType = sourcecode.c.objc; path = CloudKeychainManager.m; sourceTree = "<group>"; };
		FDC907E3192A847000646A68 /* fr */ = {isa = PBXFileReference; lastKnownFileType = text.plist.strings; name = fr; path = fr.lproj/HTTPErrors.strings; sourceTree = "<group>"; };
		FDC907E4192A847000646A68 /* IOSRequest.h */ = {isa = PBXFileReference; fileEncoding = 4; lastKnownFileType = sourcecode.c.h; path = IOSRequest.h; sourceTree = "<group>"; };
		FDC907E5192A847000646A68 /* IOSRequest.m */ = {isa = PBXFileReference; fileEncoding = 4; lastKnownFileType = sourcecode.c.objc; path = IOSRequest.m; sourceTree = "<group>"; };
		FDC90811192A847000646A68 /* AuthenticationViewController.h */ = {isa = PBXFileReference; fileEncoding = 4; lastKnownFileType = sourcecode.c.h; path = AuthenticationViewController.h; sourceTree = "<group>"; };
		FDC90812192A847000646A68 /* AuthenticationViewController.m */ = {isa = PBXFileReference; fileEncoding = 4; lastKnownFileType = sourcecode.c.objc; path = AuthenticationViewController.m; sourceTree = "<group>"; };
		FDC90814192A847000646A68 /* Base */ = {isa = PBXFileReference; lastKnownFileType = text.plist.strings; name = Base; path = Base.lproj/AuthenticationVC.strings; sourceTree = "<group>"; };
		FDC90815192A847000646A68 /* fr */ = {isa = PBXFileReference; lastKnownFileType = text.plist.strings; name = fr; path = fr.lproj/AuthenticationVC.strings; sourceTree = "<group>"; };
		FDC90818192A847000646A68 /* Base */ = {isa = PBXFileReference; lastKnownFileType = text.plist.strings; name = Base; path = Base.lproj/HomeScreenVC.strings; sourceTree = "<group>"; };
		FDC90819192A847000646A68 /* fr */ = {isa = PBXFileReference; lastKnownFileType = text.plist.strings; name = fr; path = fr.lproj/HomeScreenVC.strings; sourceTree = "<group>"; };
		FDC9081A192A847000646A68 /* HomeScreenViewController.h */ = {isa = PBXFileReference; fileEncoding = 4; lastKnownFileType = sourcecode.c.h; path = HomeScreenViewController.h; sourceTree = "<group>"; };
		FDC9081B192A847000646A68 /* HomeScreenViewController.m */ = {isa = PBXFileReference; fileEncoding = 4; lastKnownFileType = sourcecode.c.objc; path = HomeScreenViewController.m; sourceTree = "<group>"; };
		FDC90837192A851600646A68 /* AgendaStudentViewController.h */ = {isa = PBXFileReference; fileEncoding = 4; lastKnownFileType = sourcecode.c.h; path = AgendaStudentViewController.h; sourceTree = "<group>"; };
		FDC90838192A851600646A68 /* AgendaStudentViewController.m */ = {isa = PBXFileReference; fileEncoding = 4; lastKnownFileType = sourcecode.c.objc; path = AgendaStudentViewController.m; sourceTree = "<group>"; };
		FDC9083C192A863E00646A68 /* CloudButton.h */ = {isa = PBXFileReference; fileEncoding = 4; lastKnownFileType = sourcecode.c.h; path = CloudButton.h; sourceTree = "<group>"; };
		FDC9083D192A863E00646A68 /* CloudButton.m */ = {isa = PBXFileReference; fileEncoding = 4; lastKnownFileType = sourcecode.c.objc; path = CloudButton.m; sourceTree = "<group>"; };
		FDC9083E192A863E00646A68 /* CloudLabel.h */ = {isa = PBXFileReference; fileEncoding = 4; lastKnownFileType = sourcecode.c.h; path = CloudLabel.h; sourceTree = "<group>"; };
		FDC9083F192A863E00646A68 /* CloudLabel.m */ = {isa = PBXFileReference; fileEncoding = 4; lastKnownFileType = sourcecode.c.objc; path = CloudLabel.m; sourceTree = "<group>"; };
		FDC90840192A863E00646A68 /* CloudTextField.h */ = {isa = PBXFileReference; fileEncoding = 4; lastKnownFileType = sourcecode.c.h; path = CloudTextField.h; sourceTree = "<group>"; };
		FDC90841192A863E00646A68 /* CloudTextField.m */ = {isa = PBXFileReference; fileEncoding = 4; lastKnownFileType = sourcecode.c.objc; path = CloudTextField.m; sourceTree = "<group>"; };
		FDC90842192A863E00646A68 /* UICloud.h */ = {isa = PBXFileReference; fileEncoding = 4; lastKnownFileType = sourcecode.c.h; path = UICloud.h; sourceTree = "<group>"; };
		FDCEE15C196D8B9D002B3579 /* AbstractViewController.h */ = {isa = PBXFileReference; fileEncoding = 4; lastKnownFileType = sourcecode.c.h; path = AbstractViewController.h; sourceTree = "<group>"; };
		FDCEE15D196D8B9D002B3579 /* AbstractViewController.m */ = {isa = PBXFileReference; fileEncoding = 4; lastKnownFileType = sourcecode.c.objc; path = AbstractViewController.m; sourceTree = "<group>"; };
		FDDA094518F5BA9F000A1029 /* FiraMonoOT-Bold.otf */ = {isa = PBXFileReference; lastKnownFileType = file; path = "FiraMonoOT-Bold.otf"; sourceTree = "<group>"; };
		FDDA094618F5BA9F000A1029 /* FiraMonoOT-Regular.otf */ = {isa = PBXFileReference; lastKnownFileType = file; path = "FiraMonoOT-Regular.otf"; sourceTree = "<group>"; };
		FDDA094718F5BA9F000A1029 /* FiraSansOT-Bold.otf */ = {isa = PBXFileReference; lastKnownFileType = file; path = "FiraSansOT-Bold.otf"; sourceTree = "<group>"; };
		FDDA094818F5BA9F000A1029 /* FiraSansOT-BoldItalic.otf */ = {isa = PBXFileReference; lastKnownFileType = file; path = "FiraSansOT-BoldItalic.otf"; sourceTree = "<group>"; };
		FDDA094918F5BA9F000A1029 /* FiraSansOT-Light.otf */ = {isa = PBXFileReference; lastKnownFileType = file; path = "FiraSansOT-Light.otf"; sourceTree = "<group>"; };
		FDDA094A18F5BA9F000A1029 /* FiraSansOT-LightItalic.otf */ = {isa = PBXFileReference; lastKnownFileType = file; path = "FiraSansOT-LightItalic.otf"; sourceTree = "<group>"; };
		FDDA094B18F5BA9F000A1029 /* FiraSansOT-Medium.otf */ = {isa = PBXFileReference; lastKnownFileType = file; path = "FiraSansOT-Medium.otf"; sourceTree = "<group>"; };
		FDDA094C18F5BA9F000A1029 /* FiraSansOT-MediumItalic.otf */ = {isa = PBXFileReference; lastKnownFileType = file; path = "FiraSansOT-MediumItalic.otf"; sourceTree = "<group>"; };
		FDDA094D18F5BA9F000A1029 /* FiraSansOT-Regular.otf */ = {isa = PBXFileReference; lastKnownFileType = file; path = "FiraSansOT-Regular.otf"; sourceTree = "<group>"; };
		FDDA094E18F5BA9F000A1029 /* FiraSansOT-RegularItalic.otf */ = {isa = PBXFileReference; lastKnownFileType = file; path = "FiraSansOT-RegularItalic.otf"; sourceTree = "<group>"; };
		FDEA48D919509A270026210D /* NavigationViewController.h */ = {isa = PBXFileReference; fileEncoding = 4; lastKnownFileType = sourcecode.c.h; path = NavigationViewController.h; sourceTree = "<group>"; };
		FDEA48DA19509A270026210D /* NavigationViewController.m */ = {isa = PBXFileReference; fileEncoding = 4; lastKnownFileType = sourcecode.c.objc; path = NavigationViewController.m; sourceTree = "<group>"; };
		FDF8DDF919280AFE00237054 /* menu.png */ = {isa = PBXFileReference; lastKnownFileType = image.png; path = menu.png; sourceTree = "<group>"; };
		FDF8DDFA19280AFE00237054 /* menu@2x.png */ = {isa = PBXFileReference; lastKnownFileType = image.png; path = "menu@2x.png"; sourceTree = "<group>"; };
/* End PBXFileReference section */

/* Begin PBXFrameworksBuildPhase section */
		E478BB4618A0E8290068DEB1 /* Frameworks */ = {
			isa = PBXFrameworksBuildPhase;
			buildActionMask = 2147483647;
			files = (
				FDC1FA60196C488300150F66 /* QuartzCore.framework in Frameworks */,
				FD8F82D819080AAA00EDBDBE /* Security.framework in Frameworks */,
				E478BB4F18A0E8290068DEB1 /* CoreGraphics.framework in Frameworks */,
				E478BB5118A0E8290068DEB1 /* UIKit.framework in Frameworks */,
				E478BB4D18A0E8290068DEB1 /* Foundation.framework in Frameworks */,
				CE5DACE308E34EB6B7960896 /* libPods-Cloudiversity.a in Frameworks */,
			);
			runOnlyForDeploymentPostprocessing = 0;
		};
		E478BB6718A0E8290068DEB1 /* Frameworks */ = {
			isa = PBXFrameworksBuildPhase;
			buildActionMask = 2147483647;
			files = (
				E478BB6C18A0E8290068DEB1 /* XCTest.framework in Frameworks */,
				E478BB6E18A0E8290068DEB1 /* UIKit.framework in Frameworks */,
				E478BB6D18A0E8290068DEB1 /* Foundation.framework in Frameworks */,
				DF8DEFCA714840E8879CAA58 /* libPods-CloudiversityTests.a in Frameworks */,
			);
			runOnlyForDeploymentPostprocessing = 0;
		};
/* End PBXFrameworksBuildPhase section */

/* Begin PBXGroup section */
		9244EC55196DAF55004E8434 /* DSLCalendarView */ = {
			isa = PBXGroup;
			children = (
				9244EC56196DAF55004E8434 /* DSLCalendarDayCalloutView.h */,
				9244EC57196DAF55004E8434 /* DSLCalendarDayCalloutView.m */,
				9244EC58196DAF55004E8434 /* DSLCalendarDayCalloutView.xib */,
				9244EC59196DAF55004E8434 /* DSLCalendarDayView.h */,
				9244EC5A196DAF55004E8434 /* DSLCalendarDayView.m */,
				9244EC5B196DAF55004E8434 /* DSLCalendarMonthSelectorView.h */,
				9244EC5C196DAF55004E8434 /* DSLCalendarMonthSelectorView.m */,
				9244EC5D196DAF55004E8434 /* DSLCalendarMonthSelectorView.xib */,
				9244EC5E196DAF55004E8434 /* DSLCalendarMonthView.h */,
				9244EC5F196DAF55004E8434 /* DSLCalendarMonthView.m */,
				9244EC60196DAF55004E8434 /* DSLCalendarRange.h */,
				9244EC61196DAF55004E8434 /* DSLCalendarRange.m */,
				9244EC62196DAF55004E8434 /* DSLCalendarView.h */,
				9244EC63196DAF55004E8434 /* DSLCalendarView.m */,
				9244EC64196DAF55004E8434 /* Images */,
				9244EC73196DAF55004E8434 /* NSDate+DSLCalendarView.h */,
				9244EC74196DAF55004E8434 /* NSDate+DSLCalendarView.m */,
				9244ECA6196DAFA2004E8434 /* LICENSE.markdown */,
			);
			path = DSLCalendarView;
			sourceTree = "<group>";
		};
		9244EC64196DAF55004E8434 /* Images */ = {
			isa = PBXGroup;
			children = (
				9244EC65196DAF55004E8434 /* DSLCalendar-nextMonth.png */,
				9244EC66196DAF55004E8434 /* DSLCalendar-nextMonth@2x.png */,
				9244EC67196DAF55004E8434 /* DSLCalendar-previousMonth.png */,
				9244EC68196DAF55004E8434 /* DSLCalendar-previousMonth@2x.png */,
				9244EC69196DAF55004E8434 /* DSLCalendarDayCallout.png */,
				9244EC6A196DAF55004E8434 /* DSLCalendarDayCallout@2x.png */,
				9244EC6B196DAF55004E8434 /* DSLCalendarDaySelection-left.png */,
				9244EC6C196DAF55004E8434 /* DSLCalendarDaySelection-left@2x.png */,
				9244EC6D196DAF55004E8434 /* DSLCalendarDaySelection-middle.png */,
				9244EC6E196DAF55004E8434 /* DSLCalendarDaySelection-middle@2x.png */,
				9244EC6F196DAF55004E8434 /* DSLCalendarDaySelection-right.png */,
				9244EC70196DAF55004E8434 /* DSLCalendarDaySelection-right@2x.png */,
				9244EC71196DAF55004E8434 /* DSLCalendarDaySelection.png */,
				9244EC72196DAF55004E8434 /* DSLCalendarDaySelection@2x.png */,
			);
			path = Images;
			sourceTree = "<group>";
		};
		928721061944658500C70168 /* AMPieChartView */ = {
			isa = PBXGroup;
			children = (
				928721071944658500C70168 /* AMPieChartView.h */,
				928721081944658500C70168 /* AMPieChartView.m */,
			);
			path = AMPieChartView;
			sourceTree = "<group>";
		};
		E478BB4018A0E8290068DEB1 = {
			isa = PBXGroup;
			children = (
				FD1D4F01191E79ED008B530E /* Cloudiversity.app */,
				FD1D4F02191E79ED008B530E /* CloudiversityTests.xctest */,
				E478BB5218A0E8290068DEB1 /* Cloudiversity */,
				E478BB7118A0E8290068DEB1 /* CloudiversityTests */,
				E478BB4B18A0E8290068DEB1 /* Frameworks */,
				FDDA094318F5BA62000A1029 /* Resources */,
				48782694031E469197773748 /* Pods-Cloudiversity.xcconfig */,
				F48E33669C634B28AB409B52 /* Pods-CloudiversityTests.xcconfig */,
			);
			sourceTree = "<group>";
		};
		E478BB4B18A0E8290068DEB1 /* Frameworks */ = {
			isa = PBXGroup;
			children = (
				FDC1FA5F196C488300150F66 /* QuartzCore.framework */,
				FD8F82D719080AAA00EDBDBE /* Security.framework */,
				E478BB4C18A0E8290068DEB1 /* Foundation.framework */,
				E478BB4E18A0E8290068DEB1 /* CoreGraphics.framework */,
				E478BB5018A0E8290068DEB1 /* UIKit.framework */,
				E478BB6B18A0E8290068DEB1 /* XCTest.framework */,
				30F8BBF926834BFC8E391F42 /* libPods-Cloudiversity.a */,
				0AB0D82D06D04141B568CACB /* libPods-CloudiversityTests.a */,
			);
			name = Frameworks;
			sourceTree = "<group>";
		};
		E478BB5218A0E8290068DEB1 /* Cloudiversity */ = {
			isa = PBXGroup;
			children = (
				FD0F98741923ED72002DF049 /* Main.storyboard */,
				FDC9083B192A863E00646A68 /* UISubclasses */,
				FDC907DE192A847000646A68 /* Utils */,
				FDC907E6192A847000646A68 /* Vendors */,
				FDC9080F192A847000646A68 /* ViewControllers */,
				FDC907D7192A83D900646A68 /* Objects */,
				FD1569D0190516B1002F8978 /* Categories */,
				E478BB5C18A0E8290068DEB1 /* CloudiversityAppDelegate.m */,
				FDC907D6192A83A700646A68 /* CloudiversityAppDelegate.h */,
				E478BB6418A0E8290068DEB1 /* Images.xcassets */,
				E478BB5318A0E8290068DEB1 /* Supporting Files */,
			);
			path = Cloudiversity;
			sourceTree = "<group>";
		};
		E478BB5318A0E8290068DEB1 /* Supporting Files */ = {
			isa = PBXGroup;
			children = (
				E478BB5418A0E8290068DEB1 /* Cloudiversity-Info.plist */,
				E478BB5818A0E8290068DEB1 /* main.m */,
				E478BB5A18A0E8290068DEB1 /* Cloudiversity-Prefix.pch */,
			);
			name = "Supporting Files";
			sourceTree = "<group>";
		};
		E478BB7118A0E8290068DEB1 /* CloudiversityTests */ = {
			isa = PBXGroup;
			children = (
				E478BB7718A0E8290068DEB1 /* CloudiversityTests.m */,
				E478BB7218A0E8290068DEB1 /* Supporting Files */,
			);
			path = CloudiversityTests;
			sourceTree = "<group>";
		};
		E478BB7218A0E8290068DEB1 /* Supporting Files */ = {
			isa = PBXGroup;
			children = (
				E478BB7318A0E8290068DEB1 /* CloudiversityTests-Info.plist */,
			);
			name = "Supporting Files";
			sourceTree = "<group>";
		};
		FD1569D0190516B1002F8978 /* Categories */ = {
			isa = PBXGroup;
			children = (
				FD19FB2019059006000B4688 /* UIColor+Cloud.h */,
				FD19FB2119059006000B4688 /* UIColor+Cloud.m */,
			);
			path = Categories;
			sourceTree = "<group>";
		};
		FD3FA7BE18FC2D8B0072B731 /* Images */ = {
			isa = PBXGroup;
			children = (
				FD29512C197C051400833473 /* plus@2x.png */,
				FD29512D197C051400833473 /* plus.png */,
				FD35BC371955F27200091678 /* filter.png */,
				FD35BC381955F27200091678 /* filter@2x.png */,
				FDAFAFDD1951D4F40070F396 /* calendar.png */,
				FDAFAFDE1951D4F40070F396 /* calendar@2x.png */,
				FDAFAFCB1951CA030070F396 /* sign-out.png */,
				FDAFAFCC1951CA030070F396 /* sign-out@2x.png */,
				FDF8DDF919280AFE00237054 /* menu.png */,
				FDF8DDFA19280AFE00237054 /* menu@2x.png */,
				FD3FA7BF18FC2D990072B731 /* Logos */,
			);
			path = Images;
			sourceTree = "<group>";
		};
		FD3FA7BF18FC2D990072B731 /* Logos */ = {
			isa = PBXGroup;
			children = (
				FDAFAFDB1951D3230070F396 /* Icon_clear_42x42@2x.png */,
				FDAFAFD91951D2C90070F396 /* Icon_clear_42x42.png */,
				FDAFAFD11951CA180070F396 /* Icon_clear_500x500.png */,
				FD3FA7D018FC3A160072B731 /* Icon_29x29.png */,
				FD3FA7D118FC3A160072B731 /* Icon_40x40.png */,
				FD3FA7D218FC3A160072B731 /* Icon_60x60.png */,
				FD3FA7D318FC3A160072B731 /* Icon_500x500.png */,
				FD3FA7C818FC2F0A0072B731 /* Logo_29x29.png */,
				FD3FA7C918FC2F0A0072B731 /* Logo_40x40.png */,
				FD3FA7CA18FC2F0A0072B731 /* Logo_60x60.png */,
				FD3FA7CB18FC2F0A0072B731 /* Logo_500x500.png */,
			);
			path = Logos;
			sourceTree = "<group>";
		};
		FD49BC6A1927C91000AAA3A6 /* SWRevealViewController */ = {
			isa = PBXGroup;
			children = (
				FD49BC6B1927C92500AAA3A6 /* SWRevealViewController.h */,
				FD49BC6C1927C92500AAA3A6 /* SWRevealViewController.m */,
			);
			path = SWRevealViewController;
			sourceTree = "<group>";
		};
		FD49BC6E1927D9EA00AAA3A6 /* Fira */ = {
			isa = PBXGroup;
			children = (
				FDDA094518F5BA9F000A1029 /* FiraMonoOT-Bold.otf */,
				FDDA094618F5BA9F000A1029 /* FiraMonoOT-Regular.otf */,
				FDDA094718F5BA9F000A1029 /* FiraSansOT-Bold.otf */,
				FDDA094818F5BA9F000A1029 /* FiraSansOT-BoldItalic.otf */,
				FDDA094918F5BA9F000A1029 /* FiraSansOT-Light.otf */,
				FDDA094A18F5BA9F000A1029 /* FiraSansOT-LightItalic.otf */,
				FDDA094B18F5BA9F000A1029 /* FiraSansOT-Medium.otf */,
				FDDA094C18F5BA9F000A1029 /* FiraSansOT-MediumItalic.otf */,
				FDDA094D18F5BA9F000A1029 /* FiraSansOT-Regular.otf */,
				FDDA094E18F5BA9F000A1029 /* FiraSansOT-RegularItalic.otf */,
			);
			name = Fira;
			sourceTree = "<group>";
		};
		FD6717CC1972B551001C81B3 /* EGOCache */ = {
			isa = PBXGroup;
			children = (
				FD6717CD1972B586001C81B3 /* EGOCache.h */,
				FD6717CE1972B586001C81B3 /* EGOCache.m */,
				FD6717CF1972B586001C81B3 /* LICENSEEGOCache */,
			);
			path = EGOCache;
			sourceTree = "<group>";
		};
		FD854A441952DB0A008F046D /* Server */ = {
			isa = PBXGroup;
			children = (
				FD854A451952DB37008F046D /* ServerViewController.h */,
				FD854A461952DB37008F046D /* ServerViewController.m */,
				FD854A501952E3FD008F046D /* ServerVC.strings */,
			);
			path = Server;
			sourceTree = "<group>";
		};
		FD854A481952DD87008F046D /* Abstracts */ = {
			isa = PBXGroup;
			children = (
				FD854A491952DDC2008F046D /* AbstractLogoViewViewController.h */,
				FD854A4A1952DDC2008F046D /* AbstractLogoViewViewController.m */,
				FDCEE15C196D8B9D002B3579 /* AbstractViewController.h */,
				FDCEE15D196D8B9D002B3579 /* AbstractViewController.m */,
				FD241484197412210069618E /* AbstractTableViewController.h */,
				FD241485197412210069618E /* AbstractTableViewController.m */,
			);
			path = Abstracts;
			sourceTree = "<group>";
		};
		FDBF7CED197BEFF400C43B33 /* Student */ = {
			isa = PBXGroup;
			children = (
				9287210B194466A200C70168 /* AgendaFilterViewController.h */,
				9287210C194466A200C70168 /* AgendaFilterViewController.m */,
				92C2120B19471D510059B6B4 /* AgendaStudentTableViewCell.h */,
				92C2120C19471D510059B6B4 /* AgendaStudentTableViewCell.m */,
				92E2A0881946CE1500679A24 /* AgendaStudentTaskViewController.h */,
				92E2A0891946CE1500679A24 /* AgendaStudentTaskViewController.m */,
				FDC90837192A851600646A68 /* AgendaStudentViewController.h */,
				FDC90838192A851600646A68 /* AgendaStudentViewController.m */,
				92DB6AF6199D13DE00945122 /* AgendaStudentVC.strings */,
			);
			name = Student;
			sourceTree = "<group>";
		};
		FDBF7CEE197BF00E00C43B33 /* Teacher */ = {
			isa = PBXGroup;
			children = (
				FD24147D1973C1890069618E /* AgendaTeacherViewController.h */,
				FD24147E1973C1890069618E /* AgendaTeacherViewController.m */,
				FD24148719741B8B0069618E /* AgendaTeacherTableViewCell.h */,
				FD24148819741B8B0069618E /* AgendaTeacherTableViewCell.m */,
				FDBF7CEF197BF06900C43B33 /* AgendaTeacherClassViewController.h */,
				FDBF7CF0197BF06900C43B33 /* AgendaTeacherClassViewController.m */,
				FD295129197C01A800833473 /* AgendaTeacherClassTableViewCell.h */,
				FD29512A197C01A800833473 /* AgendaTeacherClassTableViewCell.m */,
			);
			name = Teacher;
			sourceTree = "<group>";
		};
		FDC1FA61196C5C0200150F66 /* DejalActivityView */ = {
			isa = PBXGroup;
			children = (
				FDC1FA62196C5C3100150F66 /* DejalActivityView.h */,
				FDC1FA63196C5C3100150F66 /* DejalActivityView.m */,
				FDC1FA64196C5C3100150F66 /* License.txt */,
			);
			path = DejalActivityView;
			sourceTree = "<group>";
		};
		FDC907D7192A83D900646A68 /* Objects */ = {
			isa = PBXGroup;
			children = (
				FDC907D8192A83D900646A68 /* Object.h */,
				FDC907D9192A83D900646A68 /* Object.m */,
				FDC907DA192A83D900646A68 /* User.h */,
				FDC907DB192A83D900646A68 /* User.m */,
			);
			path = Objects;
			sourceTree = "<group>";
		};
		FDC907DE192A847000646A68 /* Utils */ = {
			isa = PBXGroup;
			children = (
				FDC907DF192A847000646A68 /* HTTPErrors.strings */,
				FDC907E1192A847000646A68 /* CloudKeychainManager.h */,
				FDC907E2192A847000646A68 /* CloudKeychainManager.m */,
				FDC907E4192A847000646A68 /* IOSRequest.h */,
				FDC907E5192A847000646A68 /* IOSRequest.m */,
				928721061944658500C70168 /* AMPieChartView */,
				929F47301955CB2B003CC61B /* CloudDateConverter.h */,
				929F47311955CB2B003CC61B /* CloudDateConverter.m */,
			);
			path = Utils;
			sourceTree = "<group>";
		};
		FDC907E6192A847000646A68 /* Vendors */ = {
			isa = PBXGroup;
			children = (
				FD6717CC1972B551001C81B3 /* EGOCache */,
				9244EC55196DAF55004E8434 /* DSLCalendarView */,
				FDC1FA61196C5C0200150F66 /* DejalActivityView */,
				FD49BC6A1927C91000AAA3A6 /* SWRevealViewController */,
			);
			path = Vendors;
			sourceTree = "<group>";
		};
		FDC9080F192A847000646A68 /* ViewControllers */ = {
			isa = PBXGroup;
			children = (
				FD854A481952DD87008F046D /* Abstracts */,
				FD854A441952DB0A008F046D /* Server */,
				FDEA48D8195099920026210D /* Navigation */,
				FDC90835192A851600646A68 /* Agenda */,
				FDC90810192A847000646A68 /* Authentication */,
				FDC90816192A847000646A68 /* HomeScreen */,
			);
			path = ViewControllers;
			sourceTree = "<group>";
		};
		FDC90810192A847000646A68 /* Authentication */ = {
			isa = PBXGroup;
			children = (
				FDC90811192A847000646A68 /* AuthenticationViewController.h */,
				FDC90812192A847000646A68 /* AuthenticationViewController.m */,
				FDC90813192A847000646A68 /* AuthenticationVC.strings */,
			);
			path = Authentication;
			sourceTree = "<group>";
		};
		FDC90816192A847000646A68 /* HomeScreen */ = {
			isa = PBXGroup;
			children = (
				FDC9081A192A847000646A68 /* HomeScreenViewController.h */,
				FDC9081B192A847000646A68 /* HomeScreenViewController.m */,
				FDC90817192A847000646A68 /* HomeScreenVC.strings */,
			);
			path = HomeScreen;
			sourceTree = "<group>";
		};
		FDC90835192A851600646A68 /* Agenda */ = {
			isa = PBXGroup;
			children = (
				FDBF7CED197BEFF400C43B33 /* Student */,
				FDBF7CEE197BF00E00C43B33 /* Teacher */,
				92C2120F194731CC0059B6B4 /* AgendaAssignment.h */,
				92C21210194731CC0059B6B4 /* AgendaAssignment.m */,
			);
			path = Agenda;
			sourceTree = "<group>";
		};
		FDC9083B192A863E00646A68 /* UISubclasses */ = {
			isa = PBXGroup;
			children = (
				FDC9083C192A863E00646A68 /* CloudButton.h */,
				FDC9083D192A863E00646A68 /* CloudButton.m */,
				FDC9083E192A863E00646A68 /* CloudLabel.h */,
				FDC9083F192A863E00646A68 /* CloudLabel.m */,
				FDC90840192A863E00646A68 /* CloudTextField.h */,
				FDC90841192A863E00646A68 /* CloudTextField.m */,
				FDC90842192A863E00646A68 /* UICloud.h */,
				FD6717D21972C2AE001C81B3 /* CloudTableView.h */,
				FD6717D31972C2AE001C81B3 /* CloudTableView.m */,
				FD6717D51972C2F6001C81B3 /* CloudTableViewDelegate.h */,
			);
			path = UISubclasses;
			sourceTree = "<group>";
		};
		FDDA094318F5BA62000A1029 /* Resources */ = {
			isa = PBXGroup;
			children = (
				FD3FA7BE18FC2D8B0072B731 /* Images */,
				FDDA094418F5BA7B000A1029 /* Fonts */,
			);
			path = Resources;
			sourceTree = "<group>";
		};
		FDDA094418F5BA7B000A1029 /* Fonts */ = {
			isa = PBXGroup;
			children = (
				FD49BC6E1927D9EA00AAA3A6 /* Fira */,
			);
			path = Fonts;
			sourceTree = "<group>";
		};
		FDEA48D8195099920026210D /* Navigation */ = {
			isa = PBXGroup;
			children = (
				FDEA48D919509A270026210D /* NavigationViewController.h */,
				FDEA48DA19509A270026210D /* NavigationViewController.m */,
			);
			path = Navigation;
			sourceTree = "<group>";
		};
/* End PBXGroup section */

/* Begin PBXNativeTarget section */
		E478BB4818A0E8290068DEB1 /* Cloudiversity */ = {
			isa = PBXNativeTarget;
			buildConfigurationList = E478BB7B18A0E8290068DEB1 /* Build configuration list for PBXNativeTarget "Cloudiversity" */;
			buildPhases = (
				E3079C0462074D299867BFB4 /* Check Pods Manifest.lock */,
				E478BB4518A0E8290068DEB1 /* Sources */,
				E478BB4618A0E8290068DEB1 /* Frameworks */,
				E478BB4718A0E8290068DEB1 /* Resources */,
				2A8E39AF451D41CBB822BAF8 /* Copy Pods Resources */,
			);
			buildRules = (
			);
			dependencies = (
			);
			name = Cloudiversity;
			productName = Cloudiversity;
			productReference = FD1D4F01191E79ED008B530E /* Cloudiversity.app */;
			productType = "com.apple.product-type.application";
		};
		E478BB6918A0E8290068DEB1 /* CloudiversityTests */ = {
			isa = PBXNativeTarget;
			buildConfigurationList = E478BB7E18A0E8290068DEB1 /* Build configuration list for PBXNativeTarget "CloudiversityTests" */;
			buildPhases = (
				88B09367F745417E89309DCC /* Check Pods Manifest.lock */,
				E478BB6618A0E8290068DEB1 /* Sources */,
				E478BB6718A0E8290068DEB1 /* Frameworks */,
				E478BB6818A0E8290068DEB1 /* Resources */,
				FCE546DDCDAB4E94A8C69A04 /* Copy Pods Resources */,
			);
			buildRules = (
			);
			dependencies = (
				E478BB7018A0E8290068DEB1 /* PBXTargetDependency */,
			);
			name = CloudiversityTests;
			productName = CloudiversityTests;
			productReference = FD1D4F02191E79ED008B530E /* CloudiversityTests.xctest */;
			productType = "com.apple.product-type.bundle.unit-test";
		};
/* End PBXNativeTarget section */

/* Begin PBXProject section */
		E478BB4118A0E8290068DEB1 /* Project object */ = {
			isa = PBXProject;
			attributes = {
				CLASSPREFIX = Cloud;
				LastUpgradeCheck = 0510;
				ORGANIZATIONNAME = Cloudiversity;
				TargetAttributes = {
					E478BB6918A0E8290068DEB1 = {
						TestTargetID = E478BB4818A0E8290068DEB1;
					};
				};
			};
			buildConfigurationList = E478BB4418A0E8290068DEB1 /* Build configuration list for PBXProject "Cloudiversity" */;
			compatibilityVersion = "Xcode 3.2";
			developmentRegion = English;
			hasScannedForEncodings = 0;
			knownRegions = (
				en,
				Base,
				fr,
			);
			mainGroup = E478BB4018A0E8290068DEB1;
			productRefGroup = E478BB4018A0E8290068DEB1;
			projectDirPath = "";
			projectRoot = "";
			targets = (
				E478BB4818A0E8290068DEB1 /* Cloudiversity */,
				E478BB6918A0E8290068DEB1 /* CloudiversityTests */,
			);
		};
/* End PBXProject section */

/* Begin PBXResourcesBuildPhase section */
		E478BB4718A0E8290068DEB1 /* Resources */ = {
			isa = PBXResourcesBuildPhase;
			buildActionMask = 2147483647;
			files = (
				FDDA095018F5BA9F000A1029 /* FiraMonoOT-Regular.otf in Resources */,
				FDDA095418F5BA9F000A1029 /* FiraSansOT-LightItalic.otf in Resources */,
				9244EC99196DAF55004E8434 /* DSLCalendarDaySelection-right.png in Resources */,
				FDF8DDFC19280AFE00237054 /* menu@2x.png in Resources */,
				FD3FA7CD18FC2F0A0072B731 /* Logo_40x40.png in Resources */,
				E478BB6518A0E8290068DEB1 /* Images.xcassets in Resources */,
				FDDA095818F5BA9F000A1029 /* FiraSansOT-RegularItalic.otf in Resources */,
				FDAFAFDC1951D3230070F396 /* Icon_clear_42x42@2x.png in Resources */,
				FD3FA7CE18FC2F0A0072B731 /* Logo_60x60.png in Resources */,
				FDC90833192A847000646A68 /* HomeScreenVC.strings in Resources */,
				FD35BC391955F27200091678 /* filter.png in Resources */,
				FDDA095318F5BA9F000A1029 /* FiraSansOT-Light.otf in Resources */,
				FDAFAFDF1951D4F40070F396 /* calendar.png in Resources */,
				FDAFAFDA1951D2C90070F396 /* Icon_clear_42x42.png in Resources */,
				92DB6AF3199D13DE00945122 /* AgendaStudentVC.strings in Resources */,
				9244EC89196DAF55004E8434 /* DSLCalendar-previousMonth.png in Resources */,
				9244EC97196DAF55004E8434 /* DSLCalendarDaySelection-middle@2x.png in Resources */,
				FDAFAFE01951D4F40070F396 /* calendar@2x.png in Resources */,
				9244EC8F196DAF55004E8434 /* DSLCalendarDayCallout@2x.png in Resources */,
				9244EC8B196DAF55004E8434 /* DSLCalendar-previousMonth@2x.png in Resources */,
				FD29512F197C051400833473 /* plus.png in Resources */,
				FDDA095118F5BA9F000A1029 /* FiraSansOT-Bold.otf in Resources */,
				FDF8DDFB19280AFE00237054 /* menu.png in Resources */,
				FD3FA7D618FC3A160072B731 /* Icon_60x60.png in Resources */,
				9244EC9B196DAF55004E8434 /* DSLCalendarDaySelection-right@2x.png in Resources */,
				FDAFAFCE1951CA030070F396 /* sign-out@2x.png in Resources */,
				FDC9081C192A847000646A68 /* HTTPErrors.strings in Resources */,
				FDDA095718F5BA9F000A1029 /* FiraSansOT-Regular.otf in Resources */,
				FD854A4E1952E3FD008F046D /* ServerVC.strings in Resources */,
				9244EC93196DAF55004E8434 /* DSLCalendarDaySelection-left@2x.png in Resources */,
				9244EC7D196DAF55004E8434 /* DSLCalendarMonthSelectorView.xib in Resources */,
				FD29512E197C051400833473 /* plus@2x.png in Resources */,
				9244EC91196DAF55004E8434 /* DSLCalendarDaySelection-left.png in Resources */,
				FD3FA7CF18FC2F0A0072B731 /* Logo_500x500.png in Resources */,
				9244EC9F196DAF55004E8434 /* DSLCalendarDaySelection@2x.png in Resources */,
				9244EC87196DAF55004E8434 /* DSLCalendar-nextMonth@2x.png in Resources */,
				FDDA095518F5BA9F000A1029 /* FiraSansOT-Medium.otf in Resources */,
				9244EC9D196DAF55004E8434 /* DSLCalendarDaySelection.png in Resources */,
				9244EC8D196DAF55004E8434 /* DSLCalendarDayCallout.png in Resources */,
				9244EC95196DAF55004E8434 /* DSLCalendarDaySelection-middle.png in Resources */,
				FD0F98751923ED72002DF049 /* Main.storyboard in Resources */,
				FD3FA7CC18FC2F0A0072B731 /* Logo_29x29.png in Resources */,
				FD3FA7D418FC3A160072B731 /* Icon_29x29.png in Resources */,
				FDC90832192A847000646A68 /* AuthenticationVC.strings in Resources */,
				FDDA095618F5BA9F000A1029 /* FiraSansOT-MediumItalic.otf in Resources */,
				FDAFAFD41951CA180070F396 /* Icon_clear_500x500.png in Resources */,
				FD3FA7D518FC3A160072B731 /* Icon_40x40.png in Resources */,
				9244EC85196DAF55004E8434 /* DSLCalendar-nextMonth.png in Resources */,
				9244EC77196DAF55004E8434 /* DSLCalendarDayCalloutView.xib in Resources */,
				FDDA094F18F5BA9F000A1029 /* FiraMonoOT-Bold.otf in Resources */,
				FD3FA7D718FC3A160072B731 /* Icon_500x500.png in Resources */,
				FD35BC3A1955F27200091678 /* filter@2x.png in Resources */,
				FDDA095218F5BA9F000A1029 /* FiraSansOT-BoldItalic.otf in Resources */,
			);
			runOnlyForDeploymentPostprocessing = 0;
		};
		E478BB6818A0E8290068DEB1 /* Resources */ = {
			isa = PBXResourcesBuildPhase;
			buildActionMask = 2147483647;
			files = (
				9244EC90196DAF55004E8434 /* DSLCalendarDayCallout@2x.png in Resources */,
				9244ECA8196DAFA2004E8434 /* LICENSE.markdown in Resources */,
				9244EC8A196DAF55004E8434 /* DSLCalendar-previousMonth.png in Resources */,
				9244EC88196DAF55004E8434 /* DSLCalendar-nextMonth@2x.png in Resources */,
				9244EC9C196DAF55004E8434 /* DSLCalendarDaySelection-right@2x.png in Resources */,
				9244EC9E196DAF55004E8434 /* DSLCalendarDaySelection.png in Resources */,
				9244EC98196DAF55004E8434 /* DSLCalendarDaySelection-middle@2x.png in Resources */,
				92DB6AF4199D13DE00945122 /* AgendaStudentVC.strings in Resources */,
				9244EC86196DAF55004E8434 /* DSLCalendar-nextMonth.png in Resources */,
				9244EC7E196DAF55004E8434 /* DSLCalendarMonthSelectorView.xib in Resources */,
				9244EC94196DAF55004E8434 /* DSLCalendarDaySelection-left@2x.png in Resources */,
				9244EC96196DAF55004E8434 /* DSLCalendarDaySelection-middle.png in Resources */,
				9244EC9A196DAF55004E8434 /* DSLCalendarDaySelection-right.png in Resources */,
				9244EC8C196DAF55004E8434 /* DSLCalendar-previousMonth@2x.png in Resources */,
				9244ECA0196DAF55004E8434 /* DSLCalendarDaySelection@2x.png in Resources */,
				9244EC78196DAF55004E8434 /* DSLCalendarDayCalloutView.xib in Resources */,
				9244EC8E196DAF55004E8434 /* DSLCalendarDayCallout.png in Resources */,
				9244EC92196DAF55004E8434 /* DSLCalendarDaySelection-left.png in Resources */,
			);
			runOnlyForDeploymentPostprocessing = 0;
		};
/* End PBXResourcesBuildPhase section */

/* Begin PBXShellScriptBuildPhase section */
		2A8E39AF451D41CBB822BAF8 /* Copy Pods Resources */ = {
			isa = PBXShellScriptBuildPhase;
			buildActionMask = 2147483647;
			files = (
			);
			inputPaths = (
			);
			name = "Copy Pods Resources";
			outputPaths = (
			);
			runOnlyForDeploymentPostprocessing = 0;
			shellPath = /bin/sh;
			shellScript = "\"${SRCROOT}/Pods/Pods-Cloudiversity-resources.sh\"\n";
			showEnvVarsInLog = 0;
		};
		88B09367F745417E89309DCC /* Check Pods Manifest.lock */ = {
			isa = PBXShellScriptBuildPhase;
			buildActionMask = 2147483647;
			files = (
			);
			inputPaths = (
			);
			name = "Check Pods Manifest.lock";
			outputPaths = (
			);
			runOnlyForDeploymentPostprocessing = 0;
			shellPath = /bin/sh;
			shellScript = "diff \"${PODS_ROOT}/../Podfile.lock\" \"${PODS_ROOT}/Manifest.lock\" > /dev/null\nif [[ $? != 0 ]] ; then\n    cat << EOM\nerror: The sandbox is not in sync with the Podfile.lock. Run 'pod install' or update your CocoaPods installation.\nEOM\n    exit 1\nfi\n";
			showEnvVarsInLog = 0;
		};
		E3079C0462074D299867BFB4 /* Check Pods Manifest.lock */ = {
			isa = PBXShellScriptBuildPhase;
			buildActionMask = 2147483647;
			files = (
			);
			inputPaths = (
			);
			name = "Check Pods Manifest.lock";
			outputPaths = (
			);
			runOnlyForDeploymentPostprocessing = 0;
			shellPath = /bin/sh;
			shellScript = "diff \"${PODS_ROOT}/../Podfile.lock\" \"${PODS_ROOT}/Manifest.lock\" > /dev/null\nif [[ $? != 0 ]] ; then\n    cat << EOM\nerror: The sandbox is not in sync with the Podfile.lock. Run 'pod install' or update your CocoaPods installation.\nEOM\n    exit 1\nfi\n";
			showEnvVarsInLog = 0;
		};
		FCE546DDCDAB4E94A8C69A04 /* Copy Pods Resources */ = {
			isa = PBXShellScriptBuildPhase;
			buildActionMask = 2147483647;
			files = (
			);
			inputPaths = (
			);
			name = "Copy Pods Resources";
			outputPaths = (
			);
			runOnlyForDeploymentPostprocessing = 0;
			shellPath = /bin/sh;
			shellScript = "\"${SRCROOT}/Pods/Pods-CloudiversityTests-resources.sh\"\n";
			showEnvVarsInLog = 0;
		};
/* End PBXShellScriptBuildPhase section */

/* Begin PBXSourcesBuildPhase section */
		E478BB4518A0E8290068DEB1 /* Sources */ = {
			isa = PBXSourcesBuildPhase;
			buildActionMask = 2147483647;
			files = (
				E478BB5918A0E8290068DEB1 /* main.m in Sources */,
				9244EC75196DAF55004E8434 /* DSLCalendarDayCalloutView.m in Sources */,
				FD29512B197C01A800833473 /* AgendaTeacherClassTableViewCell.m in Sources */,
				9244EC81196DAF55004E8434 /* DSLCalendarRange.m in Sources */,
				FD24148919741B8B0069618E /* AgendaTeacherTableViewCell.m in Sources */,
				FDC907DC192A83D900646A68 /* Object.m in Sources */,
				9244EC79196DAF55004E8434 /* DSLCalendarDayView.m in Sources */,
				FDC9081E192A847000646A68 /* IOSRequest.m in Sources */,
				FD6717D41972C2AE001C81B3 /* CloudTableView.m in Sources */,
				92E2A08A1946CE1500679A24 /* AgendaStudentTaskViewController.m in Sources */,
				9244EC7B196DAF55004E8434 /* DSLCalendarMonthSelectorView.m in Sources */,
				FDC1FA65196C5C3100150F66 /* DejalActivityView.m in Sources */,
				FD854A4B1952DDC2008F046D /* AbstractLogoViewViewController.m in Sources */,
				FDC90831192A847000646A68 /* AuthenticationViewController.m in Sources */,
				FD854A471952DB37008F046D /* ServerViewController.m in Sources */,
				FD19FB2219059006000B4688 /* UIColor+Cloud.m in Sources */,
				9244EC7F196DAF55004E8434 /* DSLCalendarMonthView.m in Sources */,
				FDC9083A192A851600646A68 /* AgendaStudentViewController.m in Sources */,
				FDC90843192A863E00646A68 /* CloudButton.m in Sources */,
				92C2120D19471D510059B6B4 /* AgendaStudentTableViewCell.m in Sources */,
				9244EC83196DAF55004E8434 /* DSLCalendarView.m in Sources */,
				FD6717D01972B586001C81B3 /* EGOCache.m in Sources */,
				FDC90844192A863E00646A68 /* CloudLabel.m in Sources */,
				FDEA48DB19509A270026210D /* NavigationViewController.m in Sources */,
				FDC90845192A863E00646A68 /* CloudTextField.m in Sources */,
				FDC90834192A847000646A68 /* HomeScreenViewController.m in Sources */,
				FDC9081D192A847000646A68 /* CloudKeychainManager.m in Sources */,
				9244ECA1196DAF55004E8434 /* NSDate+DSLCalendarView.m in Sources */,
				928721091944658500C70168 /* AMPieChartView.m in Sources */,
				FD49BC6D1927C92500AAA3A6 /* SWRevealViewController.m in Sources */,
				E478BB5D18A0E8290068DEB1 /* CloudiversityAppDelegate.m in Sources */,
				9287210D194466A200C70168 /* AgendaFilterViewController.m in Sources */,
				FDBF7CF1197BF06900C43B33 /* AgendaTeacherClassViewController.m in Sources */,
				929F47321955CB2B003CC61B /* CloudDateConverter.m in Sources */,
				FDC907DD192A83D900646A68 /* User.m in Sources */,
				FDCEE15E196D8B9D002B3579 /* AbstractViewController.m in Sources */,
				FD241486197412210069618E /* AbstractTableViewController.m in Sources */,
				92C21211194731CC0059B6B4 /* AgendaAssignment.m in Sources */,
				FD24147F1973C1890069618E /* AgendaTeacherViewController.m in Sources */,
			);
			runOnlyForDeploymentPostprocessing = 0;
		};
		E478BB6618A0E8290068DEB1 /* Sources */ = {
			isa = PBXSourcesBuildPhase;
			buildActionMask = 2147483647;
			files = (
				9287210E194466A200C70168 /* AgendaFilterViewController.m in Sources */,
				9244EC7A196DAF55004E8434 /* DSLCalendarDayView.m in Sources */,
				92C2120E19471D510059B6B4 /* AgendaStudentTableViewCell.m in Sources */,
				9287210A1944658500C70168 /* AMPieChartView.m in Sources */,
				9244ECA2196DAF55004E8434 /* NSDate+DSLCalendarView.m in Sources */,
				E478BB7818A0E8290068DEB1 /* CloudiversityTests.m in Sources */,
				9244EC82196DAF55004E8434 /* DSLCalendarRange.m in Sources */,
				929F47331955CB2B003CC61B /* CloudDateConverter.m in Sources */,
				9244EC76196DAF55004E8434 /* DSLCalendarDayCalloutView.m in Sources */,
				9244EC80196DAF55004E8434 /* DSLCalendarMonthView.m in Sources */,
				92E2A08B1946CE1500679A24 /* AgendaStudentTaskViewController.m in Sources */,
				9244EC84196DAF55004E8434 /* DSLCalendarView.m in Sources */,
				9244EC7C196DAF55004E8434 /* DSLCalendarMonthSelectorView.m in Sources */,
				92DD1E0118FC4F2F000386EE /* UIColor+CloudColor.m in Sources */,
				92C21212194731CC0059B6B4 /* AgendaAssignment.m in Sources */,
			);
			runOnlyForDeploymentPostprocessing = 0;
		};
/* End PBXSourcesBuildPhase section */

/* Begin PBXTargetDependency section */
		E478BB7018A0E8290068DEB1 /* PBXTargetDependency */ = {
			isa = PBXTargetDependency;
			target = E478BB4818A0E8290068DEB1 /* Cloudiversity */;
			targetProxy = E478BB6F18A0E8290068DEB1 /* PBXContainerItemProxy */;
		};
/* End PBXTargetDependency section */

/* Begin PBXVariantGroup section */
		92DB6AF6199D13DE00945122 /* AgendaStudentVC.strings */ = {
			isa = PBXVariantGroup;
			children = (
				92DB6AF5199D13DE00945122 /* Base */,
				92DB6AF7199D13E300945122 /* fr */,
			);
			name = AgendaStudentVC.strings;
			sourceTree = "<group>";
		};
		FD854A501952E3FD008F046D /* ServerVC.strings */ = {
			isa = PBXVariantGroup;
			children = (
				FD854A4F1952E3FD008F046D /* Base */,
				FD854A511952E404008F046D /* fr */,
			);
			name = ServerVC.strings;
			sourceTree = "<group>";
		};
		FDC907DF192A847000646A68 /* HTTPErrors.strings */ = {
			isa = PBXVariantGroup;
			children = (
				FDC907E0192A847000646A68 /* Base */,
				FDC907E3192A847000646A68 /* fr */,
			);
			name = HTTPErrors.strings;
			sourceTree = "<group>";
		};
		FDC90813192A847000646A68 /* AuthenticationVC.strings */ = {
			isa = PBXVariantGroup;
			children = (
				FDC90814192A847000646A68 /* Base */,
				FDC90815192A847000646A68 /* fr */,
			);
			name = AuthenticationVC.strings;
			sourceTree = "<group>";
		};
		FDC90817192A847000646A68 /* HomeScreenVC.strings */ = {
			isa = PBXVariantGroup;
			children = (
				FDC90818192A847000646A68 /* Base */,
				FDC90819192A847000646A68 /* fr */,
			);
			name = HomeScreenVC.strings;
			sourceTree = "<group>";
		};
/* End PBXVariantGroup section */

/* Begin XCBuildConfiguration section */
		E478BB7918A0E8290068DEB1 /* Debug */ = {
			isa = XCBuildConfiguration;
			buildSettings = {
				ALWAYS_SEARCH_USER_PATHS = NO;
				CLANG_CXX_LANGUAGE_STANDARD = "gnu++0x";
				CLANG_CXX_LIBRARY = "libc++";
				CLANG_ENABLE_MODULES = YES;
				CLANG_ENABLE_OBJC_ARC = YES;
				CLANG_WARN_BOOL_CONVERSION = YES;
				CLANG_WARN_CONSTANT_CONVERSION = YES;
				CLANG_WARN_DIRECT_OBJC_ISA_USAGE = YES_ERROR;
				CLANG_WARN_EMPTY_BODY = YES;
				CLANG_WARN_ENUM_CONVERSION = YES;
				CLANG_WARN_INT_CONVERSION = YES;
				CLANG_WARN_OBJC_ROOT_CLASS = YES_ERROR;
				CLANG_WARN__DUPLICATE_METHOD_MATCH = YES;
				"CODE_SIGN_IDENTITY[sdk=iphoneos*]" = "iPhone Developer";
				COPY_PHASE_STRIP = NO;
				GCC_C_LANGUAGE_STANDARD = gnu99;
				GCC_DYNAMIC_NO_PIC = NO;
				GCC_OPTIMIZATION_LEVEL = 0;
				GCC_PREPROCESSOR_DEFINITIONS = (
					"DEBUG=1",
					"$(inherited)",
				);
				GCC_SYMBOLS_PRIVATE_EXTERN = NO;
				GCC_WARN_64_TO_32_BIT_CONVERSION = YES;
				GCC_WARN_ABOUT_RETURN_TYPE = YES_ERROR;
				GCC_WARN_UNDECLARED_SELECTOR = YES;
				GCC_WARN_UNINITIALIZED_AUTOS = YES;
				GCC_WARN_UNUSED_FUNCTION = YES;
				GCC_WARN_UNUSED_VARIABLE = YES;
				IPHONEOS_DEPLOYMENT_TARGET = 7.0;
				ONLY_ACTIVE_ARCH = YES;
				SDKROOT = iphoneos;
			};
			name = Debug;
		};
		E478BB7A18A0E8290068DEB1 /* Release */ = {
			isa = XCBuildConfiguration;
			buildSettings = {
				ALWAYS_SEARCH_USER_PATHS = NO;
				CLANG_CXX_LANGUAGE_STANDARD = "gnu++0x";
				CLANG_CXX_LIBRARY = "libc++";
				CLANG_ENABLE_MODULES = YES;
				CLANG_ENABLE_OBJC_ARC = YES;
				CLANG_WARN_BOOL_CONVERSION = YES;
				CLANG_WARN_CONSTANT_CONVERSION = YES;
				CLANG_WARN_DIRECT_OBJC_ISA_USAGE = YES_ERROR;
				CLANG_WARN_EMPTY_BODY = YES;
				CLANG_WARN_ENUM_CONVERSION = YES;
				CLANG_WARN_INT_CONVERSION = YES;
				CLANG_WARN_OBJC_ROOT_CLASS = YES_ERROR;
				CLANG_WARN__DUPLICATE_METHOD_MATCH = YES;
				"CODE_SIGN_IDENTITY[sdk=iphoneos*]" = "iPhone Developer";
				COPY_PHASE_STRIP = YES;
				ENABLE_NS_ASSERTIONS = NO;
				GCC_C_LANGUAGE_STANDARD = gnu99;
				GCC_WARN_64_TO_32_BIT_CONVERSION = YES;
				GCC_WARN_ABOUT_RETURN_TYPE = YES_ERROR;
				GCC_WARN_UNDECLARED_SELECTOR = YES;
				GCC_WARN_UNINITIALIZED_AUTOS = YES;
				GCC_WARN_UNUSED_FUNCTION = YES;
				GCC_WARN_UNUSED_VARIABLE = YES;
				IPHONEOS_DEPLOYMENT_TARGET = 7.0;
				ONLY_ACTIVE_ARCH = NO;
				SDKROOT = iphoneos;
				VALIDATE_PRODUCT = YES;
			};
			name = Release;
		};
		E478BB7C18A0E8290068DEB1 /* Debug */ = {
			isa = XCBuildConfiguration;
			baseConfigurationReference = 48782694031E469197773748 /* Pods-Cloudiversity.xcconfig */;
			buildSettings = {
				ASSETCATALOG_COMPILER_APPICON_NAME = AppIcon;
				ASSETCATALOG_COMPILER_LAUNCHIMAGE_NAME = LaunchImage;
				GCC_PRECOMPILE_PREFIX_HEADER = YES;
				GCC_PREFIX_HEADER = "Cloudiversity/Cloudiversity-Prefix.pch";
				INFOPLIST_FILE = "Cloudiversity/Cloudiversity-Info.plist";
				PRODUCT_NAME = "$(TARGET_NAME)";
				WRAPPER_EXTENSION = app;
			};
			name = Debug;
		};
		E478BB7D18A0E8290068DEB1 /* Release */ = {
			isa = XCBuildConfiguration;
			baseConfigurationReference = 48782694031E469197773748 /* Pods-Cloudiversity.xcconfig */;
			buildSettings = {
				ASSETCATALOG_COMPILER_APPICON_NAME = AppIcon;
				ASSETCATALOG_COMPILER_LAUNCHIMAGE_NAME = LaunchImage;
				GCC_PRECOMPILE_PREFIX_HEADER = YES;
				GCC_PREFIX_HEADER = "Cloudiversity/Cloudiversity-Prefix.pch";
				INFOPLIST_FILE = "Cloudiversity/Cloudiversity-Info.plist";
				"OTHER_LDFLAGS[arch=*]" = "";
				PRODUCT_NAME = "$(TARGET_NAME)";
				WRAPPER_EXTENSION = app;
			};
			name = Release;
		};
		E478BB7F18A0E8290068DEB1 /* Debug */ = {
			isa = XCBuildConfiguration;
			baseConfigurationReference = F48E33669C634B28AB409B52 /* Pods-CloudiversityTests.xcconfig */;
			buildSettings = {
				BUNDLE_LOADER = "$(BUILT_PRODUCTS_DIR)/Cloudiversity.app/Cloudiversity";
				FRAMEWORK_SEARCH_PATHS = (
					"$(SDKROOT)/Developer/Library/Frameworks",
					"$(inherited)",
					"$(DEVELOPER_FRAMEWORKS_DIR)",
				);
				GCC_PRECOMPILE_PREFIX_HEADER = YES;
				GCC_PREFIX_HEADER = "Cloudiversity/Cloudiversity-Prefix.pch";
				GCC_PREPROCESSOR_DEFINITIONS = (
					"DEBUG=1",
					"$(inherited)",
				);
				INFOPLIST_FILE = "CloudiversityTests/CloudiversityTests-Info.plist";
				PRODUCT_NAME = "$(TARGET_NAME)";
				TEST_HOST = "$(BUNDLE_LOADER)";
				WRAPPER_EXTENSION = xctest;
			};
			name = Debug;
		};
		E478BB8018A0E8290068DEB1 /* Release */ = {
			isa = XCBuildConfiguration;
			baseConfigurationReference = F48E33669C634B28AB409B52 /* Pods-CloudiversityTests.xcconfig */;
			buildSettings = {
				BUNDLE_LOADER = "$(BUILT_PRODUCTS_DIR)/Cloudiversity.app/Cloudiversity";
				FRAMEWORK_SEARCH_PATHS = (
					"$(SDKROOT)/Developer/Library/Frameworks",
					"$(inherited)",
					"$(DEVELOPER_FRAMEWORKS_DIR)",
				);
				GCC_PRECOMPILE_PREFIX_HEADER = YES;
				GCC_PREFIX_HEADER = "Cloudiversity/Cloudiversity-Prefix.pch";
				INFOPLIST_FILE = "CloudiversityTests/CloudiversityTests-Info.plist";
				PRODUCT_NAME = "$(TARGET_NAME)";
				TEST_HOST = "$(BUNDLE_LOADER)";
				WRAPPER_EXTENSION = xctest;
			};
			name = Release;
		};
/* End XCBuildConfiguration section */

/* Begin XCConfigurationList section */
		E478BB4418A0E8290068DEB1 /* Build configuration list for PBXProject "Cloudiversity" */ = {
			isa = XCConfigurationList;
			buildConfigurations = (
				E478BB7918A0E8290068DEB1 /* Debug */,
				E478BB7A18A0E8290068DEB1 /* Release */,
			);
			defaultConfigurationIsVisible = 0;
			defaultConfigurationName = Release;
		};
		E478BB7B18A0E8290068DEB1 /* Build configuration list for PBXNativeTarget "Cloudiversity" */ = {
			isa = XCConfigurationList;
			buildConfigurations = (
				E478BB7C18A0E8290068DEB1 /* Debug */,
				E478BB7D18A0E8290068DEB1 /* Release */,
			);
			defaultConfigurationIsVisible = 0;
			defaultConfigurationName = Release;
		};
		E478BB7E18A0E8290068DEB1 /* Build configuration list for PBXNativeTarget "CloudiversityTests" */ = {
			isa = XCConfigurationList;
			buildConfigurations = (
				E478BB7F18A0E8290068DEB1 /* Debug */,
				E478BB8018A0E8290068DEB1 /* Release */,
			);
			defaultConfigurationIsVisible = 0;
			defaultConfigurationName = Release;
		};
/* End XCConfigurationList section */
	};
	rootObject = E478BB4118A0E8290068DEB1 /* Project object */;
}
