// !$*UTF8*$!
{
	archiveVersion = 1;
	classes = {
	};
	objectVersion = 46;
	objects = {

/* Begin PBXBuildFile section */
		920FC9611901784F0070D70E /* HomeScreenViewController.m in Sources */ = {isa = PBXBuildFile; fileRef = 920FC9601901784F0070D70E /* HomeScreenViewController.m */; };
		920FC9621901784F0070D70E /* HomeScreenViewController.m in Sources */ = {isa = PBXBuildFile; fileRef = 920FC9601901784F0070D70E /* HomeScreenViewController.m */; };
		E478BB4D18A0E8290068DEB1 /* Foundation.framework in Frameworks */ = {isa = PBXBuildFile; fileRef = E478BB4C18A0E8290068DEB1 /* Foundation.framework */; };
		E478BB4F18A0E8290068DEB1 /* CoreGraphics.framework in Frameworks */ = {isa = PBXBuildFile; fileRef = E478BB4E18A0E8290068DEB1 /* CoreGraphics.framework */; };
		E478BB5118A0E8290068DEB1 /* UIKit.framework in Frameworks */ = {isa = PBXBuildFile; fileRef = E478BB5018A0E8290068DEB1 /* UIKit.framework */; };
		E478BB5718A0E8290068DEB1 /* InfoPlist.strings in Resources */ = {isa = PBXBuildFile; fileRef = E478BB5518A0E8290068DEB1 /* InfoPlist.strings */; };
		E478BB5918A0E8290068DEB1 /* main.m in Sources */ = {isa = PBXBuildFile; fileRef = E478BB5818A0E8290068DEB1 /* main.m */; };
		E478BB5D18A0E8290068DEB1 /* CloudiversityAppDelegate.m in Sources */ = {isa = PBXBuildFile; fileRef = E478BB5C18A0E8290068DEB1 /* CloudiversityAppDelegate.m */; };
		E478BB6018A0E8290068DEB1 /* Main.storyboard in Resources */ = {isa = PBXBuildFile; fileRef = E478BB5E18A0E8290068DEB1 /* Main.storyboard */; };
		E478BB6318A0E8290068DEB1 /* CloudiversityViewController.m in Sources */ = {isa = PBXBuildFile; fileRef = E478BB6218A0E8290068DEB1 /* CloudiversityViewController.m */; };
		E478BB6518A0E8290068DEB1 /* Images.xcassets in Resources */ = {isa = PBXBuildFile; fileRef = E478BB6418A0E8290068DEB1 /* Images.xcassets */; };
		E478BB6C18A0E8290068DEB1 /* XCTest.framework in Frameworks */ = {isa = PBXBuildFile; fileRef = E478BB6B18A0E8290068DEB1 /* XCTest.framework */; };
		E478BB6D18A0E8290068DEB1 /* Foundation.framework in Frameworks */ = {isa = PBXBuildFile; fileRef = E478BB4C18A0E8290068DEB1 /* Foundation.framework */; };
		E478BB6E18A0E8290068DEB1 /* UIKit.framework in Frameworks */ = {isa = PBXBuildFile; fileRef = E478BB5018A0E8290068DEB1 /* UIKit.framework */; };
		E478BB7618A0E8290068DEB1 /* InfoPlist.strings in Resources */ = {isa = PBXBuildFile; fileRef = E478BB7418A0E8290068DEB1 /* InfoPlist.strings */; };
		E478BB7818A0E8290068DEB1 /* CloudiversityTests.m in Sources */ = {isa = PBXBuildFile; fileRef = E478BB7718A0E8290068DEB1 /* CloudiversityTests.m */; };
		E478BBA718A0FDCB0068DEB1 /* IOSRequest.m in Sources */ = {isa = PBXBuildFile; fileRef = E478BBA618A0FDCB0068DEB1 /* IOSRequest.m */; };
		E478BBAA18A156660068DEB1 /* NSString+WebService.m in Sources */ = {isa = PBXBuildFile; fileRef = E478BBA918A156660068DEB1 /* NSString+WebService.m */; };
		E478BBB718A2A2820068DEB1 /* Object.m in Sources */ = {isa = PBXBuildFile; fileRef = E478BBB618A2A2820068DEB1 /* Object.m */; };
		E478BBBA18A2A2DB0068DEB1 /* User.m in Sources */ = {isa = PBXBuildFile; fileRef = E478BBB918A2A2DB0068DEB1 /* User.m */; };
		FD19FB2219059006000B4688 /* UIColor+Cloud.m in Sources */ = {isa = PBXBuildFile; fileRef = FD19FB2119059006000B4688 /* UIColor+Cloud.m */; };
		FD3FA7CC18FC2F0A0072B731 /* Logo_29x29.png in Resources */ = {isa = PBXBuildFile; fileRef = FD3FA7C818FC2F0A0072B731 /* Logo_29x29.png */; };
		FD3FA7CD18FC2F0A0072B731 /* Logo_40x40.png in Resources */ = {isa = PBXBuildFile; fileRef = FD3FA7C918FC2F0A0072B731 /* Logo_40x40.png */; };
		FD3FA7CE18FC2F0A0072B731 /* Logo_60x60.png in Resources */ = {isa = PBXBuildFile; fileRef = FD3FA7CA18FC2F0A0072B731 /* Logo_60x60.png */; };
		FD3FA7CF18FC2F0A0072B731 /* Logo_500x500.png in Resources */ = {isa = PBXBuildFile; fileRef = FD3FA7CB18FC2F0A0072B731 /* Logo_500x500.png */; };
		FD3FA7D418FC3A160072B731 /* Icon_29x29.png in Resources */ = {isa = PBXBuildFile; fileRef = FD3FA7D018FC3A160072B731 /* Icon_29x29.png */; };
		FD3FA7D518FC3A160072B731 /* Icon_40x40.png in Resources */ = {isa = PBXBuildFile; fileRef = FD3FA7D118FC3A160072B731 /* Icon_40x40.png */; };
		FD3FA7D618FC3A160072B731 /* Icon_60x60.png in Resources */ = {isa = PBXBuildFile; fileRef = FD3FA7D218FC3A160072B731 /* Icon_60x60.png */; };
		FD3FA7D718FC3A160072B731 /* Icon_500x500.png in Resources */ = {isa = PBXBuildFile; fileRef = FD3FA7D318FC3A160072B731 /* Icon_500x500.png */; };
		FD8F82D61908072C00EDBDBE /* CloudKeychainManager.m in Sources */ = {isa = PBXBuildFile; fileRef = FD8F82D51908072C00EDBDBE /* CloudKeychainManager.m */; };
		FD8F82D819080AAA00EDBDBE /* Security.framework in Frameworks */ = {isa = PBXBuildFile; fileRef = FD8F82D719080AAA00EDBDBE /* Security.framework */; };
		FDDA094F18F5BA9F000A1029 /* FiraMonoOT-Bold.otf in Resources */ = {isa = PBXBuildFile; fileRef = FDDA094518F5BA9F000A1029 /* FiraMonoOT-Bold.otf */; };
		FDDA095018F5BA9F000A1029 /* FiraMonoOT-Regular.otf in Resources */ = {isa = PBXBuildFile; fileRef = FDDA094618F5BA9F000A1029 /* FiraMonoOT-Regular.otf */; };
		FDDA095118F5BA9F000A1029 /* FiraSansOT-Bold.otf in Resources */ = {isa = PBXBuildFile; fileRef = FDDA094718F5BA9F000A1029 /* FiraSansOT-Bold.otf */; };
		FDDA095218F5BA9F000A1029 /* FiraSansOT-BoldItalic.otf in Resources */ = {isa = PBXBuildFile; fileRef = FDDA094818F5BA9F000A1029 /* FiraSansOT-BoldItalic.otf */; };
		FDDA095318F5BA9F000A1029 /* FiraSansOT-Light.otf in Resources */ = {isa = PBXBuildFile; fileRef = FDDA094918F5BA9F000A1029 /* FiraSansOT-Light.otf */; };
		FDDA095418F5BA9F000A1029 /* FiraSansOT-LightItalic.otf in Resources */ = {isa = PBXBuildFile; fileRef = FDDA094A18F5BA9F000A1029 /* FiraSansOT-LightItalic.otf */; };
		FDDA095518F5BA9F000A1029 /* FiraSansOT-Medium.otf in Resources */ = {isa = PBXBuildFile; fileRef = FDDA094B18F5BA9F000A1029 /* FiraSansOT-Medium.otf */; };
		FDDA095618F5BA9F000A1029 /* FiraSansOT-MediumItalic.otf in Resources */ = {isa = PBXBuildFile; fileRef = FDDA094C18F5BA9F000A1029 /* FiraSansOT-MediumItalic.otf */; };
		FDDA095718F5BA9F000A1029 /* FiraSansOT-Regular.otf in Resources */ = {isa = PBXBuildFile; fileRef = FDDA094D18F5BA9F000A1029 /* FiraSansOT-Regular.otf */; };
		FDDA095818F5BA9F000A1029 /* FiraSansOT-RegularItalic.otf in Resources */ = {isa = PBXBuildFile; fileRef = FDDA094E18F5BA9F000A1029 /* FiraSansOT-RegularItalic.otf */; };
		FDDA095C18F5BC92000A1029 /* CloudLabel.m in Sources */ = {isa = PBXBuildFile; fileRef = FDDA095B18F5BC92000A1029 /* CloudLabel.m */; };
		FDDA095F18F5BEC4000A1029 /* CloudButton.m in Sources */ = {isa = PBXBuildFile; fileRef = FDDA095E18F5BEC4000A1029 /* CloudButton.m */; };
		FDDA096218F5BF2D000A1029 /* CloudTextField.m in Sources */ = {isa = PBXBuildFile; fileRef = FDDA096118F5BF2D000A1029 /* CloudTextField.m */; };
/* End PBXBuildFile section */

/* Begin PBXContainerItemProxy section */
		E478BB6F18A0E8290068DEB1 /* PBXContainerItemProxy */ = {
			isa = PBXContainerItemProxy;
			containerPortal = E478BB4118A0E8290068DEB1 /* Project object */;
			proxyType = 1;
			remoteGlobalIDString = E478BB4818A0E8290068DEB1;
			remoteInfo = Cloudiversity;
		};
/* End PBXContainerItemProxy section */

/* Begin PBXFileReference section */
		920FC95F1901784F0070D70E /* HomeScreenViewController.h */ = {isa = PBXFileReference; fileEncoding = 4; lastKnownFileType = sourcecode.c.h; path = HomeScreenViewController.h; sourceTree = "<group>"; };
		920FC9601901784F0070D70E /* HomeScreenViewController.m */ = {isa = PBXFileReference; fileEncoding = 4; lastKnownFileType = sourcecode.c.objc; path = HomeScreenViewController.m; sourceTree = "<group>"; };
		E478BB4918A0E8290068DEB1 /* Cloudiversity.app */ = {isa = PBXFileReference; explicitFileType = wrapper.application; includeInIndex = 0; path = Cloudiversity.app; sourceTree = BUILT_PRODUCTS_DIR; };
		E478BB4C18A0E8290068DEB1 /* Foundation.framework */ = {isa = PBXFileReference; lastKnownFileType = wrapper.framework; name = Foundation.framework; path = System/Library/Frameworks/Foundation.framework; sourceTree = SDKROOT; };
		E478BB4E18A0E8290068DEB1 /* CoreGraphics.framework */ = {isa = PBXFileReference; lastKnownFileType = wrapper.framework; name = CoreGraphics.framework; path = System/Library/Frameworks/CoreGraphics.framework; sourceTree = SDKROOT; };
		E478BB5018A0E8290068DEB1 /* UIKit.framework */ = {isa = PBXFileReference; lastKnownFileType = wrapper.framework; name = UIKit.framework; path = System/Library/Frameworks/UIKit.framework; sourceTree = SDKROOT; };
		E478BB5418A0E8290068DEB1 /* Cloudiversity-Info.plist */ = {isa = PBXFileReference; lastKnownFileType = text.plist.xml; path = "Cloudiversity-Info.plist"; sourceTree = "<group>"; };
		E478BB5618A0E8290068DEB1 /* en */ = {isa = PBXFileReference; lastKnownFileType = text.plist.strings; name = en; path = en.lproj/InfoPlist.strings; sourceTree = "<group>"; };
		E478BB5818A0E8290068DEB1 /* main.m */ = {isa = PBXFileReference; lastKnownFileType = sourcecode.c.objc; path = main.m; sourceTree = "<group>"; };
		E478BB5A18A0E8290068DEB1 /* Cloudiversity-Prefix.pch */ = {isa = PBXFileReference; lastKnownFileType = sourcecode.c.h; path = "Cloudiversity-Prefix.pch"; sourceTree = "<group>"; };
		E478BB5B18A0E8290068DEB1 /* CloudiversityAppDelegate.h */ = {isa = PBXFileReference; lastKnownFileType = sourcecode.c.h; path = CloudiversityAppDelegate.h; sourceTree = "<group>"; };
		E478BB5C18A0E8290068DEB1 /* CloudiversityAppDelegate.m */ = {isa = PBXFileReference; lastKnownFileType = sourcecode.c.objc; path = CloudiversityAppDelegate.m; sourceTree = "<group>"; };
		E478BB5F18A0E8290068DEB1 /* Base */ = {isa = PBXFileReference; lastKnownFileType = file.storyboard; name = Base; path = Base.lproj/Main.storyboard; sourceTree = "<group>"; };
		E478BB6118A0E8290068DEB1 /* CloudiversityViewController.h */ = {isa = PBXFileReference; lastKnownFileType = sourcecode.c.h; path = CloudiversityViewController.h; sourceTree = "<group>"; };
		E478BB6218A0E8290068DEB1 /* CloudiversityViewController.m */ = {isa = PBXFileReference; lastKnownFileType = sourcecode.c.objc; path = CloudiversityViewController.m; sourceTree = "<group>"; };
		E478BB6418A0E8290068DEB1 /* Images.xcassets */ = {isa = PBXFileReference; lastKnownFileType = folder.assetcatalog; path = Images.xcassets; sourceTree = "<group>"; };
		E478BB6A18A0E8290068DEB1 /* CloudiversityTests.xctest */ = {isa = PBXFileReference; explicitFileType = wrapper.cfbundle; includeInIndex = 0; path = CloudiversityTests.xctest; sourceTree = BUILT_PRODUCTS_DIR; };
		E478BB6B18A0E8290068DEB1 /* XCTest.framework */ = {isa = PBXFileReference; lastKnownFileType = wrapper.framework; name = XCTest.framework; path = Library/Frameworks/XCTest.framework; sourceTree = DEVELOPER_DIR; };
		E478BB7318A0E8290068DEB1 /* CloudiversityTests-Info.plist */ = {isa = PBXFileReference; lastKnownFileType = text.plist.xml; path = "CloudiversityTests-Info.plist"; sourceTree = "<group>"; };
		E478BB7518A0E8290068DEB1 /* en */ = {isa = PBXFileReference; lastKnownFileType = text.plist.strings; name = en; path = en.lproj/InfoPlist.strings; sourceTree = "<group>"; };
		E478BB7718A0E8290068DEB1 /* CloudiversityTests.m */ = {isa = PBXFileReference; lastKnownFileType = sourcecode.c.objc; path = CloudiversityTests.m; sourceTree = "<group>"; };
		E478BBA518A0FDCB0068DEB1 /* IOSRequest.h */ = {isa = PBXFileReference; fileEncoding = 4; lastKnownFileType = sourcecode.c.h; path = IOSRequest.h; sourceTree = "<group>"; };
		E478BBA618A0FDCB0068DEB1 /* IOSRequest.m */ = {isa = PBXFileReference; fileEncoding = 4; lastKnownFileType = sourcecode.c.objc; path = IOSRequest.m; sourceTree = "<group>"; };
		E478BBA818A156660068DEB1 /* NSString+WebService.h */ = {isa = PBXFileReference; fileEncoding = 4; lastKnownFileType = sourcecode.c.h; path = "NSString+WebService.h"; sourceTree = "<group>"; };
		E478BBA918A156660068DEB1 /* NSString+WebService.m */ = {isa = PBXFileReference; fileEncoding = 4; lastKnownFileType = sourcecode.c.objc; path = "NSString+WebService.m"; sourceTree = "<group>"; };
		E478BBB518A2A2820068DEB1 /* Object.h */ = {isa = PBXFileReference; fileEncoding = 4; lastKnownFileType = sourcecode.c.h; path = Object.h; sourceTree = "<group>"; };
		E478BBB618A2A2820068DEB1 /* Object.m */ = {isa = PBXFileReference; fileEncoding = 4; lastKnownFileType = sourcecode.c.objc; path = Object.m; sourceTree = "<group>"; };
		E478BBB818A2A2DB0068DEB1 /* User.h */ = {isa = PBXFileReference; fileEncoding = 4; lastKnownFileType = sourcecode.c.h; path = User.h; sourceTree = "<group>"; };
		E478BBB918A2A2DB0068DEB1 /* User.m */ = {isa = PBXFileReference; fileEncoding = 4; lastKnownFileType = sourcecode.c.objc; path = User.m; sourceTree = "<group>"; };
		FD19FB2019059006000B4688 /* UIColor+Cloud.h */ = {isa = PBXFileReference; fileEncoding = 4; lastKnownFileType = sourcecode.c.h; path = "UIColor+Cloud.h"; sourceTree = "<group>"; };
		FD19FB2119059006000B4688 /* UIColor+Cloud.m */ = {isa = PBXFileReference; fileEncoding = 4; lastKnownFileType = sourcecode.c.objc; path = "UIColor+Cloud.m"; sourceTree = "<group>"; };
		FD3FA7C818FC2F0A0072B731 /* Logo_29x29.png */ = {isa = PBXFileReference; lastKnownFileType = image.png; path = Logo_29x29.png; sourceTree = "<group>"; };
		FD3FA7C918FC2F0A0072B731 /* Logo_40x40.png */ = {isa = PBXFileReference; lastKnownFileType = image.png; path = Logo_40x40.png; sourceTree = "<group>"; };
		FD3FA7CA18FC2F0A0072B731 /* Logo_60x60.png */ = {isa = PBXFileReference; lastKnownFileType = image.png; path = Logo_60x60.png; sourceTree = "<group>"; };
		FD3FA7CB18FC2F0A0072B731 /* Logo_500x500.png */ = {isa = PBXFileReference; lastKnownFileType = image.png; path = Logo_500x500.png; sourceTree = "<group>"; };
		FD3FA7D018FC3A160072B731 /* Icon_29x29.png */ = {isa = PBXFileReference; lastKnownFileType = image.png; path = Icon_29x29.png; sourceTree = "<group>"; };
		FD3FA7D118FC3A160072B731 /* Icon_40x40.png */ = {isa = PBXFileReference; lastKnownFileType = image.png; path = Icon_40x40.png; sourceTree = "<group>"; };
		FD3FA7D218FC3A160072B731 /* Icon_60x60.png */ = {isa = PBXFileReference; lastKnownFileType = image.png; path = Icon_60x60.png; sourceTree = "<group>"; };
		FD3FA7D318FC3A160072B731 /* Icon_500x500.png */ = {isa = PBXFileReference; lastKnownFileType = image.png; path = Icon_500x500.png; sourceTree = "<group>"; };
		FD8F82D41908072C00EDBDBE /* CloudKeychainManager.h */ = {isa = PBXFileReference; fileEncoding = 4; lastKnownFileType = sourcecode.c.h; path = CloudKeychainManager.h; sourceTree = "<group>"; };
		FD8F82D51908072C00EDBDBE /* CloudKeychainManager.m */ = {isa = PBXFileReference; fileEncoding = 4; lastKnownFileType = sourcecode.c.objc; path = CloudKeychainManager.m; sourceTree = "<group>"; };
		FD8F82D719080AAA00EDBDBE /* Security.framework */ = {isa = PBXFileReference; lastKnownFileType = wrapper.framework; name = Security.framework; path = System/Library/Frameworks/Security.framework; sourceTree = SDKROOT; };
		FD8F82D91908244A00EDBDBE /* UICloud.h */ = {isa = PBXFileReference; lastKnownFileType = sourcecode.c.h; path = UICloud.h; sourceTree = "<group>"; };
		FDDA094518F5BA9F000A1029 /* FiraMonoOT-Bold.otf */ = {isa = PBXFileReference; lastKnownFileType = file; path = "FiraMonoOT-Bold.otf"; sourceTree = "<group>"; };
		FDDA094618F5BA9F000A1029 /* FiraMonoOT-Regular.otf */ = {isa = PBXFileReference; lastKnownFileType = file; path = "FiraMonoOT-Regular.otf"; sourceTree = "<group>"; };
		FDDA094718F5BA9F000A1029 /* FiraSansOT-Bold.otf */ = {isa = PBXFileReference; lastKnownFileType = file; path = "FiraSansOT-Bold.otf"; sourceTree = "<group>"; };
		FDDA094818F5BA9F000A1029 /* FiraSansOT-BoldItalic.otf */ = {isa = PBXFileReference; lastKnownFileType = file; path = "FiraSansOT-BoldItalic.otf"; sourceTree = "<group>"; };
		FDDA094918F5BA9F000A1029 /* FiraSansOT-Light.otf */ = {isa = PBXFileReference; lastKnownFileType = file; path = "FiraSansOT-Light.otf"; sourceTree = "<group>"; };
		FDDA094A18F5BA9F000A1029 /* FiraSansOT-LightItalic.otf */ = {isa = PBXFileReference; lastKnownFileType = file; path = "FiraSansOT-LightItalic.otf"; sourceTree = "<group>"; };
		FDDA094B18F5BA9F000A1029 /* FiraSansOT-Medium.otf */ = {isa = PBXFileReference; lastKnownFileType = file; path = "FiraSansOT-Medium.otf"; sourceTree = "<group>"; };
		FDDA094C18F5BA9F000A1029 /* FiraSansOT-MediumItalic.otf */ = {isa = PBXFileReference; lastKnownFileType = file; path = "FiraSansOT-MediumItalic.otf"; sourceTree = "<group>"; };
		FDDA094D18F5BA9F000A1029 /* FiraSansOT-Regular.otf */ = {isa = PBXFileReference; lastKnownFileType = file; path = "FiraSansOT-Regular.otf"; sourceTree = "<group>"; };
		FDDA094E18F5BA9F000A1029 /* FiraSansOT-RegularItalic.otf */ = {isa = PBXFileReference; lastKnownFileType = file; path = "FiraSansOT-RegularItalic.otf"; sourceTree = "<group>"; };
		FDDA095A18F5BC92000A1029 /* CloudLabel.h */ = {isa = PBXFileReference; fileEncoding = 4; lastKnownFileType = sourcecode.c.h; path = CloudLabel.h; sourceTree = "<group>"; };
		FDDA095B18F5BC92000A1029 /* CloudLabel.m */ = {isa = PBXFileReference; fileEncoding = 4; lastKnownFileType = sourcecode.c.objc; path = CloudLabel.m; sourceTree = "<group>"; };
		FDDA095D18F5BEC4000A1029 /* CloudButton.h */ = {isa = PBXFileReference; fileEncoding = 4; lastKnownFileType = sourcecode.c.h; path = CloudButton.h; sourceTree = "<group>"; };
		FDDA095E18F5BEC4000A1029 /* CloudButton.m */ = {isa = PBXFileReference; fileEncoding = 4; lastKnownFileType = sourcecode.c.objc; path = CloudButton.m; sourceTree = "<group>"; };
		FDDA096018F5BF2D000A1029 /* CloudTextField.h */ = {isa = PBXFileReference; fileEncoding = 4; lastKnownFileType = sourcecode.c.h; path = CloudTextField.h; sourceTree = "<group>"; };
		FDDA096118F5BF2D000A1029 /* CloudTextField.m */ = {isa = PBXFileReference; fileEncoding = 4; lastKnownFileType = sourcecode.c.objc; path = CloudTextField.m; sourceTree = "<group>"; };
/* End PBXFileReference section */

/* Begin PBXFrameworksBuildPhase section */
		E478BB4618A0E8290068DEB1 /* Frameworks */ = {
			isa = PBXFrameworksBuildPhase;
			buildActionMask = 2147483647;
			files = (
				FD8F82D819080AAA00EDBDBE /* Security.framework in Frameworks */,
				E478BB4F18A0E8290068DEB1 /* CoreGraphics.framework in Frameworks */,
				E478BB5118A0E8290068DEB1 /* UIKit.framework in Frameworks */,
				E478BB4D18A0E8290068DEB1 /* Foundation.framework in Frameworks */,
			);
			runOnlyForDeploymentPostprocessing = 0;
		};
		E478BB6718A0E8290068DEB1 /* Frameworks */ = {
			isa = PBXFrameworksBuildPhase;
			buildActionMask = 2147483647;
			files = (
				E478BB6C18A0E8290068DEB1 /* XCTest.framework in Frameworks */,
				E478BB6E18A0E8290068DEB1 /* UIKit.framework in Frameworks */,
				E478BB6D18A0E8290068DEB1 /* Foundation.framework in Frameworks */,
			);
			runOnlyForDeploymentPostprocessing = 0;
		};
/* End PBXFrameworksBuildPhase section */

/* Begin PBXGroup section */
		E478BB4018A0E8290068DEB1 = {
			isa = PBXGroup;
			children = (
				FDDA094318F5BA62000A1029 /* Resources */,
				E478BB5218A0E8290068DEB1 /* Cloudiversity */,
				E478BB7118A0E8290068DEB1 /* CloudiversityTests */,
				E478BB4B18A0E8290068DEB1 /* Frameworks */,
				E478BB4A18A0E8290068DEB1 /* Products */,
			);
			sourceTree = "<group>";
		};
		E478BB4A18A0E8290068DEB1 /* Products */ = {
			isa = PBXGroup;
			children = (
				E478BB4918A0E8290068DEB1 /* Cloudiversity.app */,
				E478BB6A18A0E8290068DEB1 /* CloudiversityTests.xctest */,
			);
			name = Products;
			sourceTree = "<group>";
		};
		E478BB4B18A0E8290068DEB1 /* Frameworks */ = {
			isa = PBXGroup;
			children = (
				FD8F82D719080AAA00EDBDBE /* Security.framework */,
				E478BB4C18A0E8290068DEB1 /* Foundation.framework */,
				E478BB4E18A0E8290068DEB1 /* CoreGraphics.framework */,
				E478BB5018A0E8290068DEB1 /* UIKit.framework */,
				E478BB6B18A0E8290068DEB1 /* XCTest.framework */,
			);
			name = Frameworks;
			sourceTree = "<group>";
		};
		E478BB5218A0E8290068DEB1 /* Cloudiversity */ = {
			isa = PBXGroup;
			children = (
				FDDA095918F5BC45000A1029 /* UISubclasses */,
				E478BBAB18A2A1500068DEB1 /* Objects */,
				E478BB8118A0E9350068DEB1 /* WebServices */,
				E478BB5B18A0E8290068DEB1 /* CloudiversityAppDelegate.h */,
				E478BB5C18A0E8290068DEB1 /* CloudiversityAppDelegate.m */,
				920FC95F1901784F0070D70E /* HomeScreenViewController.h */,
				920FC9601901784F0070D70E /* HomeScreenViewController.m */,
				FD1569D0190516B1002F8978 /* Categories */,
				E478BB5E18A0E8290068DEB1 /* Main.storyboard */,
				E478BB6118A0E8290068DEB1 /* CloudiversityViewController.h */,
				E478BB6218A0E8290068DEB1 /* CloudiversityViewController.m */,
				E478BB6418A0E8290068DEB1 /* Images.xcassets */,
				E478BB5318A0E8290068DEB1 /* Supporting Files */,
				FD8F82D41908072C00EDBDBE /* CloudKeychainManager.h */,
				FD8F82D51908072C00EDBDBE /* CloudKeychainManager.m */,
			);
			path = Cloudiversity;
			sourceTree = "<group>";
		};
		E478BB5318A0E8290068DEB1 /* Supporting Files */ = {
			isa = PBXGroup;
			children = (
				E478BB5418A0E8290068DEB1 /* Cloudiversity-Info.plist */,
				E478BB5518A0E8290068DEB1 /* InfoPlist.strings */,
				E478BB5818A0E8290068DEB1 /* main.m */,
				E478BB5A18A0E8290068DEB1 /* Cloudiversity-Prefix.pch */,
			);
			name = "Supporting Files";
			sourceTree = "<group>";
		};
		E478BB7118A0E8290068DEB1 /* CloudiversityTests */ = {
			isa = PBXGroup;
			children = (
				E478BB7718A0E8290068DEB1 /* CloudiversityTests.m */,
				E478BB7218A0E8290068DEB1 /* Supporting Files */,
			);
			path = CloudiversityTests;
			sourceTree = "<group>";
		};
		E478BB7218A0E8290068DEB1 /* Supporting Files */ = {
			isa = PBXGroup;
			children = (
				E478BB7318A0E8290068DEB1 /* CloudiversityTests-Info.plist */,
				E478BB7418A0E8290068DEB1 /* InfoPlist.strings */,
			);
			name = "Supporting Files";
			sourceTree = "<group>";
		};
		E478BB8118A0E9350068DEB1 /* WebServices */ = {
			isa = PBXGroup;
			children = (
				E478BBA518A0FDCB0068DEB1 /* IOSRequest.h */,
				E478BBA618A0FDCB0068DEB1 /* IOSRequest.m */,
				E478BBA818A156660068DEB1 /* NSString+WebService.h */,
				E478BBA918A156660068DEB1 /* NSString+WebService.m */,
			);
			path = WebServices;
			sourceTree = "<group>";
		};
		E478BBAB18A2A1500068DEB1 /* Objects */ = {
			isa = PBXGroup;
			children = (
				E478BBB518A2A2820068DEB1 /* Object.h */,
				E478BBB618A2A2820068DEB1 /* Object.m */,
				E478BBB818A2A2DB0068DEB1 /* User.h */,
				E478BBB918A2A2DB0068DEB1 /* User.m */,
			);
			path = Objects;
			sourceTree = "<group>";
		};
		FD1569D0190516B1002F8978 /* Categories */ = {
			isa = PBXGroup;
			children = (
				FD19FB2019059006000B4688 /* UIColor+Cloud.h */,
				FD19FB2119059006000B4688 /* UIColor+Cloud.m */,
			);
			path = Categories;
			sourceTree = "<group>";
		};
		FD3FA7BE18FC2D8B0072B731 /* Images */ = {
			isa = PBXGroup;
			children = (
				FD3FA7BF18FC2D990072B731 /* Logos */,
			);
			path = Images;
			sourceTree = "<group>";
		};
		FD3FA7BF18FC2D990072B731 /* Logos */ = {
			isa = PBXGroup;
			children = (
				FD3FA7D018FC3A160072B731 /* Icon_29x29.png */,
				FD3FA7D118FC3A160072B731 /* Icon_40x40.png */,
				FD3FA7D218FC3A160072B731 /* Icon_60x60.png */,
				FD3FA7D318FC3A160072B731 /* Icon_500x500.png */,
				FD3FA7C818FC2F0A0072B731 /* Logo_29x29.png */,
				FD3FA7C918FC2F0A0072B731 /* Logo_40x40.png */,
				FD3FA7CA18FC2F0A0072B731 /* Logo_60x60.png */,
				FD3FA7CB18FC2F0A0072B731 /* Logo_500x500.png */,
			);
			path = Logos;
			sourceTree = "<group>";
		};
		FDDA094318F5BA62000A1029 /* Resources */ = {
			isa = PBXGroup;
			children = (
				FD3FA7BE18FC2D8B0072B731 /* Images */,
				FDDA094418F5BA7B000A1029 /* Fonts */,
			);
			path = Resources;
			sourceTree = "<group>";
		};
		FDDA094418F5BA7B000A1029 /* Fonts */ = {
			isa = PBXGroup;
			children = (
				FDDA094518F5BA9F000A1029 /* FiraMonoOT-Bold.otf */,
				FDDA094618F5BA9F000A1029 /* FiraMonoOT-Regular.otf */,
				FDDA094718F5BA9F000A1029 /* FiraSansOT-Bold.otf */,
				FDDA094818F5BA9F000A1029 /* FiraSansOT-BoldItalic.otf */,
				FDDA094918F5BA9F000A1029 /* FiraSansOT-Light.otf */,
				FDDA094A18F5BA9F000A1029 /* FiraSansOT-LightItalic.otf */,
				FDDA094B18F5BA9F000A1029 /* FiraSansOT-Medium.otf */,
				FDDA094C18F5BA9F000A1029 /* FiraSansOT-MediumItalic.otf */,
				FDDA094D18F5BA9F000A1029 /* FiraSansOT-Regular.otf */,
				FDDA094E18F5BA9F000A1029 /* FiraSansOT-RegularItalic.otf */,
			);
			path = Fonts;
			sourceTree = "<group>";
		};
		FDDA095918F5BC45000A1029 /* UISubclasses */ = {
			isa = PBXGroup;
			children = (
				FDDA095A18F5BC92000A1029 /* CloudLabel.h */,
				FDDA095B18F5BC92000A1029 /* CloudLabel.m */,
				FDDA095D18F5BEC4000A1029 /* CloudButton.h */,
				FDDA095E18F5BEC4000A1029 /* CloudButton.m */,
				FDDA096018F5BF2D000A1029 /* CloudTextField.h */,
				FDDA096118F5BF2D000A1029 /* CloudTextField.m */,
				FD8F82D91908244A00EDBDBE /* UICloud.h */,
			);
			path = UISubclasses;
			sourceTree = "<group>";
		};
/* End PBXGroup section */

/* Begin PBXNativeTarget section */
		E478BB4818A0E8290068DEB1 /* Cloudiversity */ = {
			isa = PBXNativeTarget;
			buildConfigurationList = E478BB7B18A0E8290068DEB1 /* Build configuration list for PBXNativeTarget "Cloudiversity" */;
			buildPhases = (
				E478BB4518A0E8290068DEB1 /* Sources */,
				E478BB4618A0E8290068DEB1 /* Frameworks */,
				E478BB4718A0E8290068DEB1 /* Resources */,
			);
			buildRules = (
			);
			dependencies = (
			);
			name = Cloudiversity;
			productName = Cloudiversity;
			productReference = E478BB4918A0E8290068DEB1 /* Cloudiversity.app */;
			productType = "com.apple.product-type.application";
		};
		E478BB6918A0E8290068DEB1 /* CloudiversityTests */ = {
			isa = PBXNativeTarget;
			buildConfigurationList = E478BB7E18A0E8290068DEB1 /* Build configuration list for PBXNativeTarget "CloudiversityTests" */;
			buildPhases = (
				E478BB6618A0E8290068DEB1 /* Sources */,
				E478BB6718A0E8290068DEB1 /* Frameworks */,
				E478BB6818A0E8290068DEB1 /* Resources */,
			);
			buildRules = (
			);
			dependencies = (
				E478BB7018A0E8290068DEB1 /* PBXTargetDependency */,
			);
			name = CloudiversityTests;
			productName = CloudiversityTests;
			productReference = E478BB6A18A0E8290068DEB1 /* CloudiversityTests.xctest */;
			productType = "com.apple.product-type.bundle.unit-test";
		};
/* End PBXNativeTarget section */

/* Begin PBXProject section */
		E478BB4118A0E8290068DEB1 /* Project object */ = {
			isa = PBXProject;
			attributes = {
				CLASSPREFIX = Cloud;
				LastUpgradeCheck = 0510;
				ORGANIZATIONNAME = Cloudiversity;
				TargetAttributes = {
					E478BB6918A0E8290068DEB1 = {
						TestTargetID = E478BB4818A0E8290068DEB1;
					};
				};
			};
			buildConfigurationList = E478BB4418A0E8290068DEB1 /* Build configuration list for PBXProject "Cloudiversity" */;
			compatibilityVersion = "Xcode 3.2";
			developmentRegion = English;
			hasScannedForEncodings = 0;
			knownRegions = (
				en,
				Base,
			);
			mainGroup = E478BB4018A0E8290068DEB1;
			productRefGroup = E478BB4A18A0E8290068DEB1 /* Products */;
			projectDirPath = "";
			projectRoot = "";
			targets = (
				E478BB4818A0E8290068DEB1 /* Cloudiversity */,
				E478BB6918A0E8290068DEB1 /* CloudiversityTests */,
			);
		};
/* End PBXProject section */

/* Begin PBXResourcesBuildPhase section */
		E478BB4718A0E8290068DEB1 /* Resources */ = {
			isa = PBXResourcesBuildPhase;
			buildActionMask = 2147483647;
			files = (
				FDDA095018F5BA9F000A1029 /* FiraMonoOT-Regular.otf in Resources */,
				FDDA095418F5BA9F000A1029 /* FiraSansOT-LightItalic.otf in Resources */,
				FD3FA7CD18FC2F0A0072B731 /* Logo_40x40.png in Resources */,
				E478BB6518A0E8290068DEB1 /* Images.xcassets in Resources */,
				FDDA095818F5BA9F000A1029 /* FiraSansOT-RegularItalic.otf in Resources */,
				FD3FA7CE18FC2F0A0072B731 /* Logo_60x60.png in Resources */,
				FDDA095318F5BA9F000A1029 /* FiraSansOT-Light.otf in Resources */,
				FDDA095118F5BA9F000A1029 /* FiraSansOT-Bold.otf in Resources */,
				E478BB5718A0E8290068DEB1 /* InfoPlist.strings in Resources */,
				FD3FA7D618FC3A160072B731 /* Icon_60x60.png in Resources */,
				FDDA095718F5BA9F000A1029 /* FiraSansOT-Regular.otf in Resources */,
				FD3FA7CF18FC2F0A0072B731 /* Logo_500x500.png in Resources */,
				FDDA095518F5BA9F000A1029 /* FiraSansOT-Medium.otf in Resources */,
				FD3FA7CC18FC2F0A0072B731 /* Logo_29x29.png in Resources */,
				FD3FA7D418FC3A160072B731 /* Icon_29x29.png in Resources */,
				FDDA095618F5BA9F000A1029 /* FiraSansOT-MediumItalic.otf in Resources */,
				FD3FA7D518FC3A160072B731 /* Icon_40x40.png in Resources */,
				FDDA094F18F5BA9F000A1029 /* FiraMonoOT-Bold.otf in Resources */,
				FD3FA7D718FC3A160072B731 /* Icon_500x500.png in Resources */,
				E478BB6018A0E8290068DEB1 /* Main.storyboard in Resources */,
				FDDA095218F5BA9F000A1029 /* FiraSansOT-BoldItalic.otf in Resources */,
			);
			runOnlyForDeploymentPostprocessing = 0;
		};
		E478BB6818A0E8290068DEB1 /* Resources */ = {
			isa = PBXResourcesBuildPhase;
			buildActionMask = 2147483647;
			files = (
				E478BB7618A0E8290068DEB1 /* InfoPlist.strings in Resources */,
			);
			runOnlyForDeploymentPostprocessing = 0;
		};
/* End PBXResourcesBuildPhase section */

/* Begin PBXSourcesBuildPhase section */
		E478BB4518A0E8290068DEB1 /* Sources */ = {
			isa = PBXSourcesBuildPhase;
			buildActionMask = 2147483647;
			files = (
				E478BBB718A2A2820068DEB1 /* Object.m in Sources */,
				E478BBBA18A2A2DB0068DEB1 /* User.m in Sources */,
				E478BB5918A0E8290068DEB1 /* main.m in Sources */,
				FD8F82D61908072C00EDBDBE /* CloudKeychainManager.m in Sources */,
				FDDA095F18F5BEC4000A1029 /* CloudButton.m in Sources */,
				E478BB6318A0E8290068DEB1 /* CloudiversityViewController.m in Sources */,
				FD19FB2219059006000B4688 /* UIColor+Cloud.m in Sources */,
				FDDA096218F5BF2D000A1029 /* CloudTextField.m in Sources */,
				E478BBAA18A156660068DEB1 /* NSString+WebService.m in Sources */,
				E478BB5D18A0E8290068DEB1 /* CloudiversityAppDelegate.m in Sources */,
				920FC9611901784F0070D70E /* HomeScreenViewController.m in Sources */,
				FDDA095C18F5BC92000A1029 /* CloudLabel.m in Sources */,
				E478BBA718A0FDCB0068DEB1 /* IOSRequest.m in Sources */,
			);
			runOnlyForDeploymentPostprocessing = 0;
		};
		E478BB6618A0E8290068DEB1 /* Sources */ = {
			isa = PBXSourcesBuildPhase;
			buildActionMask = 2147483647;
			files = (
				920FC9621901784F0070D70E /* HomeScreenViewController.m in Sources */,
				E478BB7818A0E8290068DEB1 /* CloudiversityTests.m in Sources */,
			);
			runOnlyForDeploymentPostprocessing = 0;
		};
/* End PBXSourcesBuildPhase section */

/* Begin PBXTargetDependency section */
		E478BB7018A0E8290068DEB1 /* PBXTargetDependency */ = {
			isa = PBXTargetDependency;
			target = E478BB4818A0E8290068DEB1 /* Cloudiversity */;
			targetProxy = E478BB6F18A0E8290068DEB1 /* PBXContainerItemProxy */;
		};
/* End PBXTargetDependency section */

/* Begin PBXVariantGroup section */
		E478BB5518A0E8290068DEB1 /* InfoPlist.strings */ = {
			isa = PBXVariantGroup;
			children = (
				E478BB5618A0E8290068DEB1 /* en */,
			);
			name = InfoPlist.strings;
			sourceTree = "<group>";
		};
		E478BB5E18A0E8290068DEB1 /* Main.storyboard */ = {
			isa = PBXVariantGroup;
			children = (
				E478BB5F18A0E8290068DEB1 /* Base */,
			);
			name = Main.storyboard;
			sourceTree = "<group>";
		};
		E478BB7418A0E8290068DEB1 /* InfoPlist.strings */ = {
			isa = PBXVariantGroup;
			children = (
				E478BB7518A0E8290068DEB1 /* en */,
			);
			name = InfoPlist.strings;
			sourceTree = "<group>";
		};
/* End PBXVariantGroup section */

/* Begin XCBuildConfiguration section */
		E478BB7918A0E8290068DEB1 /* Debug */ = {
			isa = XCBuildConfiguration;
			buildSettings = {
				ALWAYS_SEARCH_USER_PATHS = NO;
				CLANG_CXX_LANGUAGE_STANDARD = "gnu++0x";
				CLANG_CXX_LIBRARY = "libc++";
				CLANG_ENABLE_MODULES = YES;
				CLANG_ENABLE_OBJC_ARC = YES;
				CLANG_WARN_BOOL_CONVERSION = YES;
				CLANG_WARN_CONSTANT_CONVERSION = YES;
				CLANG_WARN_DIRECT_OBJC_ISA_USAGE = YES_ERROR;
				CLANG_WARN_EMPTY_BODY = YES;
				CLANG_WARN_ENUM_CONVERSION = YES;
				CLANG_WARN_INT_CONVERSION = YES;
				CLANG_WARN_OBJC_ROOT_CLASS = YES_ERROR;
				CLANG_WARN__DUPLICATE_METHOD_MATCH = YES;
				"CODE_SIGN_IDENTITY[sdk=iphoneos*]" = "iPhone Developer";
				COPY_PHASE_STRIP = NO;
				GCC_C_LANGUAGE_STANDARD = gnu99;
				GCC_DYNAMIC_NO_PIC = NO;
				GCC_OPTIMIZATION_LEVEL = 0;
				GCC_PREPROCESSOR_DEFINITIONS = (
					"DEBUG=1",
					"$(inherited)",
				);
				GCC_SYMBOLS_PRIVATE_EXTERN = NO;
				GCC_WARN_64_TO_32_BIT_CONVERSION = YES;
				GCC_WARN_ABOUT_RETURN_TYPE = YES_ERROR;
				GCC_WARN_UNDECLARED_SELECTOR = YES;
				GCC_WARN_UNINITIALIZED_AUTOS = YES;
				GCC_WARN_UNUSED_FUNCTION = YES;
				GCC_WARN_UNUSED_VARIABLE = YES;
				IPHONEOS_DEPLOYMENT_TARGET = 7.0;
				ONLY_ACTIVE_ARCH = YES;
				SDKROOT = iphoneos;
			};
			name = Debug;
		};
		E478BB7A18A0E8290068DEB1 /* Release */ = {
			isa = XCBuildConfiguration;
			buildSettings = {
				ALWAYS_SEARCH_USER_PATHS = NO;
				CLANG_CXX_LANGUAGE_STANDARD = "gnu++0x";
				CLANG_CXX_LIBRARY = "libc++";
				CLANG_ENABLE_MODULES = YES;
				CLANG_ENABLE_OBJC_ARC = YES;
				CLANG_WARN_BOOL_CONVERSION = YES;
				CLANG_WARN_CONSTANT_CONVERSION = YES;
				CLANG_WARN_DIRECT_OBJC_ISA_USAGE = YES_ERROR;
				CLANG_WARN_EMPTY_BODY = YES;
				CLANG_WARN_ENUM_CONVERSION = YES;
				CLANG_WARN_INT_CONVERSION = YES;
				CLANG_WARN_OBJC_ROOT_CLASS = YES_ERROR;
				CLANG_WARN__DUPLICATE_METHOD_MATCH = YES;
				"CODE_SIGN_IDENTITY[sdk=iphoneos*]" = "iPhone Developer";
				COPY_PHASE_STRIP = YES;
				ENABLE_NS_ASSERTIONS = NO;
				GCC_C_LANGUAGE_STANDARD = gnu99;
				GCC_WARN_64_TO_32_BIT_CONVERSION = YES;
				GCC_WARN_ABOUT_RETURN_TYPE = YES_ERROR;
				GCC_WARN_UNDECLARED_SELECTOR = YES;
				GCC_WARN_UNINITIALIZED_AUTOS = YES;
				GCC_WARN_UNUSED_FUNCTION = YES;
				GCC_WARN_UNUSED_VARIABLE = YES;
				IPHONEOS_DEPLOYMENT_TARGET = 7.0;
				ONLY_ACTIVE_ARCH = NO;
				SDKROOT = iphoneos;
				VALIDATE_PRODUCT = YES;
			};
			name = Release;
		};
		E478BB7C18A0E8290068DEB1 /* Debug */ = {
			isa = XCBuildConfiguration;
			buildSettings = {
				ASSETCATALOG_COMPILER_APPICON_NAME = AppIcon;
				ASSETCATALOG_COMPILER_LAUNCHIMAGE_NAME = LaunchImage;
				GCC_PRECOMPILE_PREFIX_HEADER = YES;
				GCC_PREFIX_HEADER = "Cloudiversity/Cloudiversity-Prefix.pch";
				INFOPLIST_FILE = "Cloudiversity/Cloudiversity-Info.plist";
				PRODUCT_NAME = "$(TARGET_NAME)";
				WRAPPER_EXTENSION = app;
			};
			name = Debug;
		};
		E478BB7D18A0E8290068DEB1 /* Release */ = {
			isa = XCBuildConfiguration;
			buildSettings = {
				ASSETCATALOG_COMPILER_APPICON_NAME = AppIcon;
				ASSETCATALOG_COMPILER_LAUNCHIMAGE_NAME = LaunchImage;
				GCC_PRECOMPILE_PREFIX_HEADER = YES;
				GCC_PREFIX_HEADER = "Cloudiversity/Cloudiversity-Prefix.pch";
				INFOPLIST_FILE = "Cloudiversity/Cloudiversity-Info.plist";
				"OTHER_LDFLAGS[arch=*]" = "";
				PRODUCT_NAME = "$(TARGET_NAME)";
				WRAPPER_EXTENSION = app;
			};
			name = Release;
		};
		E478BB7F18A0E8290068DEB1 /* Debug */ = {
			isa = XCBuildConfiguration;
			buildSettings = {
				BUNDLE_LOADER = "$(BUILT_PRODUCTS_DIR)/Cloudiversity.app/Cloudiversity";
				FRAMEWORK_SEARCH_PATHS = (
					"$(SDKROOT)/Developer/Library/Frameworks",
					"$(inherited)",
					"$(DEVELOPER_FRAMEWORKS_DIR)",
				);
				GCC_PRECOMPILE_PREFIX_HEADER = YES;
				GCC_PREFIX_HEADER = "Cloudiversity/Cloudiversity-Prefix.pch";
				GCC_PREPROCESSOR_DEFINITIONS = (
					"DEBUG=1",
					"$(inherited)",
				);
				INFOPLIST_FILE = "CloudiversityTests/CloudiversityTests-Info.plist";
				PRODUCT_NAME = "$(TARGET_NAME)";
				TEST_HOST = "$(BUNDLE_LOADER)";
				WRAPPER_EXTENSION = xctest;
			};
			name = Debug;
		};
		E478BB8018A0E8290068DEB1 /* Release */ = {
			isa = XCBuildConfiguration;
			buildSettings = {
				BUNDLE_LOADER = "$(BUILT_PRODUCTS_DIR)/Cloudiversity.app/Cloudiversity";
				FRAMEWORK_SEARCH_PATHS = (
					"$(SDKROOT)/Developer/Library/Frameworks",
					"$(inherited)",
					"$(DEVELOPER_FRAMEWORKS_DIR)",
				);
				GCC_PRECOMPILE_PREFIX_HEADER = YES;
				GCC_PREFIX_HEADER = "Cloudiversity/Cloudiversity-Prefix.pch";
				INFOPLIST_FILE = "CloudiversityTests/CloudiversityTests-Info.plist";
				PRODUCT_NAME = "$(TARGET_NAME)";
				TEST_HOST = "$(BUNDLE_LOADER)";
				WRAPPER_EXTENSION = xctest;
			};
			name = Release;
		};
/* End XCBuildConfiguration section */

/* Begin XCConfigurationList section */
		E478BB4418A0E8290068DEB1 /* Build configuration list for PBXProject "Cloudiversity" */ = {
			isa = XCConfigurationList;
			buildConfigurations = (
				E478BB7918A0E8290068DEB1 /* Debug */,
				E478BB7A18A0E8290068DEB1 /* Release */,
			);
			defaultConfigurationIsVisible = 0;
			defaultConfigurationName = Release;
		};
		E478BB7B18A0E8290068DEB1 /* Build configuration list for PBXNativeTarget "Cloudiversity" */ = {
			isa = XCConfigurationList;
			buildConfigurations = (
				E478BB7C18A0E8290068DEB1 /* Debug */,
				E478BB7D18A0E8290068DEB1 /* Release */,
			);
			defaultConfigurationIsVisible = 0;
			defaultConfigurationName = Release;
		};
		E478BB7E18A0E8290068DEB1 /* Build configuration list for PBXNativeTarget "CloudiversityTests" */ = {
			isa = XCConfigurationList;
			buildConfigurations = (
				E478BB7F18A0E8290068DEB1 /* Debug */,
				E478BB8018A0E8290068DEB1 /* Release */,
			);
			defaultConfigurationIsVisible = 0;
			defaultConfigurationName = Release;
		};
/* End XCConfigurationList section */
	};
	rootObject = E478BB4118A0E8290068DEB1 /* Project object */;
}
