// !$*UTF8*$!
{
	archiveVersion = 1;
	classes = {
	};
	objectVersion = 46;
	objects = {

/* Begin PBXBuildFile section */
		920FC9611901784F0070D70E /* HomeScreenViewController.m in Sources */ = {isa = PBXBuildFile; fileRef = 920FC9601901784F0070D70E /* HomeScreenViewController.m */; };
		920FC9621901784F0070D70E /* HomeScreenViewController.m in Sources */ = {isa = PBXBuildFile; fileRef = 920FC9601901784F0070D70E /* HomeScreenViewController.m */; };
		E478BB4D18A0E8290068DEB1 /* Foundation.framework in Frameworks */ = {isa = PBXBuildFile; fileRef = E478BB4C18A0E8290068DEB1 /* Foundation.framework */; };
		E478BB4F18A0E8290068DEB1 /* CoreGraphics.framework in Frameworks */ = {isa = PBXBuildFile; fileRef = E478BB4E18A0E8290068DEB1 /* CoreGraphics.framework */; };
		E478BB5118A0E8290068DEB1 /* UIKit.framework in Frameworks */ = {isa = PBXBuildFile; fileRef = E478BB5018A0E8290068DEB1 /* UIKit.framework */; };
		E478BB5918A0E8290068DEB1 /* main.m in Sources */ = {isa = PBXBuildFile; fileRef = E478BB5818A0E8290068DEB1 /* main.m */; };
		E478BB5D18A0E8290068DEB1 /* CloudiversityAppDelegate.m in Sources */ = {isa = PBXBuildFile; fileRef = E478BB5C18A0E8290068DEB1 /* CloudiversityAppDelegate.m */; };
		E478BB6518A0E8290068DEB1 /* Images.xcassets in Resources */ = {isa = PBXBuildFile; fileRef = E478BB6418A0E8290068DEB1 /* Images.xcassets */; };
		E478BB6C18A0E8290068DEB1 /* XCTest.framework in Frameworks */ = {isa = PBXBuildFile; fileRef = E478BB6B18A0E8290068DEB1 /* XCTest.framework */; };
		E478BB6D18A0E8290068DEB1 /* Foundation.framework in Frameworks */ = {isa = PBXBuildFile; fileRef = E478BB4C18A0E8290068DEB1 /* Foundation.framework */; };
		E478BB6E18A0E8290068DEB1 /* UIKit.framework in Frameworks */ = {isa = PBXBuildFile; fileRef = E478BB5018A0E8290068DEB1 /* UIKit.framework */; };
		E478BB7818A0E8290068DEB1 /* CloudiversityTests.m in Sources */ = {isa = PBXBuildFile; fileRef = E478BB7718A0E8290068DEB1 /* CloudiversityTests.m */; };
		E478BBA718A0FDCB0068DEB1 /* IOSRequest.m in Sources */ = {isa = PBXBuildFile; fileRef = E478BBA618A0FDCB0068DEB1 /* IOSRequest.m */; };
		E478BBB718A2A2820068DEB1 /* Object.m in Sources */ = {isa = PBXBuildFile; fileRef = E478BBB618A2A2820068DEB1 /* Object.m */; };
		E478BBBA18A2A2DB0068DEB1 /* User.m in Sources */ = {isa = PBXBuildFile; fileRef = E478BBB918A2A2DB0068DEB1 /* User.m */; };
		FD0F98751923ED72002DF049 /* Main.storyboard in Resources */ = {isa = PBXBuildFile; fileRef = FD0F98741923ED72002DF049 /* Main.storyboard */; };
		FD19FB2219059006000B4688 /* UIColor+Cloud.m in Sources */ = {isa = PBXBuildFile; fileRef = FD19FB2119059006000B4688 /* UIColor+Cloud.m */; };
		FD3B79981920E1D4000579DE /* AuthenticationViewController.m in Sources */ = {isa = PBXBuildFile; fileRef = FD3B79961920DFE6000579DE /* AuthenticationViewController.m */; };
		FD3B799D1920E4EF000579DE /* HomeScreenVC.strings in Resources */ = {isa = PBXBuildFile; fileRef = FD3B799F1920E4EF000579DE /* HomeScreenVC.strings */; };
		FD3B79A11920E4FD000579DE /* AuthenticationVC.strings in Resources */ = {isa = PBXBuildFile; fileRef = FD3B79A31920E4FD000579DE /* AuthenticationVC.strings */; };
		FD3B79A71920E582000579DE /* HTTPErrors.strings in Resources */ = {isa = PBXBuildFile; fileRef = FD3B79A91920E582000579DE /* HTTPErrors.strings */; };
		FD3FA7CC18FC2F0A0072B731 /* Logo_29x29.png in Resources */ = {isa = PBXBuildFile; fileRef = FD3FA7C818FC2F0A0072B731 /* Logo_29x29.png */; };
		FD3FA7CD18FC2F0A0072B731 /* Logo_40x40.png in Resources */ = {isa = PBXBuildFile; fileRef = FD3FA7C918FC2F0A0072B731 /* Logo_40x40.png */; };
		FD3FA7CE18FC2F0A0072B731 /* Logo_60x60.png in Resources */ = {isa = PBXBuildFile; fileRef = FD3FA7CA18FC2F0A0072B731 /* Logo_60x60.png */; };
		FD3FA7CF18FC2F0A0072B731 /* Logo_500x500.png in Resources */ = {isa = PBXBuildFile; fileRef = FD3FA7CB18FC2F0A0072B731 /* Logo_500x500.png */; };
		FD3FA7D418FC3A160072B731 /* Icon_29x29.png in Resources */ = {isa = PBXBuildFile; fileRef = FD3FA7D018FC3A160072B731 /* Icon_29x29.png */; };
		FD3FA7D518FC3A160072B731 /* Icon_40x40.png in Resources */ = {isa = PBXBuildFile; fileRef = FD3FA7D118FC3A160072B731 /* Icon_40x40.png */; };
		FD3FA7D618FC3A160072B731 /* Icon_60x60.png in Resources */ = {isa = PBXBuildFile; fileRef = FD3FA7D218FC3A160072B731 /* Icon_60x60.png */; };
		FD3FA7D718FC3A160072B731 /* Icon_500x500.png in Resources */ = {isa = PBXBuildFile; fileRef = FD3FA7D318FC3A160072B731 /* Icon_500x500.png */; };
		FD56871B191D48830019415B /* AFHTTPRequestOperation.m in Sources */ = {isa = PBXBuildFile; fileRef = FD5686F7191D48830019415B /* AFHTTPRequestOperation.m */; };
		FD56871C191D48830019415B /* AFHTTPRequestOperationManager.m in Sources */ = {isa = PBXBuildFile; fileRef = FD5686F9191D48830019415B /* AFHTTPRequestOperationManager.m */; };
		FD56871D191D48830019415B /* AFHTTPSessionManager.m in Sources */ = {isa = PBXBuildFile; fileRef = FD5686FB191D48830019415B /* AFHTTPSessionManager.m */; };
		FD56871E191D48830019415B /* AFNetworkReachabilityManager.m in Sources */ = {isa = PBXBuildFile; fileRef = FD5686FE191D48830019415B /* AFNetworkReachabilityManager.m */; };
		FD56871F191D48830019415B /* AFSecurityPolicy.m in Sources */ = {isa = PBXBuildFile; fileRef = FD568700191D48830019415B /* AFSecurityPolicy.m */; };
		FD568720191D48830019415B /* AFURLConnectionOperation.m in Sources */ = {isa = PBXBuildFile; fileRef = FD568702191D48830019415B /* AFURLConnectionOperation.m */; };
		FD568721191D48830019415B /* AFURLRequestSerialization.m in Sources */ = {isa = PBXBuildFile; fileRef = FD568704191D48830019415B /* AFURLRequestSerialization.m */; };
		FD568722191D48830019415B /* AFURLResponseSerialization.m in Sources */ = {isa = PBXBuildFile; fileRef = FD568706191D48830019415B /* AFURLResponseSerialization.m */; };
		FD568723191D48830019415B /* AFURLSessionManager.m in Sources */ = {isa = PBXBuildFile; fileRef = FD568708191D48830019415B /* AFURLSessionManager.m */; };
		FD568724191D48830019415B /* AFNetworkActivityIndicatorManager.m in Sources */ = {isa = PBXBuildFile; fileRef = FD56870B191D48830019415B /* AFNetworkActivityIndicatorManager.m */; };
		FD568725191D48830019415B /* UIActivityIndicatorView+AFNetworking.m in Sources */ = {isa = PBXBuildFile; fileRef = FD56870D191D48830019415B /* UIActivityIndicatorView+AFNetworking.m */; };
		FD568726191D48830019415B /* UIAlertView+AFNetworking.m in Sources */ = {isa = PBXBuildFile; fileRef = FD56870F191D48830019415B /* UIAlertView+AFNetworking.m */; };
		FD568727191D48830019415B /* UIButton+AFNetworking.m in Sources */ = {isa = PBXBuildFile; fileRef = FD568711191D48830019415B /* UIButton+AFNetworking.m */; };
		FD568728191D48830019415B /* UIImageView+AFNetworking.m in Sources */ = {isa = PBXBuildFile; fileRef = FD568713191D48830019415B /* UIImageView+AFNetworking.m */; };
		FD568729191D48830019415B /* UIProgressView+AFNetworking.m in Sources */ = {isa = PBXBuildFile; fileRef = FD568716191D48830019415B /* UIProgressView+AFNetworking.m */; };
		FD56872A191D48830019415B /* UIRefreshControl+AFNetworking.m in Sources */ = {isa = PBXBuildFile; fileRef = FD568718191D48830019415B /* UIRefreshControl+AFNetworking.m */; };
		FD56872B191D48830019415B /* UIWebView+AFNetworking.m in Sources */ = {isa = PBXBuildFile; fileRef = FD56871A191D48830019415B /* UIWebView+AFNetworking.m */; };
		FD8F82D61908072C00EDBDBE /* CloudKeychainManager.m in Sources */ = {isa = PBXBuildFile; fileRef = FD8F82D51908072C00EDBDBE /* CloudKeychainManager.m */; };
		FD8F82D819080AAA00EDBDBE /* Security.framework in Frameworks */ = {isa = PBXBuildFile; fileRef = FD8F82D719080AAA00EDBDBE /* Security.framework */; };
		FDDA094F18F5BA9F000A1029 /* FiraMonoOT-Bold.otf in Resources */ = {isa = PBXBuildFile; fileRef = FDDA094518F5BA9F000A1029 /* FiraMonoOT-Bold.otf */; };
		FDDA095018F5BA9F000A1029 /* FiraMonoOT-Regular.otf in Resources */ = {isa = PBXBuildFile; fileRef = FDDA094618F5BA9F000A1029 /* FiraMonoOT-Regular.otf */; };
		FDDA095118F5BA9F000A1029 /* FiraSansOT-Bold.otf in Resources */ = {isa = PBXBuildFile; fileRef = FDDA094718F5BA9F000A1029 /* FiraSansOT-Bold.otf */; };
		FDDA095218F5BA9F000A1029 /* FiraSansOT-BoldItalic.otf in Resources */ = {isa = PBXBuildFile; fileRef = FDDA094818F5BA9F000A1029 /* FiraSansOT-BoldItalic.otf */; };
		FDDA095318F5BA9F000A1029 /* FiraSansOT-Light.otf in Resources */ = {isa = PBXBuildFile; fileRef = FDDA094918F5BA9F000A1029 /* FiraSansOT-Light.otf */; };
		FDDA095418F5BA9F000A1029 /* FiraSansOT-LightItalic.otf in Resources */ = {isa = PBXBuildFile; fileRef = FDDA094A18F5BA9F000A1029 /* FiraSansOT-LightItalic.otf */; };
		FDDA095518F5BA9F000A1029 /* FiraSansOT-Medium.otf in Resources */ = {isa = PBXBuildFile; fileRef = FDDA094B18F5BA9F000A1029 /* FiraSansOT-Medium.otf */; };
		FDDA095618F5BA9F000A1029 /* FiraSansOT-MediumItalic.otf in Resources */ = {isa = PBXBuildFile; fileRef = FDDA094C18F5BA9F000A1029 /* FiraSansOT-MediumItalic.otf */; };
		FDDA095718F5BA9F000A1029 /* FiraSansOT-Regular.otf in Resources */ = {isa = PBXBuildFile; fileRef = FDDA094D18F5BA9F000A1029 /* FiraSansOT-Regular.otf */; };
		FDDA095818F5BA9F000A1029 /* FiraSansOT-RegularItalic.otf in Resources */ = {isa = PBXBuildFile; fileRef = FDDA094E18F5BA9F000A1029 /* FiraSansOT-RegularItalic.otf */; };
		FDDA095C18F5BC92000A1029 /* CloudLabel.m in Sources */ = {isa = PBXBuildFile; fileRef = FDDA095B18F5BC92000A1029 /* CloudLabel.m */; };
		FDDA095F18F5BEC4000A1029 /* CloudButton.m in Sources */ = {isa = PBXBuildFile; fileRef = FDDA095E18F5BEC4000A1029 /* CloudButton.m */; };
		FDDA096218F5BF2D000A1029 /* CloudTextField.m in Sources */ = {isa = PBXBuildFile; fileRef = FDDA096118F5BF2D000A1029 /* CloudTextField.m */; };
/* End PBXBuildFile section */

/* Begin PBXContainerItemProxy section */
		E478BB6F18A0E8290068DEB1 /* PBXContainerItemProxy */ = {
			isa = PBXContainerItemProxy;
			containerPortal = E478BB4118A0E8290068DEB1 /* Project object */;
			proxyType = 1;
			remoteGlobalIDString = E478BB4818A0E8290068DEB1;
			remoteInfo = Cloudiversity;
		};
/* End PBXContainerItemProxy section */

/* Begin PBXFileReference section */
		920FC95F1901784F0070D70E /* HomeScreenViewController.h */ = {isa = PBXFileReference; fileEncoding = 4; lastKnownFileType = sourcecode.c.h; path = HomeScreenViewController.h; sourceTree = "<group>"; };
		920FC9601901784F0070D70E /* HomeScreenViewController.m */ = {isa = PBXFileReference; fileEncoding = 4; lastKnownFileType = sourcecode.c.objc; path = HomeScreenViewController.m; sourceTree = "<group>"; };
		E478BB4C18A0E8290068DEB1 /* Foundation.framework */ = {isa = PBXFileReference; lastKnownFileType = wrapper.framework; name = Foundation.framework; path = System/Library/Frameworks/Foundation.framework; sourceTree = SDKROOT; };
		E478BB4E18A0E8290068DEB1 /* CoreGraphics.framework */ = {isa = PBXFileReference; lastKnownFileType = wrapper.framework; name = CoreGraphics.framework; path = System/Library/Frameworks/CoreGraphics.framework; sourceTree = SDKROOT; };
		E478BB5018A0E8290068DEB1 /* UIKit.framework */ = {isa = PBXFileReference; lastKnownFileType = wrapper.framework; name = UIKit.framework; path = System/Library/Frameworks/UIKit.framework; sourceTree = SDKROOT; };
		E478BB5418A0E8290068DEB1 /* Cloudiversity-Info.plist */ = {isa = PBXFileReference; lastKnownFileType = text.plist.xml; path = "Cloudiversity-Info.plist"; sourceTree = "<group>"; };
		E478BB5818A0E8290068DEB1 /* main.m */ = {isa = PBXFileReference; lastKnownFileType = sourcecode.c.objc; path = main.m; sourceTree = "<group>"; };
		E478BB5A18A0E8290068DEB1 /* Cloudiversity-Prefix.pch */ = {isa = PBXFileReference; lastKnownFileType = sourcecode.c.h; path = "Cloudiversity-Prefix.pch"; sourceTree = "<group>"; };
		E478BB5B18A0E8290068DEB1 /* CloudiversityAppDelegate.h */ = {isa = PBXFileReference; lastKnownFileType = sourcecode.c.h; path = CloudiversityAppDelegate.h; sourceTree = "<group>"; };
		E478BB5C18A0E8290068DEB1 /* CloudiversityAppDelegate.m */ = {isa = PBXFileReference; lastKnownFileType = sourcecode.c.objc; path = CloudiversityAppDelegate.m; sourceTree = "<group>"; };
		E478BB6118A0E8290068DEB1 /* AuthenticationViewController.h */ = {isa = PBXFileReference; lastKnownFileType = sourcecode.c.h; path = AuthenticationViewController.h; sourceTree = "<group>"; };
		E478BB6418A0E8290068DEB1 /* Images.xcassets */ = {isa = PBXFileReference; lastKnownFileType = folder.assetcatalog; path = Images.xcassets; sourceTree = "<group>"; };
		E478BB6B18A0E8290068DEB1 /* XCTest.framework */ = {isa = PBXFileReference; lastKnownFileType = wrapper.framework; name = XCTest.framework; path = Library/Frameworks/XCTest.framework; sourceTree = DEVELOPER_DIR; };
		E478BB7318A0E8290068DEB1 /* CloudiversityTests-Info.plist */ = {isa = PBXFileReference; lastKnownFileType = text.plist.xml; path = "CloudiversityTests-Info.plist"; sourceTree = "<group>"; };
		E478BB7718A0E8290068DEB1 /* CloudiversityTests.m */ = {isa = PBXFileReference; lastKnownFileType = sourcecode.c.objc; path = CloudiversityTests.m; sourceTree = "<group>"; };
		E478BBA518A0FDCB0068DEB1 /* IOSRequest.h */ = {isa = PBXFileReference; fileEncoding = 4; lastKnownFileType = sourcecode.c.h; path = IOSRequest.h; sourceTree = "<group>"; };
		E478BBA618A0FDCB0068DEB1 /* IOSRequest.m */ = {isa = PBXFileReference; fileEncoding = 4; lastKnownFileType = sourcecode.c.objc; path = IOSRequest.m; sourceTree = "<group>"; };
		E478BBB518A2A2820068DEB1 /* Object.h */ = {isa = PBXFileReference; fileEncoding = 4; lastKnownFileType = sourcecode.c.h; path = Object.h; sourceTree = "<group>"; };
		E478BBB618A2A2820068DEB1 /* Object.m */ = {isa = PBXFileReference; fileEncoding = 4; lastKnownFileType = sourcecode.c.objc; path = Object.m; sourceTree = "<group>"; };
		E478BBB818A2A2DB0068DEB1 /* User.h */ = {isa = PBXFileReference; fileEncoding = 4; lastKnownFileType = sourcecode.c.h; path = User.h; sourceTree = "<group>"; };
		E478BBB918A2A2DB0068DEB1 /* User.m */ = {isa = PBXFileReference; fileEncoding = 4; lastKnownFileType = sourcecode.c.objc; path = User.m; sourceTree = "<group>"; };
		FD0F98741923ED72002DF049 /* Main.storyboard */ = {isa = PBXFileReference; fileEncoding = 4; lastKnownFileType = file.storyboard; path = Main.storyboard; sourceTree = "<group>"; };
		FD19FB2019059006000B4688 /* UIColor+Cloud.h */ = {isa = PBXFileReference; fileEncoding = 4; lastKnownFileType = sourcecode.c.h; path = "UIColor+Cloud.h"; sourceTree = "<group>"; };
		FD19FB2119059006000B4688 /* UIColor+Cloud.m */ = {isa = PBXFileReference; fileEncoding = 4; lastKnownFileType = sourcecode.c.objc; path = "UIColor+Cloud.m"; sourceTree = "<group>"; };
		FD1D4F01191E79ED008B530E /* Cloudiversity.app */ = {isa = PBXFileReference; explicitFileType = wrapper.application; includeInIndex = 0; path = Cloudiversity.app; sourceTree = BUILT_PRODUCTS_DIR; };
		FD1D4F02191E79ED008B530E /* CloudiversityTests.xctest */ = {isa = PBXFileReference; explicitFileType = wrapper.cfbundle; includeInIndex = 0; path = CloudiversityTests.xctest; sourceTree = BUILT_PRODUCTS_DIR; };
		FD3B79961920DFE6000579DE /* AuthenticationViewController.m */ = {isa = PBXFileReference; lastKnownFileType = sourcecode.c.objc; path = AuthenticationViewController.m; sourceTree = "<group>"; };
		FD3B799E1920E4EF000579DE /* fr */ = {isa = PBXFileReference; lastKnownFileType = text.plist.strings; name = fr; path = fr.lproj/HomeScreenVC.strings; sourceTree = "<group>"; };
		FD3B79A21920E4FD000579DE /* fr */ = {isa = PBXFileReference; lastKnownFileType = text.plist.strings; name = fr; path = fr.lproj/AuthenticationVC.strings; sourceTree = "<group>"; };
		FD3B79A81920E582000579DE /* fr */ = {isa = PBXFileReference; lastKnownFileType = text.plist.strings; name = fr; path = fr.lproj/HTTPErrors.strings; sourceTree = "<group>"; };
		FD3FA7C818FC2F0A0072B731 /* Logo_29x29.png */ = {isa = PBXFileReference; lastKnownFileType = image.png; path = Logo_29x29.png; sourceTree = "<group>"; };
		FD3FA7C918FC2F0A0072B731 /* Logo_40x40.png */ = {isa = PBXFileReference; lastKnownFileType = image.png; path = Logo_40x40.png; sourceTree = "<group>"; };
		FD3FA7CA18FC2F0A0072B731 /* Logo_60x60.png */ = {isa = PBXFileReference; lastKnownFileType = image.png; path = Logo_60x60.png; sourceTree = "<group>"; };
		FD3FA7CB18FC2F0A0072B731 /* Logo_500x500.png */ = {isa = PBXFileReference; lastKnownFileType = image.png; path = Logo_500x500.png; sourceTree = "<group>"; };
		FD3FA7D018FC3A160072B731 /* Icon_29x29.png */ = {isa = PBXFileReference; lastKnownFileType = image.png; path = Icon_29x29.png; sourceTree = "<group>"; };
		FD3FA7D118FC3A160072B731 /* Icon_40x40.png */ = {isa = PBXFileReference; lastKnownFileType = image.png; path = Icon_40x40.png; sourceTree = "<group>"; };
		FD3FA7D218FC3A160072B731 /* Icon_60x60.png */ = {isa = PBXFileReference; lastKnownFileType = image.png; path = Icon_60x60.png; sourceTree = "<group>"; };
		FD3FA7D318FC3A160072B731 /* Icon_500x500.png */ = {isa = PBXFileReference; lastKnownFileType = image.png; path = Icon_500x500.png; sourceTree = "<group>"; };
		FD5686F6191D48830019415B /* AFHTTPRequestOperation.h */ = {isa = PBXFileReference; fileEncoding = 4; lastKnownFileType = sourcecode.c.h; path = AFHTTPRequestOperation.h; sourceTree = "<group>"; };
		FD5686F7191D48830019415B /* AFHTTPRequestOperation.m */ = {isa = PBXFileReference; fileEncoding = 4; lastKnownFileType = sourcecode.c.objc; path = AFHTTPRequestOperation.m; sourceTree = "<group>"; };
		FD5686F8191D48830019415B /* AFHTTPRequestOperationManager.h */ = {isa = PBXFileReference; fileEncoding = 4; lastKnownFileType = sourcecode.c.h; path = AFHTTPRequestOperationManager.h; sourceTree = "<group>"; };
		FD5686F9191D48830019415B /* AFHTTPRequestOperationManager.m */ = {isa = PBXFileReference; fileEncoding = 4; lastKnownFileType = sourcecode.c.objc; path = AFHTTPRequestOperationManager.m; sourceTree = "<group>"; };
		FD5686FA191D48830019415B /* AFHTTPSessionManager.h */ = {isa = PBXFileReference; fileEncoding = 4; lastKnownFileType = sourcecode.c.h; path = AFHTTPSessionManager.h; sourceTree = "<group>"; };
		FD5686FB191D48830019415B /* AFHTTPSessionManager.m */ = {isa = PBXFileReference; fileEncoding = 4; lastKnownFileType = sourcecode.c.objc; path = AFHTTPSessionManager.m; sourceTree = "<group>"; };
		FD5686FC191D48830019415B /* AFNetworking.h */ = {isa = PBXFileReference; fileEncoding = 4; lastKnownFileType = sourcecode.c.h; path = AFNetworking.h; sourceTree = "<group>"; };
		FD5686FD191D48830019415B /* AFNetworkReachabilityManager.h */ = {isa = PBXFileReference; fileEncoding = 4; lastKnownFileType = sourcecode.c.h; path = AFNetworkReachabilityManager.h; sourceTree = "<group>"; };
		FD5686FE191D48830019415B /* AFNetworkReachabilityManager.m */ = {isa = PBXFileReference; fileEncoding = 4; lastKnownFileType = sourcecode.c.objc; path = AFNetworkReachabilityManager.m; sourceTree = "<group>"; };
		FD5686FF191D48830019415B /* AFSecurityPolicy.h */ = {isa = PBXFileReference; fileEncoding = 4; lastKnownFileType = sourcecode.c.h; path = AFSecurityPolicy.h; sourceTree = "<group>"; };
		FD568700191D48830019415B /* AFSecurityPolicy.m */ = {isa = PBXFileReference; fileEncoding = 4; lastKnownFileType = sourcecode.c.objc; path = AFSecurityPolicy.m; sourceTree = "<group>"; };
		FD568701191D48830019415B /* AFURLConnectionOperation.h */ = {isa = PBXFileReference; fileEncoding = 4; lastKnownFileType = sourcecode.c.h; path = AFURLConnectionOperation.h; sourceTree = "<group>"; };
		FD568702191D48830019415B /* AFURLConnectionOperation.m */ = {isa = PBXFileReference; fileEncoding = 4; lastKnownFileType = sourcecode.c.objc; path = AFURLConnectionOperation.m; sourceTree = "<group>"; };
		FD568703191D48830019415B /* AFURLRequestSerialization.h */ = {isa = PBXFileReference; fileEncoding = 4; lastKnownFileType = sourcecode.c.h; path = AFURLRequestSerialization.h; sourceTree = "<group>"; };
		FD568704191D48830019415B /* AFURLRequestSerialization.m */ = {isa = PBXFileReference; fileEncoding = 4; lastKnownFileType = sourcecode.c.objc; path = AFURLRequestSerialization.m; sourceTree = "<group>"; };
		FD568705191D48830019415B /* AFURLResponseSerialization.h */ = {isa = PBXFileReference; fileEncoding = 4; lastKnownFileType = sourcecode.c.h; path = AFURLResponseSerialization.h; sourceTree = "<group>"; };
		FD568706191D48830019415B /* AFURLResponseSerialization.m */ = {isa = PBXFileReference; fileEncoding = 4; lastKnownFileType = sourcecode.c.objc; path = AFURLResponseSerialization.m; sourceTree = "<group>"; };
		FD568707191D48830019415B /* AFURLSessionManager.h */ = {isa = PBXFileReference; fileEncoding = 4; lastKnownFileType = sourcecode.c.h; path = AFURLSessionManager.h; sourceTree = "<group>"; };
		FD568708191D48830019415B /* AFURLSessionManager.m */ = {isa = PBXFileReference; fileEncoding = 4; lastKnownFileType = sourcecode.c.objc; path = AFURLSessionManager.m; sourceTree = "<group>"; };
		FD56870A191D48830019415B /* AFNetworkActivityIndicatorManager.h */ = {isa = PBXFileReference; fileEncoding = 4; lastKnownFileType = sourcecode.c.h; path = AFNetworkActivityIndicatorManager.h; sourceTree = "<group>"; };
		FD56870B191D48830019415B /* AFNetworkActivityIndicatorManager.m */ = {isa = PBXFileReference; fileEncoding = 4; lastKnownFileType = sourcecode.c.objc; path = AFNetworkActivityIndicatorManager.m; sourceTree = "<group>"; };
		FD56870C191D48830019415B /* UIActivityIndicatorView+AFNetworking.h */ = {isa = PBXFileReference; fileEncoding = 4; lastKnownFileType = sourcecode.c.h; path = "UIActivityIndicatorView+AFNetworking.h"; sourceTree = "<group>"; };
		FD56870D191D48830019415B /* UIActivityIndicatorView+AFNetworking.m */ = {isa = PBXFileReference; fileEncoding = 4; lastKnownFileType = sourcecode.c.objc; path = "UIActivityIndicatorView+AFNetworking.m"; sourceTree = "<group>"; };
		FD56870E191D48830019415B /* UIAlertView+AFNetworking.h */ = {isa = PBXFileReference; fileEncoding = 4; lastKnownFileType = sourcecode.c.h; path = "UIAlertView+AFNetworking.h"; sourceTree = "<group>"; };
		FD56870F191D48830019415B /* UIAlertView+AFNetworking.m */ = {isa = PBXFileReference; fileEncoding = 4; lastKnownFileType = sourcecode.c.objc; path = "UIAlertView+AFNetworking.m"; sourceTree = "<group>"; };
		FD568710191D48830019415B /* UIButton+AFNetworking.h */ = {isa = PBXFileReference; fileEncoding = 4; lastKnownFileType = sourcecode.c.h; path = "UIButton+AFNetworking.h"; sourceTree = "<group>"; };
		FD568711191D48830019415B /* UIButton+AFNetworking.m */ = {isa = PBXFileReference; fileEncoding = 4; lastKnownFileType = sourcecode.c.objc; path = "UIButton+AFNetworking.m"; sourceTree = "<group>"; };
		FD568712191D48830019415B /* UIImageView+AFNetworking.h */ = {isa = PBXFileReference; fileEncoding = 4; lastKnownFileType = sourcecode.c.h; path = "UIImageView+AFNetworking.h"; sourceTree = "<group>"; };
		FD568713191D48830019415B /* UIImageView+AFNetworking.m */ = {isa = PBXFileReference; fileEncoding = 4; lastKnownFileType = sourcecode.c.objc; path = "UIImageView+AFNetworking.m"; sourceTree = "<group>"; };
		FD568714191D48830019415B /* UIKit+AFNetworking.h */ = {isa = PBXFileReference; fileEncoding = 4; lastKnownFileType = sourcecode.c.h; path = "UIKit+AFNetworking.h"; sourceTree = "<group>"; };
		FD568715191D48830019415B /* UIProgressView+AFNetworking.h */ = {isa = PBXFileReference; fileEncoding = 4; lastKnownFileType = sourcecode.c.h; path = "UIProgressView+AFNetworking.h"; sourceTree = "<group>"; };
		FD568716191D48830019415B /* UIProgressView+AFNetworking.m */ = {isa = PBXFileReference; fileEncoding = 4; lastKnownFileType = sourcecode.c.objc; path = "UIProgressView+AFNetworking.m"; sourceTree = "<group>"; };
		FD568717191D48830019415B /* UIRefreshControl+AFNetworking.h */ = {isa = PBXFileReference; fileEncoding = 4; lastKnownFileType = sourcecode.c.h; path = "UIRefreshControl+AFNetworking.h"; sourceTree = "<group>"; };
		FD568718191D48830019415B /* UIRefreshControl+AFNetworking.m */ = {isa = PBXFileReference; fileEncoding = 4; lastKnownFileType = sourcecode.c.objc; path = "UIRefreshControl+AFNetworking.m"; sourceTree = "<group>"; };
		FD568719191D48830019415B /* UIWebView+AFNetworking.h */ = {isa = PBXFileReference; fileEncoding = 4; lastKnownFileType = sourcecode.c.h; path = "UIWebView+AFNetworking.h"; sourceTree = "<group>"; };
		FD56871A191D48830019415B /* UIWebView+AFNetworking.m */ = {isa = PBXFileReference; fileEncoding = 4; lastKnownFileType = sourcecode.c.objc; path = "UIWebView+AFNetworking.m"; sourceTree = "<group>"; };
		FD6B84241923E36C0093C534 /* Base */ = {isa = PBXFileReference; lastKnownFileType = text.plist.strings; name = Base; path = Base.lproj/AuthenticationVC.strings; sourceTree = "<group>"; };
		FD6B84251923E38D0093C534 /* Base */ = {isa = PBXFileReference; lastKnownFileType = text.plist.strings; name = Base; path = Base.lproj/HomeScreenVC.strings; sourceTree = "<group>"; };
		FD6B84261923E3A60093C534 /* Base */ = {isa = PBXFileReference; lastKnownFileType = text.plist.strings; name = Base; path = Base.lproj/HTTPErrors.strings; sourceTree = "<group>"; };
		FD8F82D41908072C00EDBDBE /* CloudKeychainManager.h */ = {isa = PBXFileReference; fileEncoding = 4; lastKnownFileType = sourcecode.c.h; path = CloudKeychainManager.h; sourceTree = "<group>"; };
		FD8F82D51908072C00EDBDBE /* CloudKeychainManager.m */ = {isa = PBXFileReference; fileEncoding = 4; lastKnownFileType = sourcecode.c.objc; path = CloudKeychainManager.m; sourceTree = "<group>"; };
		FD8F82D719080AAA00EDBDBE /* Security.framework */ = {isa = PBXFileReference; lastKnownFileType = wrapper.framework; name = Security.framework; path = System/Library/Frameworks/Security.framework; sourceTree = SDKROOT; };
		FD8F82D91908244A00EDBDBE /* UICloud.h */ = {isa = PBXFileReference; lastKnownFileType = sourcecode.c.h; path = UICloud.h; sourceTree = "<group>"; };
		FDDA094518F5BA9F000A1029 /* FiraMonoOT-Bold.otf */ = {isa = PBXFileReference; lastKnownFileType = file; path = "FiraMonoOT-Bold.otf"; sourceTree = "<group>"; };
		FDDA094618F5BA9F000A1029 /* FiraMonoOT-Regular.otf */ = {isa = PBXFileReference; lastKnownFileType = file; path = "FiraMonoOT-Regular.otf"; sourceTree = "<group>"; };
		FDDA094718F5BA9F000A1029 /* FiraSansOT-Bold.otf */ = {isa = PBXFileReference; lastKnownFileType = file; path = "FiraSansOT-Bold.otf"; sourceTree = "<group>"; };
		FDDA094818F5BA9F000A1029 /* FiraSansOT-BoldItalic.otf */ = {isa = PBXFileReference; lastKnownFileType = file; path = "FiraSansOT-BoldItalic.otf"; sourceTree = "<group>"; };
		FDDA094918F5BA9F000A1029 /* FiraSansOT-Light.otf */ = {isa = PBXFileReference; lastKnownFileType = file; path = "FiraSansOT-Light.otf"; sourceTree = "<group>"; };
		FDDA094A18F5BA9F000A1029 /* FiraSansOT-LightItalic.otf */ = {isa = PBXFileReference; lastKnownFileType = file; path = "FiraSansOT-LightItalic.otf"; sourceTree = "<group>"; };
		FDDA094B18F5BA9F000A1029 /* FiraSansOT-Medium.otf */ = {isa = PBXFileReference; lastKnownFileType = file; path = "FiraSansOT-Medium.otf"; sourceTree = "<group>"; };
		FDDA094C18F5BA9F000A1029 /* FiraSansOT-MediumItalic.otf */ = {isa = PBXFileReference; lastKnownFileType = file; path = "FiraSansOT-MediumItalic.otf"; sourceTree = "<group>"; };
		FDDA094D18F5BA9F000A1029 /* FiraSansOT-Regular.otf */ = {isa = PBXFileReference; lastKnownFileType = file; path = "FiraSansOT-Regular.otf"; sourceTree = "<group>"; };
		FDDA094E18F5BA9F000A1029 /* FiraSansOT-RegularItalic.otf */ = {isa = PBXFileReference; lastKnownFileType = file; path = "FiraSansOT-RegularItalic.otf"; sourceTree = "<group>"; };
		FDDA095A18F5BC92000A1029 /* CloudLabel.h */ = {isa = PBXFileReference; fileEncoding = 4; lastKnownFileType = sourcecode.c.h; path = CloudLabel.h; sourceTree = "<group>"; };
		FDDA095B18F5BC92000A1029 /* CloudLabel.m */ = {isa = PBXFileReference; fileEncoding = 4; lastKnownFileType = sourcecode.c.objc; path = CloudLabel.m; sourceTree = "<group>"; };
		FDDA095D18F5BEC4000A1029 /* CloudButton.h */ = {isa = PBXFileReference; fileEncoding = 4; lastKnownFileType = sourcecode.c.h; path = CloudButton.h; sourceTree = "<group>"; };
		FDDA095E18F5BEC4000A1029 /* CloudButton.m */ = {isa = PBXFileReference; fileEncoding = 4; lastKnownFileType = sourcecode.c.objc; path = CloudButton.m; sourceTree = "<group>"; };
		FDDA096018F5BF2D000A1029 /* CloudTextField.h */ = {isa = PBXFileReference; fileEncoding = 4; lastKnownFileType = sourcecode.c.h; path = CloudTextField.h; sourceTree = "<group>"; };
		FDDA096118F5BF2D000A1029 /* CloudTextField.m */ = {isa = PBXFileReference; fileEncoding = 4; lastKnownFileType = sourcecode.c.objc; path = CloudTextField.m; sourceTree = "<group>"; };
/* End PBXFileReference section */

/* Begin PBXFrameworksBuildPhase section */
		E478BB4618A0E8290068DEB1 /* Frameworks */ = {
			isa = PBXFrameworksBuildPhase;
			buildActionMask = 2147483647;
			files = (
				FD8F82D819080AAA00EDBDBE /* Security.framework in Frameworks */,
				E478BB4F18A0E8290068DEB1 /* CoreGraphics.framework in Frameworks */,
				E478BB5118A0E8290068DEB1 /* UIKit.framework in Frameworks */,
				E478BB4D18A0E8290068DEB1 /* Foundation.framework in Frameworks */,
			);
			runOnlyForDeploymentPostprocessing = 0;
		};
		E478BB6718A0E8290068DEB1 /* Frameworks */ = {
			isa = PBXFrameworksBuildPhase;
			buildActionMask = 2147483647;
			files = (
				E478BB6C18A0E8290068DEB1 /* XCTest.framework in Frameworks */,
				E478BB6E18A0E8290068DEB1 /* UIKit.framework in Frameworks */,
				E478BB6D18A0E8290068DEB1 /* Foundation.framework in Frameworks */,
			);
			runOnlyForDeploymentPostprocessing = 0;
		};
/* End PBXFrameworksBuildPhase section */

/* Begin PBXGroup section */
		E478BB4018A0E8290068DEB1 = {
			isa = PBXGroup;
			children = (
				FD1D4F01191E79ED008B530E /* Cloudiversity.app */,
				FD1D4F02191E79ED008B530E /* CloudiversityTests.xctest */,
				E478BB5218A0E8290068DEB1 /* Cloudiversity */,
				E478BB7118A0E8290068DEB1 /* CloudiversityTests */,
				E478BB4B18A0E8290068DEB1 /* Frameworks */,
				FDDA094318F5BA62000A1029 /* Resources */,
			);
			sourceTree = "<group>";
		};
		E478BB4B18A0E8290068DEB1 /* Frameworks */ = {
			isa = PBXGroup;
			children = (
				FD8F82D719080AAA00EDBDBE /* Security.framework */,
				E478BB4C18A0E8290068DEB1 /* Foundation.framework */,
				E478BB4E18A0E8290068DEB1 /* CoreGraphics.framework */,
				E478BB5018A0E8290068DEB1 /* UIKit.framework */,
				E478BB6B18A0E8290068DEB1 /* XCTest.framework */,
			);
			name = Frameworks;
			sourceTree = "<group>";
		};
		E478BB5218A0E8290068DEB1 /* Cloudiversity */ = {
			isa = PBXGroup;
			children = (
				FD1569D0190516B1002F8978 /* Categories */,
				E478BB5B18A0E8290068DEB1 /* CloudiversityAppDelegate.h */,
				E478BB5C18A0E8290068DEB1 /* CloudiversityAppDelegate.m */,
				E478BB6418A0E8290068DEB1 /* Images.xcassets */,
				FD0F98741923ED72002DF049 /* Main.storyboard */,
				E478BBAB18A2A1500068DEB1 /* Objects */,
				E478BB5318A0E8290068DEB1 /* Supporting Files */,
				FDDA095918F5BC45000A1029 /* UISubclasses */,
				E478BB8118A0E9350068DEB1 /* Utils */,
				FD56867E191D42500019415B /* Vendors */,
				FD3B79931920D9E2000579DE /* ViewControllers */,
			);
			path = Cloudiversity;
			sourceTree = "<group>";
		};
		E478BB5318A0E8290068DEB1 /* Supporting Files */ = {
			isa = PBXGroup;
			children = (
				E478BB5418A0E8290068DEB1 /* Cloudiversity-Info.plist */,
				E478BB5818A0E8290068DEB1 /* main.m */,
				E478BB5A18A0E8290068DEB1 /* Cloudiversity-Prefix.pch */,
			);
			name = "Supporting Files";
			sourceTree = "<group>";
		};
		E478BB7118A0E8290068DEB1 /* CloudiversityTests */ = {
			isa = PBXGroup;
			children = (
				E478BB7718A0E8290068DEB1 /* CloudiversityTests.m */,
				E478BB7218A0E8290068DEB1 /* Supporting Files */,
			);
			path = CloudiversityTests;
			sourceTree = "<group>";
		};
		E478BB7218A0E8290068DEB1 /* Supporting Files */ = {
			isa = PBXGroup;
			children = (
				E478BB7318A0E8290068DEB1 /* CloudiversityTests-Info.plist */,
			);
			name = "Supporting Files";
			sourceTree = "<group>";
		};
		E478BB8118A0E9350068DEB1 /* Utils */ = {
			isa = PBXGroup;
			children = (
				E478BBA518A0FDCB0068DEB1 /* IOSRequest.h */,
				E478BBA618A0FDCB0068DEB1 /* IOSRequest.m */,
				FD3B79A91920E582000579DE /* HTTPErrors.strings */,
				FD8F82D41908072C00EDBDBE /* CloudKeychainManager.h */,
				FD8F82D51908072C00EDBDBE /* CloudKeychainManager.m */,
			);
			path = Utils;
			sourceTree = "<group>";
		};
		E478BBAB18A2A1500068DEB1 /* Objects */ = {
			isa = PBXGroup;
			children = (
				E478BBB518A2A2820068DEB1 /* Object.h */,
				E478BBB618A2A2820068DEB1 /* Object.m */,
				E478BBB818A2A2DB0068DEB1 /* User.h */,
				E478BBB918A2A2DB0068DEB1 /* User.m */,
			);
			path = Objects;
			sourceTree = "<group>";
		};
		FD1569D0190516B1002F8978 /* Categories */ = {
			isa = PBXGroup;
			children = (
				FD19FB2019059006000B4688 /* UIColor+Cloud.h */,
				FD19FB2119059006000B4688 /* UIColor+Cloud.m */,
			);
			path = Categories;
			sourceTree = "<group>";
		};
		FD3B79931920D9E2000579DE /* ViewControllers */ = {
			isa = PBXGroup;
			children = (
				FD3B79941920DA5D000579DE /* HomeScreen */,
				FD3B79951920DAAE000579DE /* Authentication */,
			);
			path = ViewControllers;
			sourceTree = "<group>";
		};
		FD3B79941920DA5D000579DE /* HomeScreen */ = {
			isa = PBXGroup;
			children = (
				920FC95F1901784F0070D70E /* HomeScreenViewController.h */,
				920FC9601901784F0070D70E /* HomeScreenViewController.m */,
				FD3B799F1920E4EF000579DE /* HomeScreenVC.strings */,
			);
			path = HomeScreen;
			sourceTree = "<group>";
		};
		FD3B79951920DAAE000579DE /* Authentication */ = {
			isa = PBXGroup;
			children = (
				E478BB6118A0E8290068DEB1 /* AuthenticationViewController.h */,
				FD3B79961920DFE6000579DE /* AuthenticationViewController.m */,
				FD3B79A31920E4FD000579DE /* AuthenticationVC.strings */,
			);
			path = Authentication;
			sourceTree = "<group>";
		};
		FD3FA7BE18FC2D8B0072B731 /* Images */ = {
			isa = PBXGroup;
			children = (
				FD3FA7BF18FC2D990072B731 /* Logos */,
			);
			path = Images;
			sourceTree = "<group>";
		};
		FD3FA7BF18FC2D990072B731 /* Logos */ = {
			isa = PBXGroup;
			children = (
				FD3FA7D018FC3A160072B731 /* Icon_29x29.png */,
				FD3FA7D118FC3A160072B731 /* Icon_40x40.png */,
				FD3FA7D218FC3A160072B731 /* Icon_60x60.png */,
				FD3FA7D318FC3A160072B731 /* Icon_500x500.png */,
				FD3FA7C818FC2F0A0072B731 /* Logo_29x29.png */,
				FD3FA7C918FC2F0A0072B731 /* Logo_40x40.png */,
				FD3FA7CA18FC2F0A0072B731 /* Logo_60x60.png */,
				FD3FA7CB18FC2F0A0072B731 /* Logo_500x500.png */,
			);
			path = Logos;
			sourceTree = "<group>";
		};
		FD56867E191D42500019415B /* Vendors */ = {
			isa = PBXGroup;
			children = (
				FD568685191D43360019415B /* AFNetworking */,
			);
			path = Vendors;
			sourceTree = "<group>";
		};
		FD568685191D43360019415B /* AFNetworking */ = {
			isa = PBXGroup;
			children = (
				FD5686F5191D48830019415B /* AFNetworking */,
				FD568709191D48830019415B /* UIKit+AFNetworking */,
			);
			path = AFNetworking;
			sourceTree = "<group>";
		};
		FD5686F5191D48830019415B /* AFNetworking */ = {
			isa = PBXGroup;
			children = (
				FD5686F6191D48830019415B /* AFHTTPRequestOperation.h */,
				FD5686F7191D48830019415B /* AFHTTPRequestOperation.m */,
				FD5686F8191D48830019415B /* AFHTTPRequestOperationManager.h */,
				FD5686F9191D48830019415B /* AFHTTPRequestOperationManager.m */,
				FD5686FA191D48830019415B /* AFHTTPSessionManager.h */,
				FD5686FB191D48830019415B /* AFHTTPSessionManager.m */,
				FD5686FC191D48830019415B /* AFNetworking.h */,
				FD5686FD191D48830019415B /* AFNetworkReachabilityManager.h */,
				FD5686FE191D48830019415B /* AFNetworkReachabilityManager.m */,
				FD5686FF191D48830019415B /* AFSecurityPolicy.h */,
				FD568700191D48830019415B /* AFSecurityPolicy.m */,
				FD568701191D48830019415B /* AFURLConnectionOperation.h */,
				FD568702191D48830019415B /* AFURLConnectionOperation.m */,
				FD568703191D48830019415B /* AFURLRequestSerialization.h */,
				FD568704191D48830019415B /* AFURLRequestSerialization.m */,
				FD568705191D48830019415B /* AFURLResponseSerialization.h */,
				FD568706191D48830019415B /* AFURLResponseSerialization.m */,
				FD568707191D48830019415B /* AFURLSessionManager.h */,
				FD568708191D48830019415B /* AFURLSessionManager.m */,
			);
			path = AFNetworking;
			sourceTree = "<group>";
		};
		FD568709191D48830019415B /* UIKit+AFNetworking */ = {
			isa = PBXGroup;
			children = (
				FD56870A191D48830019415B /* AFNetworkActivityIndicatorManager.h */,
				FD56870B191D48830019415B /* AFNetworkActivityIndicatorManager.m */,
				FD56870C191D48830019415B /* UIActivityIndicatorView+AFNetworking.h */,
				FD56870D191D48830019415B /* UIActivityIndicatorView+AFNetworking.m */,
				FD56870E191D48830019415B /* UIAlertView+AFNetworking.h */,
				FD56870F191D48830019415B /* UIAlertView+AFNetworking.m */,
				FD568710191D48830019415B /* UIButton+AFNetworking.h */,
				FD568711191D48830019415B /* UIButton+AFNetworking.m */,
				FD568712191D48830019415B /* UIImageView+AFNetworking.h */,
				FD568713191D48830019415B /* UIImageView+AFNetworking.m */,
				FD568714191D48830019415B /* UIKit+AFNetworking.h */,
				FD568715191D48830019415B /* UIProgressView+AFNetworking.h */,
				FD568716191D48830019415B /* UIProgressView+AFNetworking.m */,
				FD568717191D48830019415B /* UIRefreshControl+AFNetworking.h */,
				FD568718191D48830019415B /* UIRefreshControl+AFNetworking.m */,
				FD568719191D48830019415B /* UIWebView+AFNetworking.h */,
				FD56871A191D48830019415B /* UIWebView+AFNetworking.m */,
			);
			path = "UIKit+AFNetworking";
			sourceTree = "<group>";
		};
		FDDA094318F5BA62000A1029 /* Resources */ = {
			isa = PBXGroup;
			children = (
				FD3FA7BE18FC2D8B0072B731 /* Images */,
				FDDA094418F5BA7B000A1029 /* Fonts */,
			);
			path = Resources;
			sourceTree = "<group>";
		};
		FDDA094418F5BA7B000A1029 /* Fonts */ = {
			isa = PBXGroup;
			children = (
				FDDA094518F5BA9F000A1029 /* FiraMonoOT-Bold.otf */,
				FDDA094618F5BA9F000A1029 /* FiraMonoOT-Regular.otf */,
				FDDA094718F5BA9F000A1029 /* FiraSansOT-Bold.otf */,
				FDDA094818F5BA9F000A1029 /* FiraSansOT-BoldItalic.otf */,
				FDDA094918F5BA9F000A1029 /* FiraSansOT-Light.otf */,
				FDDA094A18F5BA9F000A1029 /* FiraSansOT-LightItalic.otf */,
				FDDA094B18F5BA9F000A1029 /* FiraSansOT-Medium.otf */,
				FDDA094C18F5BA9F000A1029 /* FiraSansOT-MediumItalic.otf */,
				FDDA094D18F5BA9F000A1029 /* FiraSansOT-Regular.otf */,
				FDDA094E18F5BA9F000A1029 /* FiraSansOT-RegularItalic.otf */,
			);
			path = Fonts;
			sourceTree = "<group>";
		};
		FDDA095918F5BC45000A1029 /* UISubclasses */ = {
			isa = PBXGroup;
			children = (
				FDDA095A18F5BC92000A1029 /* CloudLabel.h */,
				FDDA095B18F5BC92000A1029 /* CloudLabel.m */,
				FDDA095D18F5BEC4000A1029 /* CloudButton.h */,
				FDDA095E18F5BEC4000A1029 /* CloudButton.m */,
				FDDA096018F5BF2D000A1029 /* CloudTextField.h */,
				FDDA096118F5BF2D000A1029 /* CloudTextField.m */,
				FD8F82D91908244A00EDBDBE /* UICloud.h */,
			);
			path = UISubclasses;
			sourceTree = "<group>";
		};
/* End PBXGroup section */

/* Begin PBXNativeTarget section */
		E478BB4818A0E8290068DEB1 /* Cloudiversity */ = {
			isa = PBXNativeTarget;
			buildConfigurationList = E478BB7B18A0E8290068DEB1 /* Build configuration list for PBXNativeTarget "Cloudiversity" */;
			buildPhases = (
				E478BB4518A0E8290068DEB1 /* Sources */,
				E478BB4618A0E8290068DEB1 /* Frameworks */,
				E478BB4718A0E8290068DEB1 /* Resources */,
			);
			buildRules = (
			);
			dependencies = (
			);
			name = Cloudiversity;
			productName = Cloudiversity;
			productReference = FD1D4F01191E79ED008B530E /* Cloudiversity.app */;
			productType = "com.apple.product-type.application";
		};
		E478BB6918A0E8290068DEB1 /* CloudiversityTests */ = {
			isa = PBXNativeTarget;
			buildConfigurationList = E478BB7E18A0E8290068DEB1 /* Build configuration list for PBXNativeTarget "CloudiversityTests" */;
			buildPhases = (
				E478BB6618A0E8290068DEB1 /* Sources */,
				E478BB6718A0E8290068DEB1 /* Frameworks */,
				E478BB6818A0E8290068DEB1 /* Resources */,
			);
			buildRules = (
			);
			dependencies = (
				E478BB7018A0E8290068DEB1 /* PBXTargetDependency */,
			);
			name = CloudiversityTests;
			productName = CloudiversityTests;
			productReference = FD1D4F02191E79ED008B530E /* CloudiversityTests.xctest */;
			productType = "com.apple.product-type.bundle.unit-test";
		};
/* End PBXNativeTarget section */

/* Begin PBXProject section */
		E478BB4118A0E8290068DEB1 /* Project object */ = {
			isa = PBXProject;
			attributes = {
				CLASSPREFIX = Cloud;
				LastUpgradeCheck = 0510;
				ORGANIZATIONNAME = Cloudiversity;
				TargetAttributes = {
					E478BB6918A0E8290068DEB1 = {
						TestTargetID = E478BB4818A0E8290068DEB1;
					};
				};
			};
			buildConfigurationList = E478BB4418A0E8290068DEB1 /* Build configuration list for PBXProject "Cloudiversity" */;
			compatibilityVersion = "Xcode 3.2";
			developmentRegion = English;
			hasScannedForEncodings = 0;
			knownRegions = (
				en,
				Base,
				fr,
			);
			mainGroup = E478BB4018A0E8290068DEB1;
			productRefGroup = E478BB4018A0E8290068DEB1;
			projectDirPath = "";
			projectRoot = "";
			targets = (
				E478BB4818A0E8290068DEB1 /* Cloudiversity */,
				E478BB6918A0E8290068DEB1 /* CloudiversityTests */,
			);
		};
/* End PBXProject section */

/* Begin PBXResourcesBuildPhase section */
		E478BB4718A0E8290068DEB1 /* Resources */ = {
			isa = PBXResourcesBuildPhase;
			buildActionMask = 2147483647;
			files = (
				FDDA095018F5BA9F000A1029 /* FiraMonoOT-Regular.otf in Resources */,
				FDDA095418F5BA9F000A1029 /* FiraSansOT-LightItalic.otf in Resources */,
				FD3FA7CD18FC2F0A0072B731 /* Logo_40x40.png in Resources */,
				E478BB6518A0E8290068DEB1 /* Images.xcassets in Resources */,
				FDDA095818F5BA9F000A1029 /* FiraSansOT-RegularItalic.otf in Resources */,
				FD3FA7CE18FC2F0A0072B731 /* Logo_60x60.png in Resources */,
				FDDA095318F5BA9F000A1029 /* FiraSansOT-Light.otf in Resources */,
				FDDA095118F5BA9F000A1029 /* FiraSansOT-Bold.otf in Resources */,
				FD3FA7D618FC3A160072B731 /* Icon_60x60.png in Resources */,
				FDDA095718F5BA9F000A1029 /* FiraSansOT-Regular.otf in Resources */,
				FD3FA7CF18FC2F0A0072B731 /* Logo_500x500.png in Resources */,
				FDDA095518F5BA9F000A1029 /* FiraSansOT-Medium.otf in Resources */,
				FD0F98751923ED72002DF049 /* Main.storyboard in Resources */,
				FD3FA7CC18FC2F0A0072B731 /* Logo_29x29.png in Resources */,
				FD3FA7D418FC3A160072B731 /* Icon_29x29.png in Resources */,
				FD3B799D1920E4EF000579DE /* HomeScreenVC.strings in Resources */,
				FDDA095618F5BA9F000A1029 /* FiraSansOT-MediumItalic.otf in Resources */,
				FD3FA7D518FC3A160072B731 /* Icon_40x40.png in Resources */,
				FDDA094F18F5BA9F000A1029 /* FiraMonoOT-Bold.otf in Resources */,
				FD3FA7D718FC3A160072B731 /* Icon_500x500.png in Resources */,
				FDDA095218F5BA9F000A1029 /* FiraSansOT-BoldItalic.otf in Resources */,
				FD3B79A71920E582000579DE /* HTTPErrors.strings in Resources */,
				FD3B79A11920E4FD000579DE /* AuthenticationVC.strings in Resources */,
			);
			runOnlyForDeploymentPostprocessing = 0;
		};
		E478BB6818A0E8290068DEB1 /* Resources */ = {
			isa = PBXResourcesBuildPhase;
			buildActionMask = 2147483647;
			files = (
			);
			runOnlyForDeploymentPostprocessing = 0;
		};
/* End PBXResourcesBuildPhase section */

/* Begin PBXSourcesBuildPhase section */
		E478BB4518A0E8290068DEB1 /* Sources */ = {
			isa = PBXSourcesBuildPhase;
			buildActionMask = 2147483647;
			files = (
				FD568729191D48830019415B /* UIProgressView+AFNetworking.m in Sources */,
				FD56872A191D48830019415B /* UIRefreshControl+AFNetworking.m in Sources */,
				FD56872B191D48830019415B /* UIWebView+AFNetworking.m in Sources */,
				E478BBB718A2A2820068DEB1 /* Object.m in Sources */,
				E478BBBA18A2A2DB0068DEB1 /* User.m in Sources */,
				FD56871C191D48830019415B /* AFHTTPRequestOperationManager.m in Sources */,
				E478BB5918A0E8290068DEB1 /* main.m in Sources */,
				FD568720191D48830019415B /* AFURLConnectionOperation.m in Sources */,
				FD8F82D61908072C00EDBDBE /* CloudKeychainManager.m in Sources */,
				FD568725191D48830019415B /* UIActivityIndicatorView+AFNetworking.m in Sources */,
				FDDA095F18F5BEC4000A1029 /* CloudButton.m in Sources */,
				FD568721191D48830019415B /* AFURLRequestSerialization.m in Sources */,
				FD56871D191D48830019415B /* AFHTTPSessionManager.m in Sources */,
				FD56871B191D48830019415B /* AFHTTPRequestOperation.m in Sources */,
				FD19FB2219059006000B4688 /* UIColor+Cloud.m in Sources */,
				FD568724191D48830019415B /* AFNetworkActivityIndicatorManager.m in Sources */,
				FD56871F191D48830019415B /* AFSecurityPolicy.m in Sources */,
				FDDA096218F5BF2D000A1029 /* CloudTextField.m in Sources */,
				FD3B79981920E1D4000579DE /* AuthenticationViewController.m in Sources */,
				FD568728191D48830019415B /* UIImageView+AFNetworking.m in Sources */,
				FD56871E191D48830019415B /* AFNetworkReachabilityManager.m in Sources */,
				FD568723191D48830019415B /* AFURLSessionManager.m in Sources */,
				FD568726191D48830019415B /* UIAlertView+AFNetworking.m in Sources */,
				E478BB5D18A0E8290068DEB1 /* CloudiversityAppDelegate.m in Sources */,
				920FC9611901784F0070D70E /* HomeScreenViewController.m in Sources */,
				FDDA095C18F5BC92000A1029 /* CloudLabel.m in Sources */,
				FD568722191D48830019415B /* AFURLResponseSerialization.m in Sources */,
				FD568727191D48830019415B /* UIButton+AFNetworking.m in Sources */,
				E478BBA718A0FDCB0068DEB1 /* IOSRequest.m in Sources */,
			);
			runOnlyForDeploymentPostprocessing = 0;
		};
		E478BB6618A0E8290068DEB1 /* Sources */ = {
			isa = PBXSourcesBuildPhase;
			buildActionMask = 2147483647;
			files = (
				920FC9621901784F0070D70E /* HomeScreenViewController.m in Sources */,
				E478BB7818A0E8290068DEB1 /* CloudiversityTests.m in Sources */,
			);
			runOnlyForDeploymentPostprocessing = 0;
		};
/* End PBXSourcesBuildPhase section */

/* Begin PBXTargetDependency section */
		E478BB7018A0E8290068DEB1 /* PBXTargetDependency */ = {
			isa = PBXTargetDependency;
			target = E478BB4818A0E8290068DEB1 /* Cloudiversity */;
			targetProxy = E478BB6F18A0E8290068DEB1 /* PBXContainerItemProxy */;
		};
/* End PBXTargetDependency section */

/* Begin PBXVariantGroup section */
		FD3B799F1920E4EF000579DE /* HomeScreenVC.strings */ = {
			isa = PBXVariantGroup;
			children = (
				FD3B799E1920E4EF000579DE /* fr */,
				FD6B84251923E38D0093C534 /* Base */,
			);
			name = HomeScreenVC.strings;
			sourceTree = "<group>";
		};
		FD3B79A31920E4FD000579DE /* AuthenticationVC.strings */ = {
			isa = PBXVariantGroup;
			children = (
				FD3B79A21920E4FD000579DE /* fr */,
				FD6B84241923E36C0093C534 /* Base */,
			);
			name = AuthenticationVC.strings;
			sourceTree = "<group>";
		};
		FD3B79A91920E582000579DE /* HTTPErrors.strings */ = {
			isa = PBXVariantGroup;
			children = (
				FD3B79A81920E582000579DE /* fr */,
				FD6B84261923E3A60093C534 /* Base */,
			);
			name = HTTPErrors.strings;
			sourceTree = "<group>";
		};
/* End PBXVariantGroup section */

/* Begin XCBuildConfiguration section */
		E478BB7918A0E8290068DEB1 /* Debug */ = {
			isa = XCBuildConfiguration;
			buildSettings = {
				ALWAYS_SEARCH_USER_PATHS = NO;
				CLANG_CXX_LANGUAGE_STANDARD = "gnu++0x";
				CLANG_CXX_LIBRARY = "libc++";
				CLANG_ENABLE_MODULES = YES;
				CLANG_ENABLE_OBJC_ARC = YES;
				CLANG_WARN_BOOL_CONVERSION = YES;
				CLANG_WARN_CONSTANT_CONVERSION = YES;
				CLANG_WARN_DIRECT_OBJC_ISA_USAGE = YES_ERROR;
				CLANG_WARN_EMPTY_BODY = YES;
				CLANG_WARN_ENUM_CONVERSION = YES;
				CLANG_WARN_INT_CONVERSION = YES;
				CLANG_WARN_OBJC_ROOT_CLASS = YES_ERROR;
				CLANG_WARN__DUPLICATE_METHOD_MATCH = YES;
				"CODE_SIGN_IDENTITY[sdk=iphoneos*]" = "iPhone Developer";
				COPY_PHASE_STRIP = NO;
				GCC_C_LANGUAGE_STANDARD = gnu99;
				GCC_DYNAMIC_NO_PIC = NO;
				GCC_OPTIMIZATION_LEVEL = 0;
				GCC_PREPROCESSOR_DEFINITIONS = (
					"DEBUG=1",
					"$(inherited)",
				);
				GCC_SYMBOLS_PRIVATE_EXTERN = NO;
				GCC_WARN_64_TO_32_BIT_CONVERSION = YES;
				GCC_WARN_ABOUT_RETURN_TYPE = YES_ERROR;
				GCC_WARN_UNDECLARED_SELECTOR = YES;
				GCC_WARN_UNINITIALIZED_AUTOS = YES;
				GCC_WARN_UNUSED_FUNCTION = YES;
				GCC_WARN_UNUSED_VARIABLE = YES;
				IPHONEOS_DEPLOYMENT_TARGET = 7.0;
				ONLY_ACTIVE_ARCH = YES;
				SDKROOT = iphoneos;
			};
			name = Debug;
		};
		E478BB7A18A0E8290068DEB1 /* Release */ = {
			isa = XCBuildConfiguration;
			buildSettings = {
				ALWAYS_SEARCH_USER_PATHS = NO;
				CLANG_CXX_LANGUAGE_STANDARD = "gnu++0x";
				CLANG_CXX_LIBRARY = "libc++";
				CLANG_ENABLE_MODULES = YES;
				CLANG_ENABLE_OBJC_ARC = YES;
				CLANG_WARN_BOOL_CONVERSION = YES;
				CLANG_WARN_CONSTANT_CONVERSION = YES;
				CLANG_WARN_DIRECT_OBJC_ISA_USAGE = YES_ERROR;
				CLANG_WARN_EMPTY_BODY = YES;
				CLANG_WARN_ENUM_CONVERSION = YES;
				CLANG_WARN_INT_CONVERSION = YES;
				CLANG_WARN_OBJC_ROOT_CLASS = YES_ERROR;
				CLANG_WARN__DUPLICATE_METHOD_MATCH = YES;
				"CODE_SIGN_IDENTITY[sdk=iphoneos*]" = "iPhone Developer";
				COPY_PHASE_STRIP = YES;
				ENABLE_NS_ASSERTIONS = NO;
				GCC_C_LANGUAGE_STANDARD = gnu99;
				GCC_WARN_64_TO_32_BIT_CONVERSION = YES;
				GCC_WARN_ABOUT_RETURN_TYPE = YES_ERROR;
				GCC_WARN_UNDECLARED_SELECTOR = YES;
				GCC_WARN_UNINITIALIZED_AUTOS = YES;
				GCC_WARN_UNUSED_FUNCTION = YES;
				GCC_WARN_UNUSED_VARIABLE = YES;
				IPHONEOS_DEPLOYMENT_TARGET = 7.0;
				ONLY_ACTIVE_ARCH = NO;
				SDKROOT = iphoneos;
				VALIDATE_PRODUCT = YES;
			};
			name = Release;
		};
		E478BB7C18A0E8290068DEB1 /* Debug */ = {
			isa = XCBuildConfiguration;
			buildSettings = {
				ASSETCATALOG_COMPILER_APPICON_NAME = AppIcon;
				ASSETCATALOG_COMPILER_LAUNCHIMAGE_NAME = LaunchImage;
				GCC_PRECOMPILE_PREFIX_HEADER = YES;
				GCC_PREFIX_HEADER = "Cloudiversity/Cloudiversity-Prefix.pch";
				INFOPLIST_FILE = "Cloudiversity/Cloudiversity-Info.plist";
				PRODUCT_NAME = "$(TARGET_NAME)";
				WRAPPER_EXTENSION = app;
			};
			name = Debug;
		};
		E478BB7D18A0E8290068DEB1 /* Release */ = {
			isa = XCBuildConfiguration;
			buildSettings = {
				ASSETCATALOG_COMPILER_APPICON_NAME = AppIcon;
				ASSETCATALOG_COMPILER_LAUNCHIMAGE_NAME = LaunchImage;
				GCC_PRECOMPILE_PREFIX_HEADER = YES;
				GCC_PREFIX_HEADER = "Cloudiversity/Cloudiversity-Prefix.pch";
				INFOPLIST_FILE = "Cloudiversity/Cloudiversity-Info.plist";
				"OTHER_LDFLAGS[arch=*]" = "";
				PRODUCT_NAME = "$(TARGET_NAME)";
				WRAPPER_EXTENSION = app;
			};
			name = Release;
		};
		E478BB7F18A0E8290068DEB1 /* Debug */ = {
			isa = XCBuildConfiguration;
			buildSettings = {
				BUNDLE_LOADER = "$(BUILT_PRODUCTS_DIR)/Cloudiversity.app/Cloudiversity";
				FRAMEWORK_SEARCH_PATHS = (
					"$(SDKROOT)/Developer/Library/Frameworks",
					"$(inherited)",
					"$(DEVELOPER_FRAMEWORKS_DIR)",
				);
				GCC_PRECOMPILE_PREFIX_HEADER = YES;
				GCC_PREFIX_HEADER = "Cloudiversity/Cloudiversity-Prefix.pch";
				GCC_PREPROCESSOR_DEFINITIONS = (
					"DEBUG=1",
					"$(inherited)",
				);
				INFOPLIST_FILE = "CloudiversityTests/CloudiversityTests-Info.plist";
				PRODUCT_NAME = "$(TARGET_NAME)";
				TEST_HOST = "$(BUNDLE_LOADER)";
				WRAPPER_EXTENSION = xctest;
			};
			name = Debug;
		};
		E478BB8018A0E8290068DEB1 /* Release */ = {
			isa = XCBuildConfiguration;
			buildSettings = {
				BUNDLE_LOADER = "$(BUILT_PRODUCTS_DIR)/Cloudiversity.app/Cloudiversity";
				FRAMEWORK_SEARCH_PATHS = (
					"$(SDKROOT)/Developer/Library/Frameworks",
					"$(inherited)",
					"$(DEVELOPER_FRAMEWORKS_DIR)",
				);
				GCC_PRECOMPILE_PREFIX_HEADER = YES;
				GCC_PREFIX_HEADER = "Cloudiversity/Cloudiversity-Prefix.pch";
				INFOPLIST_FILE = "CloudiversityTests/CloudiversityTests-Info.plist";
				PRODUCT_NAME = "$(TARGET_NAME)";
				TEST_HOST = "$(BUNDLE_LOADER)";
				WRAPPER_EXTENSION = xctest;
			};
			name = Release;
		};
/* End XCBuildConfiguration section */

/* Begin XCConfigurationList section */
		E478BB4418A0E8290068DEB1 /* Build configuration list for PBXProject "Cloudiversity" */ = {
			isa = XCConfigurationList;
			buildConfigurations = (
				E478BB7918A0E8290068DEB1 /* Debug */,
				E478BB7A18A0E8290068DEB1 /* Release */,
			);
			defaultConfigurationIsVisible = 0;
			defaultConfigurationName = Release;
		};
		E478BB7B18A0E8290068DEB1 /* Build configuration list for PBXNativeTarget "Cloudiversity" */ = {
			isa = XCConfigurationList;
			buildConfigurations = (
				E478BB7C18A0E8290068DEB1 /* Debug */,
				E478BB7D18A0E8290068DEB1 /* Release */,
			);
			defaultConfigurationIsVisible = 0;
			defaultConfigurationName = Release;
		};
		E478BB7E18A0E8290068DEB1 /* Build configuration list for PBXNativeTarget "CloudiversityTests" */ = {
			isa = XCConfigurationList;
			buildConfigurations = (
				E478BB7F18A0E8290068DEB1 /* Debug */,
				E478BB8018A0E8290068DEB1 /* Release */,
			);
			defaultConfigurationIsVisible = 0;
			defaultConfigurationName = Release;
		};
/* End XCConfigurationList section */
	};
	rootObject = E478BB4118A0E8290068DEB1 /* Project object */;
}
